
Microsoft Visual Studio Solution File, Format Version 12.00
# Visual Studio Version 16
VisualStudioVersion = 16.0.31205.134
MinimumVisualStudioVersion = 10.0.40219.1
Project("{FAE04EC0-301F-11D3-BF4B-00C04F79EFBC}") = "HelloWorld.Android", "HelloWorld\HelloWorld.Android\HelloWorld.Android.csproj", "{0A1FF3ED-2286-4ED0-8A73-684D62B4777F}"
EndProject
Project("{FAE04EC0-301F-11D3-BF4B-00C04F79EFBC}") = "HelloWorld.iOS", "HelloWorld\HelloWorld.iOS\HelloWorld.iOS.csproj", "{9005D477-9D69-4C0C-B3C8-05B670C615E8}"
EndProject
Project("{9A19103F-16F7-4668-BE54-9A1E7A4F7556}") = "HelloWorld", "HelloWorld\HelloWorld\HelloWorld.csproj", "{B27FA1AD-BDDC-46C3-84C5-4F18CD4B0217}"
EndProject
Project("{9A19103F-16F7-4668-BE54-9A1E7A4F7556}") = "XamlNavigation", "XamlNavigation\XamlNavigation\XamlNavigation.csproj", "{433556D4-7C8A-4A73-A2BE-45980F53C933}"
EndProject
Project("{FAE04EC0-301F-11D3-BF4B-00C04F79EFBC}") = "XamlNavigation.Android", "XamlNavigation\XamlNavigation.Android\XamlNavigation.Android.csproj", "{AAB0B1C6-54C5-4FC1-9192-93CF5077E0A1}"
EndProject
Project("{FAE04EC0-301F-11D3-BF4B-00C04F79EFBC}") = "XamlNavigation.iOS", "XamlNavigation\XamlNavigation.iOS\XamlNavigation.iOS.csproj", "{C099B30D-2408-49D1-9532-05D55AE3F04B}"
EndProject
Project("{FAE04EC0-301F-11D3-BF4B-00C04F79EFBC}") = "CSharpFundamentals", "CSharpFundamentals\CSharpFundamentals\CSharpFundamentals.csproj", "{DDB884A2-438A-47CA-9F10-A6007A1BDFD0}"
EndProject
Project("{FAE04EC0-301F-11D3-BF4B-00C04F79EFBC}") = "CSharpFundamentals.Android", "CSharpFundamentals\CSharpFundamentals.Android\CSharpFundamentals.Android.csproj", "{45F748EA-0BDB-42C8-9F56-287B98801822}"
EndProject
Project("{FAE04EC0-301F-11D3-BF4B-00C04F79EFBC}") = "CSharpFundamentals.iOS", "CSharpFundamentals\CSharpFundamentals.iOS\CSharpFundamentals.iOS.csproj", "{2FFDB152-9B48-4906-9422-CB0F8E6FB13E}"
EndProject
Project("{FAE04EC0-301F-11D3-BF4B-00C04F79EFBC}") = "CSharpApp", "CSharpApp\CSharpApp.csproj", "{7FEF0A8D-EB36-489B-BD39-004E53AD4526}"
EndProject
Project("{2150E333-8FDC-42A3-9474-1A3956D46DE8}") = "CSharpSection", "CSharpSection", "{6A902298-FA64-4AD2-BDEB-8ECFE42E9AC2}"
EndProject
Project("{FAE04EC0-301F-11D3-BF4B-00C04F79EFBC}") = "CSharpApp2", "CSharpApp2\CSharpApp2.csproj", "{B28AF77D-37AD-407D-BDF7-A732BD405548}"
EndProject
Project("{FAE04EC0-301F-11D3-BF4B-00C04F79EFBC}") = "CSharpApp3", "CSharpApp3\CSharpApp3.csproj", "{3C295AD1-23A3-42A1-8BE0-582EFDAE0185}"
EndProject
Project("{FAE04EC0-301F-11D3-BF4B-00C04F79EFBC}") = "FlexLayoutApp", "FlexLayoutApp\FlexLayoutApp\FlexLayoutApp.csproj", "{FD4EDEDD-ABA3-4316-B67B-0C604AEC3D24}"
EndProject
Project("{FAE04EC0-301F-11D3-BF4B-00C04F79EFBC}") = "FlexLayoutApp.Android", "FlexLayoutApp\FlexLayoutApp.Android\FlexLayoutApp.Android.csproj", "{74F6044E-DFCE-49F3-A802-A35D1A80BDF7}"
EndProject
Project("{FAE04EC0-301F-11D3-BF4B-00C04F79EFBC}") = "FlexLayoutApp.iOS", "FlexLayoutApp\FlexLayoutApp.iOS\FlexLayoutApp.iOS.csproj", "{CB0EEBEA-1789-4EA5-9B1C-75BF391F7AAA}"
EndProject
Project("{9A19103F-16F7-4668-BE54-9A1E7A4F7556}") = "FileImages", "FileImages\FileImages\FileImages.csproj", "{D6743203-2DC5-4C71-BC40-7F2994691D66}"
EndProject
Project("{FAE04EC0-301F-11D3-BF4B-00C04F79EFBC}") = "FileImages.Android", "FileImages\FileImages.Android\FileImages.Android.csproj", "{38D1600A-0E96-4F8E-9482-0349BA80CC5D}"
EndProject
Project("{FAE04EC0-301F-11D3-BF4B-00C04F79EFBC}") = "FileImages.iOS", "FileImages\FileImages.iOS\FileImages.iOS.csproj", "{413BC1FA-174E-4750-819A-EFE58DD15FDF}"
EndProject
Project("{2150E333-8FDC-42A3-9474-1A3956D46DE8}") = "DeliveriesApp", "DeliveriesApp", "{70E384DF-452F-4135-8D1D-572D91F0029A}"
EndProject
Project("{FAE04EC0-301F-11D3-BF4B-00C04F79EFBC}") = "DeliverApp.Droid", "DeliverApp.Droid\DeliverApp.Droid.csproj", "{70805DFE-26C5-4E8F-A1A2-6D9C87450A23}"
EndProject
Project("{2150E333-8FDC-42A3-9474-1A3956D46DE8}") = "TravelApp", "TravelApp", "{BBE4A1BF-5CDE-4658-A39E-892D4227A33D}"
EndProject
Project("{2150E333-8FDC-42A3-9474-1A3956D46DE8}") = "CSharpFundamental", "CSharpFundamental", "{E27D6435-B673-4AB8-94C2-1C4BA89ABAB4}"
EndProject
Project("{2150E333-8FDC-42A3-9474-1A3956D46DE8}") = "FIleSelector", "FIleSelector", "{F7DB0568-AA7C-42AD-AADB-E786510035E6}"
EndProject
Project("{2150E333-8FDC-42A3-9474-1A3956D46DE8}") = "MVVM-Flex", "MVVM-Flex", "{810BCEE7-3065-4F84-BA71-83BA451275F4}"
EndProject
Project("{2150E333-8FDC-42A3-9474-1A3956D46DE8}") = "HelloWorld", "HelloWorld", "{8F309E1B-72A9-407D-870B-2775FD361149}"
EndProject
Project("{2150E333-8FDC-42A3-9474-1A3956D46DE8}") = "Solution Items", "Solution Items", "{9D939DD3-511E-4926-856B-F716D8FB5967}"
	ProjectSection(SolutionItems) = preProject
		.editorconfig = .editorconfig
	EndProjectSection
EndProject
Project("{2150E333-8FDC-42A3-9474-1A3956D46DE8}") = "CSharp", "CSharp", "{6CCEFC5A-BD76-47B3-8E8F-FF67AFAE7605}"
EndProject
Project("{FAE04EC0-301F-11D3-BF4B-00C04F79EFBC}") = "DeliveryPersonApp.Droid", "DeliveryPersonApp.Droid\DeliveryPersonApp.Droid.csproj", "{FCFBF9E8-3BDD-4B35-92F8-1B1CE10BD0B5}"
EndProject
Global
	GlobalSection(SolutionConfigurationPlatforms) = preSolution
		Ad-Hoc|Any CPU = Ad-Hoc|Any CPU
		Ad-Hoc|iPhone = Ad-Hoc|iPhone
		Ad-Hoc|iPhoneSimulator = Ad-Hoc|iPhoneSimulator
		AppStore|Any CPU = AppStore|Any CPU
		AppStore|iPhone = AppStore|iPhone
		AppStore|iPhoneSimulator = AppStore|iPhoneSimulator
		Debug|Any CPU = Debug|Any CPU
		Debug|iPhone = Debug|iPhone
		Debug|iPhoneSimulator = Debug|iPhoneSimulator
		Release|Any CPU = Release|Any CPU
		Release|iPhone = Release|iPhone
		Release|iPhoneSimulator = Release|iPhoneSimulator
	EndGlobalSection
	GlobalSection(ProjectConfigurationPlatforms) = postSolution
		{0A1FF3ED-2286-4ED0-8A73-684D62B4777F}.Ad-Hoc|Any CPU.ActiveCfg = Release|Any CPU
		{0A1FF3ED-2286-4ED0-8A73-684D62B4777F}.Ad-Hoc|Any CPU.Build.0 = Release|Any CPU
		{0A1FF3ED-2286-4ED0-8A73-684D62B4777F}.Ad-Hoc|Any CPU.Deploy.0 = Release|Any CPU
		{0A1FF3ED-2286-4ED0-8A73-684D62B4777F}.Ad-Hoc|iPhone.ActiveCfg = Release|Any CPU
		{0A1FF3ED-2286-4ED0-8A73-684D62B4777F}.Ad-Hoc|iPhone.Build.0 = Release|Any CPU
		{0A1FF3ED-2286-4ED0-8A73-684D62B4777F}.Ad-Hoc|iPhone.Deploy.0 = Release|Any CPU
		{0A1FF3ED-2286-4ED0-8A73-684D62B4777F}.Ad-Hoc|iPhoneSimulator.ActiveCfg = Release|Any CPU
		{0A1FF3ED-2286-4ED0-8A73-684D62B4777F}.Ad-Hoc|iPhoneSimulator.Build.0 = Release|Any CPU
		{0A1FF3ED-2286-4ED0-8A73-684D62B4777F}.Ad-Hoc|iPhoneSimulator.Deploy.0 = Release|Any CPU
		{0A1FF3ED-2286-4ED0-8A73-684D62B4777F}.AppStore|Any CPU.ActiveCfg = Release|Any CPU
		{0A1FF3ED-2286-4ED0-8A73-684D62B4777F}.AppStore|Any CPU.Build.0 = Release|Any CPU
		{0A1FF3ED-2286-4ED0-8A73-684D62B4777F}.AppStore|Any CPU.Deploy.0 = Release|Any CPU
		{0A1FF3ED-2286-4ED0-8A73-684D62B4777F}.AppStore|iPhone.ActiveCfg = Release|Any CPU
		{0A1FF3ED-2286-4ED0-8A73-684D62B4777F}.AppStore|iPhone.Build.0 = Release|Any CPU
		{0A1FF3ED-2286-4ED0-8A73-684D62B4777F}.AppStore|iPhone.Deploy.0 = Release|Any CPU
		{0A1FF3ED-2286-4ED0-8A73-684D62B4777F}.AppStore|iPhoneSimulator.ActiveCfg = Release|Any CPU
		{0A1FF3ED-2286-4ED0-8A73-684D62B4777F}.AppStore|iPhoneSimulator.Build.0 = Release|Any CPU
		{0A1FF3ED-2286-4ED0-8A73-684D62B4777F}.AppStore|iPhoneSimulator.Deploy.0 = Release|Any CPU
		{0A1FF3ED-2286-4ED0-8A73-684D62B4777F}.Debug|Any CPU.ActiveCfg = Debug|Any CPU
		{0A1FF3ED-2286-4ED0-8A73-684D62B4777F}.Debug|Any CPU.Build.0 = Debug|Any CPU
		{0A1FF3ED-2286-4ED0-8A73-684D62B4777F}.Debug|Any CPU.Deploy.0 = Debug|Any CPU
		{0A1FF3ED-2286-4ED0-8A73-684D62B4777F}.Debug|iPhone.ActiveCfg = Debug|Any CPU
		{0A1FF3ED-2286-4ED0-8A73-684D62B4777F}.Debug|iPhone.Build.0 = Debug|Any CPU
		{0A1FF3ED-2286-4ED0-8A73-684D62B4777F}.Debug|iPhone.Deploy.0 = Debug|Any CPU
		{0A1FF3ED-2286-4ED0-8A73-684D62B4777F}.Debug|iPhoneSimulator.ActiveCfg = Debug|Any CPU
		{0A1FF3ED-2286-4ED0-8A73-684D62B4777F}.Debug|iPhoneSimulator.Build.0 = Debug|Any CPU
		{0A1FF3ED-2286-4ED0-8A73-684D62B4777F}.Debug|iPhoneSimulator.Deploy.0 = Debug|Any CPU
		{0A1FF3ED-2286-4ED0-8A73-684D62B4777F}.Release|Any CPU.ActiveCfg = Release|Any CPU
		{0A1FF3ED-2286-4ED0-8A73-684D62B4777F}.Release|Any CPU.Build.0 = Release|Any CPU
		{0A1FF3ED-2286-4ED0-8A73-684D62B4777F}.Release|Any CPU.Deploy.0 = Release|Any CPU
		{0A1FF3ED-2286-4ED0-8A73-684D62B4777F}.Release|iPhone.ActiveCfg = Release|Any CPU
		{0A1FF3ED-2286-4ED0-8A73-684D62B4777F}.Release|iPhone.Build.0 = Release|Any CPU
		{0A1FF3ED-2286-4ED0-8A73-684D62B4777F}.Release|iPhone.Deploy.0 = Release|Any CPU
		{0A1FF3ED-2286-4ED0-8A73-684D62B4777F}.Release|iPhoneSimulator.ActiveCfg = Release|Any CPU
		{0A1FF3ED-2286-4ED0-8A73-684D62B4777F}.Release|iPhoneSimulator.Build.0 = Release|Any CPU
		{0A1FF3ED-2286-4ED0-8A73-684D62B4777F}.Release|iPhoneSimulator.Deploy.0 = Release|Any CPU
		{9005D477-9D69-4C0C-B3C8-05B670C615E8}.Ad-Hoc|Any CPU.ActiveCfg = Release|iPhone
		{9005D477-9D69-4C0C-B3C8-05B670C615E8}.Ad-Hoc|Any CPU.Build.0 = Release|iPhone
		{9005D477-9D69-4C0C-B3C8-05B670C615E8}.Ad-Hoc|iPhone.ActiveCfg = Release|iPhone
		{9005D477-9D69-4C0C-B3C8-05B670C615E8}.Ad-Hoc|iPhone.Build.0 = Release|iPhone
		{9005D477-9D69-4C0C-B3C8-05B670C615E8}.Ad-Hoc|iPhoneSimulator.ActiveCfg = Release|iPhoneSimulator
		{9005D477-9D69-4C0C-B3C8-05B670C615E8}.Ad-Hoc|iPhoneSimulator.Build.0 = Release|iPhoneSimulator
		{9005D477-9D69-4C0C-B3C8-05B670C615E8}.AppStore|Any CPU.ActiveCfg = Release|iPhone
		{9005D477-9D69-4C0C-B3C8-05B670C615E8}.AppStore|Any CPU.Build.0 = Release|iPhone
		{9005D477-9D69-4C0C-B3C8-05B670C615E8}.AppStore|iPhone.ActiveCfg = Release|iPhone
		{9005D477-9D69-4C0C-B3C8-05B670C615E8}.AppStore|iPhone.Build.0 = Release|iPhone
		{9005D477-9D69-4C0C-B3C8-05B670C615E8}.AppStore|iPhoneSimulator.ActiveCfg = Release|iPhoneSimulator
		{9005D477-9D69-4C0C-B3C8-05B670C615E8}.AppStore|iPhoneSimulator.Build.0 = Release|iPhoneSimulator
		{9005D477-9D69-4C0C-B3C8-05B670C615E8}.Debug|Any CPU.ActiveCfg = Debug|iPhone
		{9005D477-9D69-4C0C-B3C8-05B670C615E8}.Debug|Any CPU.Build.0 = Debug|iPhone
		{9005D477-9D69-4C0C-B3C8-05B670C615E8}.Debug|Any CPU.Deploy.0 = Debug|iPhone
		{9005D477-9D69-4C0C-B3C8-05B670C615E8}.Debug|iPhone.ActiveCfg = Debug|iPhone
		{9005D477-9D69-4C0C-B3C8-05B670C615E8}.Debug|iPhone.Build.0 = Debug|iPhone
		{9005D477-9D69-4C0C-B3C8-05B670C615E8}.Debug|iPhone.Deploy.0 = Debug|iPhone
		{9005D477-9D69-4C0C-B3C8-05B670C615E8}.Debug|iPhoneSimulator.ActiveCfg = Debug|iPhoneSimulator
		{9005D477-9D69-4C0C-B3C8-05B670C615E8}.Debug|iPhoneSimulator.Build.0 = Debug|iPhoneSimulator
		{9005D477-9D69-4C0C-B3C8-05B670C615E8}.Debug|iPhoneSimulator.Deploy.0 = Debug|iPhoneSimulator
		{9005D477-9D69-4C0C-B3C8-05B670C615E8}.Release|Any CPU.ActiveCfg = Release|iPhoneSimulator
		{9005D477-9D69-4C0C-B3C8-05B670C615E8}.Release|Any CPU.Build.0 = Release|iPhoneSimulator
		{9005D477-9D69-4C0C-B3C8-05B670C615E8}.Release|Any CPU.Deploy.0 = Release|iPhoneSimulator
		{9005D477-9D69-4C0C-B3C8-05B670C615E8}.Release|iPhone.ActiveCfg = Release|iPhone
		{9005D477-9D69-4C0C-B3C8-05B670C615E8}.Release|iPhone.Build.0 = Release|iPhone
		{9005D477-9D69-4C0C-B3C8-05B670C615E8}.Release|iPhone.Deploy.0 = Release|iPhone
		{9005D477-9D69-4C0C-B3C8-05B670C615E8}.Release|iPhoneSimulator.ActiveCfg = Release|iPhoneSimulator
		{9005D477-9D69-4C0C-B3C8-05B670C615E8}.Release|iPhoneSimulator.Build.0 = Release|iPhoneSimulator
		{9005D477-9D69-4C0C-B3C8-05B670C615E8}.Release|iPhoneSimulator.Deploy.0 = Release|iPhoneSimulator
		{B27FA1AD-BDDC-46C3-84C5-4F18CD4B0217}.Ad-Hoc|Any CPU.ActiveCfg = Release|Any CPU
		{B27FA1AD-BDDC-46C3-84C5-4F18CD4B0217}.Ad-Hoc|Any CPU.Build.0 = Release|Any CPU
		{B27FA1AD-BDDC-46C3-84C5-4F18CD4B0217}.Ad-Hoc|iPhone.ActiveCfg = Release|Any CPU
		{B27FA1AD-BDDC-46C3-84C5-4F18CD4B0217}.Ad-Hoc|iPhone.Build.0 = Release|Any CPU
		{B27FA1AD-BDDC-46C3-84C5-4F18CD4B0217}.Ad-Hoc|iPhoneSimulator.ActiveCfg = Release|Any CPU
		{B27FA1AD-BDDC-46C3-84C5-4F18CD4B0217}.Ad-Hoc|iPhoneSimulator.Build.0 = Release|Any CPU
		{B27FA1AD-BDDC-46C3-84C5-4F18CD4B0217}.AppStore|Any CPU.ActiveCfg = Release|Any CPU
		{B27FA1AD-BDDC-46C3-84C5-4F18CD4B0217}.AppStore|Any CPU.Build.0 = Release|Any CPU
		{B27FA1AD-BDDC-46C3-84C5-4F18CD4B0217}.AppStore|iPhone.ActiveCfg = Release|Any CPU
		{B27FA1AD-BDDC-46C3-84C5-4F18CD4B0217}.AppStore|iPhone.Build.0 = Release|Any CPU
		{B27FA1AD-BDDC-46C3-84C5-4F18CD4B0217}.AppStore|iPhoneSimulator.ActiveCfg = Release|Any CPU
		{B27FA1AD-BDDC-46C3-84C5-4F18CD4B0217}.AppStore|iPhoneSimulator.Build.0 = Release|Any CPU
		{B27FA1AD-BDDC-46C3-84C5-4F18CD4B0217}.Debug|Any CPU.ActiveCfg = Debug|Any CPU
		{B27FA1AD-BDDC-46C3-84C5-4F18CD4B0217}.Debug|Any CPU.Build.0 = Debug|Any CPU
		{B27FA1AD-BDDC-46C3-84C5-4F18CD4B0217}.Debug|Any CPU.Deploy.0 = Debug|Any CPU
		{B27FA1AD-BDDC-46C3-84C5-4F18CD4B0217}.Debug|iPhone.ActiveCfg = Debug|Any CPU
		{B27FA1AD-BDDC-46C3-84C5-4F18CD4B0217}.Debug|iPhone.Build.0 = Debug|Any CPU
		{B27FA1AD-BDDC-46C3-84C5-4F18CD4B0217}.Debug|iPhone.Deploy.0 = Debug|Any CPU
		{B27FA1AD-BDDC-46C3-84C5-4F18CD4B0217}.Debug|iPhoneSimulator.ActiveCfg = Debug|Any CPU
		{B27FA1AD-BDDC-46C3-84C5-4F18CD4B0217}.Debug|iPhoneSimulator.Build.0 = Debug|Any CPU
		{B27FA1AD-BDDC-46C3-84C5-4F18CD4B0217}.Debug|iPhoneSimulator.Deploy.0 = Debug|Any CPU
		{B27FA1AD-BDDC-46C3-84C5-4F18CD4B0217}.Release|Any CPU.ActiveCfg = Release|Any CPU
		{B27FA1AD-BDDC-46C3-84C5-4F18CD4B0217}.Release|Any CPU.Build.0 = Release|Any CPU
		{B27FA1AD-BDDC-46C3-84C5-4F18CD4B0217}.Release|Any CPU.Deploy.0 = Release|Any CPU
		{B27FA1AD-BDDC-46C3-84C5-4F18CD4B0217}.Release|iPhone.ActiveCfg = Release|Any CPU
		{B27FA1AD-BDDC-46C3-84C5-4F18CD4B0217}.Release|iPhone.Build.0 = Release|Any CPU
		{B27FA1AD-BDDC-46C3-84C5-4F18CD4B0217}.Release|iPhone.Deploy.0 = Release|Any CPU
		{B27FA1AD-BDDC-46C3-84C5-4F18CD4B0217}.Release|iPhoneSimulator.ActiveCfg = Release|Any CPU
		{B27FA1AD-BDDC-46C3-84C5-4F18CD4B0217}.Release|iPhoneSimulator.Build.0 = Release|Any CPU
		{B27FA1AD-BDDC-46C3-84C5-4F18CD4B0217}.Release|iPhoneSimulator.Deploy.0 = Release|Any CPU
		{433556D4-7C8A-4A73-A2BE-45980F53C933}.Ad-Hoc|Any CPU.ActiveCfg = Debug|Any CPU
		{433556D4-7C8A-4A73-A2BE-45980F53C933}.Ad-Hoc|Any CPU.Build.0 = Debug|Any CPU
		{433556D4-7C8A-4A73-A2BE-45980F53C933}.Ad-Hoc|iPhone.ActiveCfg = Debug|Any CPU
		{433556D4-7C8A-4A73-A2BE-45980F53C933}.Ad-Hoc|iPhone.Build.0 = Debug|Any CPU
		{433556D4-7C8A-4A73-A2BE-45980F53C933}.Ad-Hoc|iPhoneSimulator.ActiveCfg = Debug|Any CPU
		{433556D4-7C8A-4A73-A2BE-45980F53C933}.Ad-Hoc|iPhoneSimulator.Build.0 = Debug|Any CPU
		{433556D4-7C8A-4A73-A2BE-45980F53C933}.AppStore|Any CPU.ActiveCfg = Debug|Any CPU
		{433556D4-7C8A-4A73-A2BE-45980F53C933}.AppStore|Any CPU.Build.0 = Debug|Any CPU
		{433556D4-7C8A-4A73-A2BE-45980F53C933}.AppStore|iPhone.ActiveCfg = Debug|Any CPU
		{433556D4-7C8A-4A73-A2BE-45980F53C933}.AppStore|iPhone.Build.0 = Debug|Any CPU
		{433556D4-7C8A-4A73-A2BE-45980F53C933}.AppStore|iPhoneSimulator.ActiveCfg = Debug|Any CPU
		{433556D4-7C8A-4A73-A2BE-45980F53C933}.AppStore|iPhoneSimulator.Build.0 = Debug|Any CPU
		{433556D4-7C8A-4A73-A2BE-45980F53C933}.Debug|Any CPU.ActiveCfg = Debug|Any CPU
		{433556D4-7C8A-4A73-A2BE-45980F53C933}.Debug|Any CPU.Build.0 = Debug|Any CPU
		{433556D4-7C8A-4A73-A2BE-45980F53C933}.Debug|iPhone.ActiveCfg = Debug|Any CPU
		{433556D4-7C8A-4A73-A2BE-45980F53C933}.Debug|iPhone.Build.0 = Debug|Any CPU
		{433556D4-7C8A-4A73-A2BE-45980F53C933}.Debug|iPhoneSimulator.ActiveCfg = Debug|Any CPU
		{433556D4-7C8A-4A73-A2BE-45980F53C933}.Debug|iPhoneSimulator.Build.0 = Debug|Any CPU
		{433556D4-7C8A-4A73-A2BE-45980F53C933}.Release|Any CPU.ActiveCfg = Release|Any CPU
		{433556D4-7C8A-4A73-A2BE-45980F53C933}.Release|Any CPU.Build.0 = Release|Any CPU
		{433556D4-7C8A-4A73-A2BE-45980F53C933}.Release|iPhone.ActiveCfg = Release|Any CPU
		{433556D4-7C8A-4A73-A2BE-45980F53C933}.Release|iPhone.Build.0 = Release|Any CPU
		{433556D4-7C8A-4A73-A2BE-45980F53C933}.Release|iPhoneSimulator.ActiveCfg = Release|Any CPU
		{433556D4-7C8A-4A73-A2BE-45980F53C933}.Release|iPhoneSimulator.Build.0 = Release|Any CPU
		{AAB0B1C6-54C5-4FC1-9192-93CF5077E0A1}.Ad-Hoc|Any CPU.ActiveCfg = Debug|Any CPU
		{AAB0B1C6-54C5-4FC1-9192-93CF5077E0A1}.Ad-Hoc|Any CPU.Build.0 = Debug|Any CPU
		{AAB0B1C6-54C5-4FC1-9192-93CF5077E0A1}.Ad-Hoc|Any CPU.Deploy.0 = Debug|Any CPU
		{AAB0B1C6-54C5-4FC1-9192-93CF5077E0A1}.Ad-Hoc|iPhone.ActiveCfg = Debug|Any CPU
		{AAB0B1C6-54C5-4FC1-9192-93CF5077E0A1}.Ad-Hoc|iPhone.Build.0 = Debug|Any CPU
		{AAB0B1C6-54C5-4FC1-9192-93CF5077E0A1}.Ad-Hoc|iPhone.Deploy.0 = Debug|Any CPU
		{AAB0B1C6-54C5-4FC1-9192-93CF5077E0A1}.Ad-Hoc|iPhoneSimulator.ActiveCfg = Debug|Any CPU
		{AAB0B1C6-54C5-4FC1-9192-93CF5077E0A1}.Ad-Hoc|iPhoneSimulator.Build.0 = Debug|Any CPU
		{AAB0B1C6-54C5-4FC1-9192-93CF5077E0A1}.Ad-Hoc|iPhoneSimulator.Deploy.0 = Debug|Any CPU
		{AAB0B1C6-54C5-4FC1-9192-93CF5077E0A1}.AppStore|Any CPU.ActiveCfg = Debug|Any CPU
		{AAB0B1C6-54C5-4FC1-9192-93CF5077E0A1}.AppStore|Any CPU.Build.0 = Debug|Any CPU
		{AAB0B1C6-54C5-4FC1-9192-93CF5077E0A1}.AppStore|Any CPU.Deploy.0 = Debug|Any CPU
		{AAB0B1C6-54C5-4FC1-9192-93CF5077E0A1}.AppStore|iPhone.ActiveCfg = Debug|Any CPU
		{AAB0B1C6-54C5-4FC1-9192-93CF5077E0A1}.AppStore|iPhone.Build.0 = Debug|Any CPU
		{AAB0B1C6-54C5-4FC1-9192-93CF5077E0A1}.AppStore|iPhone.Deploy.0 = Debug|Any CPU
		{AAB0B1C6-54C5-4FC1-9192-93CF5077E0A1}.AppStore|iPhoneSimulator.ActiveCfg = Debug|Any CPU
		{AAB0B1C6-54C5-4FC1-9192-93CF5077E0A1}.AppStore|iPhoneSimulator.Build.0 = Debug|Any CPU
		{AAB0B1C6-54C5-4FC1-9192-93CF5077E0A1}.AppStore|iPhoneSimulator.Deploy.0 = Debug|Any CPU
		{AAB0B1C6-54C5-4FC1-9192-93CF5077E0A1}.Debug|Any CPU.ActiveCfg = Debug|Any CPU
		{AAB0B1C6-54C5-4FC1-9192-93CF5077E0A1}.Debug|Any CPU.Build.0 = Debug|Any CPU
		{AAB0B1C6-54C5-4FC1-9192-93CF5077E0A1}.Debug|Any CPU.Deploy.0 = Debug|Any CPU
		{AAB0B1C6-54C5-4FC1-9192-93CF5077E0A1}.Debug|iPhone.ActiveCfg = Debug|Any CPU
		{AAB0B1C6-54C5-4FC1-9192-93CF5077E0A1}.Debug|iPhone.Build.0 = Debug|Any CPU
		{AAB0B1C6-54C5-4FC1-9192-93CF5077E0A1}.Debug|iPhone.Deploy.0 = Debug|Any CPU
		{AAB0B1C6-54C5-4FC1-9192-93CF5077E0A1}.Debug|iPhoneSimulator.ActiveCfg = Debug|Any CPU
		{AAB0B1C6-54C5-4FC1-9192-93CF5077E0A1}.Debug|iPhoneSimulator.Build.0 = Debug|Any CPU
		{AAB0B1C6-54C5-4FC1-9192-93CF5077E0A1}.Debug|iPhoneSimulator.Deploy.0 = Debug|Any CPU
		{AAB0B1C6-54C5-4FC1-9192-93CF5077E0A1}.Release|Any CPU.ActiveCfg = Release|Any CPU
		{AAB0B1C6-54C5-4FC1-9192-93CF5077E0A1}.Release|Any CPU.Build.0 = Release|Any CPU
		{AAB0B1C6-54C5-4FC1-9192-93CF5077E0A1}.Release|Any CPU.Deploy.0 = Release|Any CPU
		{AAB0B1C6-54C5-4FC1-9192-93CF5077E0A1}.Release|iPhone.ActiveCfg = Release|Any CPU
		{AAB0B1C6-54C5-4FC1-9192-93CF5077E0A1}.Release|iPhone.Build.0 = Release|Any CPU
		{AAB0B1C6-54C5-4FC1-9192-93CF5077E0A1}.Release|iPhone.Deploy.0 = Release|Any CPU
		{AAB0B1C6-54C5-4FC1-9192-93CF5077E0A1}.Release|iPhoneSimulator.ActiveCfg = Release|Any CPU
		{AAB0B1C6-54C5-4FC1-9192-93CF5077E0A1}.Release|iPhoneSimulator.Build.0 = Release|Any CPU
		{AAB0B1C6-54C5-4FC1-9192-93CF5077E0A1}.Release|iPhoneSimulator.Deploy.0 = Release|Any CPU
		{C099B30D-2408-49D1-9532-05D55AE3F04B}.Ad-Hoc|Any CPU.ActiveCfg = Ad-Hoc|iPhoneSimulator
		{C099B30D-2408-49D1-9532-05D55AE3F04B}.Ad-Hoc|iPhone.ActiveCfg = Ad-Hoc|iPhone
		{C099B30D-2408-49D1-9532-05D55AE3F04B}.Ad-Hoc|iPhone.Build.0 = Ad-Hoc|iPhone
		{C099B30D-2408-49D1-9532-05D55AE3F04B}.Ad-Hoc|iPhoneSimulator.ActiveCfg = Ad-Hoc|iPhoneSimulator
		{C099B30D-2408-49D1-9532-05D55AE3F04B}.Ad-Hoc|iPhoneSimulator.Build.0 = Ad-Hoc|iPhoneSimulator
		{C099B30D-2408-49D1-9532-05D55AE3F04B}.AppStore|Any CPU.ActiveCfg = AppStore|iPhoneSimulator
		{C099B30D-2408-49D1-9532-05D55AE3F04B}.AppStore|iPhone.ActiveCfg = AppStore|iPhone
		{C099B30D-2408-49D1-9532-05D55AE3F04B}.AppStore|iPhone.Build.0 = AppStore|iPhone
		{C099B30D-2408-49D1-9532-05D55AE3F04B}.AppStore|iPhoneSimulator.ActiveCfg = AppStore|iPhoneSimulator
		{C099B30D-2408-49D1-9532-05D55AE3F04B}.AppStore|iPhoneSimulator.Build.0 = AppStore|iPhoneSimulator
		{C099B30D-2408-49D1-9532-05D55AE3F04B}.Debug|Any CPU.ActiveCfg = Debug|iPhoneSimulator
		{C099B30D-2408-49D1-9532-05D55AE3F04B}.Debug|iPhone.ActiveCfg = Debug|iPhone
		{C099B30D-2408-49D1-9532-05D55AE3F04B}.Debug|iPhone.Build.0 = Debug|iPhone
		{C099B30D-2408-49D1-9532-05D55AE3F04B}.Debug|iPhoneSimulator.ActiveCfg = Debug|iPhoneSimulator
		{C099B30D-2408-49D1-9532-05D55AE3F04B}.Debug|iPhoneSimulator.Build.0 = Debug|iPhoneSimulator
		{C099B30D-2408-49D1-9532-05D55AE3F04B}.Release|Any CPU.ActiveCfg = Release|iPhoneSimulator
		{C099B30D-2408-49D1-9532-05D55AE3F04B}.Release|iPhone.ActiveCfg = Release|iPhone
		{C099B30D-2408-49D1-9532-05D55AE3F04B}.Release|iPhone.Build.0 = Release|iPhone
		{C099B30D-2408-49D1-9532-05D55AE3F04B}.Release|iPhoneSimulator.ActiveCfg = Release|iPhoneSimulator
		{C099B30D-2408-49D1-9532-05D55AE3F04B}.Release|iPhoneSimulator.Build.0 = Release|iPhoneSimulator
		{DDB884A2-438A-47CA-9F10-A6007A1BDFD0}.Ad-Hoc|Any CPU.ActiveCfg = Debug|Any CPU
		{DDB884A2-438A-47CA-9F10-A6007A1BDFD0}.Ad-Hoc|Any CPU.Build.0 = Debug|Any CPU
		{DDB884A2-438A-47CA-9F10-A6007A1BDFD0}.Ad-Hoc|iPhone.ActiveCfg = Debug|Any CPU
		{DDB884A2-438A-47CA-9F10-A6007A1BDFD0}.Ad-Hoc|iPhone.Build.0 = Debug|Any CPU
		{DDB884A2-438A-47CA-9F10-A6007A1BDFD0}.Ad-Hoc|iPhoneSimulator.ActiveCfg = Debug|Any CPU
		{DDB884A2-438A-47CA-9F10-A6007A1BDFD0}.Ad-Hoc|iPhoneSimulator.Build.0 = Debug|Any CPU
		{DDB884A2-438A-47CA-9F10-A6007A1BDFD0}.AppStore|Any CPU.ActiveCfg = Debug|Any CPU
		{DDB884A2-438A-47CA-9F10-A6007A1BDFD0}.AppStore|Any CPU.Build.0 = Debug|Any CPU
		{DDB884A2-438A-47CA-9F10-A6007A1BDFD0}.AppStore|iPhone.ActiveCfg = Debug|Any CPU
		{DDB884A2-438A-47CA-9F10-A6007A1BDFD0}.AppStore|iPhone.Build.0 = Debug|Any CPU
		{DDB884A2-438A-47CA-9F10-A6007A1BDFD0}.AppStore|iPhoneSimulator.ActiveCfg = Debug|Any CPU
		{DDB884A2-438A-47CA-9F10-A6007A1BDFD0}.AppStore|iPhoneSimulator.Build.0 = Debug|Any CPU
		{DDB884A2-438A-47CA-9F10-A6007A1BDFD0}.Debug|Any CPU.ActiveCfg = Debug|Any CPU
		{DDB884A2-438A-47CA-9F10-A6007A1BDFD0}.Debug|Any CPU.Build.0 = Debug|Any CPU
		{DDB884A2-438A-47CA-9F10-A6007A1BDFD0}.Debug|iPhone.ActiveCfg = Debug|Any CPU
		{DDB884A2-438A-47CA-9F10-A6007A1BDFD0}.Debug|iPhone.Build.0 = Debug|Any CPU
		{DDB884A2-438A-47CA-9F10-A6007A1BDFD0}.Debug|iPhoneSimulator.ActiveCfg = Debug|Any CPU
		{DDB884A2-438A-47CA-9F10-A6007A1BDFD0}.Debug|iPhoneSimulator.Build.0 = Debug|Any CPU
		{DDB884A2-438A-47CA-9F10-A6007A1BDFD0}.Release|Any CPU.ActiveCfg = Release|Any CPU
		{DDB884A2-438A-47CA-9F10-A6007A1BDFD0}.Release|Any CPU.Build.0 = Release|Any CPU
		{DDB884A2-438A-47CA-9F10-A6007A1BDFD0}.Release|iPhone.ActiveCfg = Release|Any CPU
		{DDB884A2-438A-47CA-9F10-A6007A1BDFD0}.Release|iPhone.Build.0 = Release|Any CPU
		{DDB884A2-438A-47CA-9F10-A6007A1BDFD0}.Release|iPhoneSimulator.ActiveCfg = Release|Any CPU
		{DDB884A2-438A-47CA-9F10-A6007A1BDFD0}.Release|iPhoneSimulator.Build.0 = Release|Any CPU
		{45F748EA-0BDB-42C8-9F56-287B98801822}.Ad-Hoc|Any CPU.ActiveCfg = Debug|Any CPU
		{45F748EA-0BDB-42C8-9F56-287B98801822}.Ad-Hoc|Any CPU.Build.0 = Debug|Any CPU
		{45F748EA-0BDB-42C8-9F56-287B98801822}.Ad-Hoc|Any CPU.Deploy.0 = Debug|Any CPU
		{45F748EA-0BDB-42C8-9F56-287B98801822}.Ad-Hoc|iPhone.ActiveCfg = Debug|Any CPU
		{45F748EA-0BDB-42C8-9F56-287B98801822}.Ad-Hoc|iPhone.Build.0 = Debug|Any CPU
		{45F748EA-0BDB-42C8-9F56-287B98801822}.Ad-Hoc|iPhone.Deploy.0 = Debug|Any CPU
		{45F748EA-0BDB-42C8-9F56-287B98801822}.Ad-Hoc|iPhoneSimulator.ActiveCfg = Debug|Any CPU
		{45F748EA-0BDB-42C8-9F56-287B98801822}.Ad-Hoc|iPhoneSimulator.Build.0 = Debug|Any CPU
		{45F748EA-0BDB-42C8-9F56-287B98801822}.Ad-Hoc|iPhoneSimulator.Deploy.0 = Debug|Any CPU
		{45F748EA-0BDB-42C8-9F56-287B98801822}.AppStore|Any CPU.ActiveCfg = Debug|Any CPU
		{45F748EA-0BDB-42C8-9F56-287B98801822}.AppStore|Any CPU.Build.0 = Debug|Any CPU
		{45F748EA-0BDB-42C8-9F56-287B98801822}.AppStore|Any CPU.Deploy.0 = Debug|Any CPU
		{45F748EA-0BDB-42C8-9F56-287B98801822}.AppStore|iPhone.ActiveCfg = Debug|Any CPU
		{45F748EA-0BDB-42C8-9F56-287B98801822}.AppStore|iPhone.Build.0 = Debug|Any CPU
		{45F748EA-0BDB-42C8-9F56-287B98801822}.AppStore|iPhone.Deploy.0 = Debug|Any CPU
		{45F748EA-0BDB-42C8-9F56-287B98801822}.AppStore|iPhoneSimulator.ActiveCfg = Debug|Any CPU
		{45F748EA-0BDB-42C8-9F56-287B98801822}.AppStore|iPhoneSimulator.Build.0 = Debug|Any CPU
		{45F748EA-0BDB-42C8-9F56-287B98801822}.AppStore|iPhoneSimulator.Deploy.0 = Debug|Any CPU
		{45F748EA-0BDB-42C8-9F56-287B98801822}.Debug|Any CPU.ActiveCfg = Debug|Any CPU
		{45F748EA-0BDB-42C8-9F56-287B98801822}.Debug|Any CPU.Build.0 = Debug|Any CPU
		{45F748EA-0BDB-42C8-9F56-287B98801822}.Debug|Any CPU.Deploy.0 = Debug|Any CPU
		{45F748EA-0BDB-42C8-9F56-287B98801822}.Debug|iPhone.ActiveCfg = Debug|Any CPU
		{45F748EA-0BDB-42C8-9F56-287B98801822}.Debug|iPhone.Build.0 = Debug|Any CPU
		{45F748EA-0BDB-42C8-9F56-287B98801822}.Debug|iPhone.Deploy.0 = Debug|Any CPU
		{45F748EA-0BDB-42C8-9F56-287B98801822}.Debug|iPhoneSimulator.ActiveCfg = Debug|Any CPU
		{45F748EA-0BDB-42C8-9F56-287B98801822}.Debug|iPhoneSimulator.Build.0 = Debug|Any CPU
		{45F748EA-0BDB-42C8-9F56-287B98801822}.Debug|iPhoneSimulator.Deploy.0 = Debug|Any CPU
		{45F748EA-0BDB-42C8-9F56-287B98801822}.Release|Any CPU.ActiveCfg = Release|Any CPU
		{45F748EA-0BDB-42C8-9F56-287B98801822}.Release|Any CPU.Build.0 = Release|Any CPU
		{45F748EA-0BDB-42C8-9F56-287B98801822}.Release|Any CPU.Deploy.0 = Release|Any CPU
		{45F748EA-0BDB-42C8-9F56-287B98801822}.Release|iPhone.ActiveCfg = Release|Any CPU
		{45F748EA-0BDB-42C8-9F56-287B98801822}.Release|iPhone.Build.0 = Release|Any CPU
		{45F748EA-0BDB-42C8-9F56-287B98801822}.Release|iPhone.Deploy.0 = Release|Any CPU
		{45F748EA-0BDB-42C8-9F56-287B98801822}.Release|iPhoneSimulator.ActiveCfg = Release|Any CPU
		{45F748EA-0BDB-42C8-9F56-287B98801822}.Release|iPhoneSimulator.Build.0 = Release|Any CPU
		{45F748EA-0BDB-42C8-9F56-287B98801822}.Release|iPhoneSimulator.Deploy.0 = Release|Any CPU
		{2FFDB152-9B48-4906-9422-CB0F8E6FB13E}.Ad-Hoc|Any CPU.ActiveCfg = Ad-Hoc|iPhoneSimulator
		{2FFDB152-9B48-4906-9422-CB0F8E6FB13E}.Ad-Hoc|iPhone.ActiveCfg = Ad-Hoc|iPhone
		{2FFDB152-9B48-4906-9422-CB0F8E6FB13E}.Ad-Hoc|iPhone.Build.0 = Ad-Hoc|iPhone
		{2FFDB152-9B48-4906-9422-CB0F8E6FB13E}.Ad-Hoc|iPhoneSimulator.ActiveCfg = Ad-Hoc|iPhoneSimulator
		{2FFDB152-9B48-4906-9422-CB0F8E6FB13E}.Ad-Hoc|iPhoneSimulator.Build.0 = Ad-Hoc|iPhoneSimulator
		{2FFDB152-9B48-4906-9422-CB0F8E6FB13E}.AppStore|Any CPU.ActiveCfg = AppStore|iPhoneSimulator
		{2FFDB152-9B48-4906-9422-CB0F8E6FB13E}.AppStore|iPhone.ActiveCfg = AppStore|iPhone
		{2FFDB152-9B48-4906-9422-CB0F8E6FB13E}.AppStore|iPhone.Build.0 = AppStore|iPhone
		{2FFDB152-9B48-4906-9422-CB0F8E6FB13E}.AppStore|iPhoneSimulator.ActiveCfg = AppStore|iPhoneSimulator
		{2FFDB152-9B48-4906-9422-CB0F8E6FB13E}.AppStore|iPhoneSimulator.Build.0 = AppStore|iPhoneSimulator
		{2FFDB152-9B48-4906-9422-CB0F8E6FB13E}.Debug|Any CPU.ActiveCfg = Debug|iPhoneSimulator
		{2FFDB152-9B48-4906-9422-CB0F8E6FB13E}.Debug|iPhone.ActiveCfg = Debug|iPhone
		{2FFDB152-9B48-4906-9422-CB0F8E6FB13E}.Debug|iPhone.Build.0 = Debug|iPhone
		{2FFDB152-9B48-4906-9422-CB0F8E6FB13E}.Debug|iPhoneSimulator.ActiveCfg = Debug|iPhoneSimulator
		{2FFDB152-9B48-4906-9422-CB0F8E6FB13E}.Debug|iPhoneSimulator.Build.0 = Debug|iPhoneSimulator
		{2FFDB152-9B48-4906-9422-CB0F8E6FB13E}.Release|Any CPU.ActiveCfg = Release|iPhoneSimulator
		{2FFDB152-9B48-4906-9422-CB0F8E6FB13E}.Release|iPhone.ActiveCfg = Release|iPhone
		{2FFDB152-9B48-4906-9422-CB0F8E6FB13E}.Release|iPhone.Build.0 = Release|iPhone
		{2FFDB152-9B48-4906-9422-CB0F8E6FB13E}.Release|iPhoneSimulator.ActiveCfg = Release|iPhoneSimulator
		{2FFDB152-9B48-4906-9422-CB0F8E6FB13E}.Release|iPhoneSimulator.Build.0 = Release|iPhoneSimulator
		{7FEF0A8D-EB36-489B-BD39-004E53AD4526}.Ad-Hoc|Any CPU.ActiveCfg = Debug|Any CPU
		{7FEF0A8D-EB36-489B-BD39-004E53AD4526}.Ad-Hoc|Any CPU.Build.0 = Debug|Any CPU
		{7FEF0A8D-EB36-489B-BD39-004E53AD4526}.Ad-Hoc|iPhone.ActiveCfg = Debug|Any CPU
		{7FEF0A8D-EB36-489B-BD39-004E53AD4526}.Ad-Hoc|iPhone.Build.0 = Debug|Any CPU
		{7FEF0A8D-EB36-489B-BD39-004E53AD4526}.Ad-Hoc|iPhoneSimulator.ActiveCfg = Debug|Any CPU
		{7FEF0A8D-EB36-489B-BD39-004E53AD4526}.Ad-Hoc|iPhoneSimulator.Build.0 = Debug|Any CPU
		{7FEF0A8D-EB36-489B-BD39-004E53AD4526}.AppStore|Any CPU.ActiveCfg = Debug|Any CPU
		{7FEF0A8D-EB36-489B-BD39-004E53AD4526}.AppStore|Any CPU.Build.0 = Debug|Any CPU
		{7FEF0A8D-EB36-489B-BD39-004E53AD4526}.AppStore|iPhone.ActiveCfg = Debug|Any CPU
		{7FEF0A8D-EB36-489B-BD39-004E53AD4526}.AppStore|iPhone.Build.0 = Debug|Any CPU
		{7FEF0A8D-EB36-489B-BD39-004E53AD4526}.AppStore|iPhoneSimulator.ActiveCfg = Debug|Any CPU
		{7FEF0A8D-EB36-489B-BD39-004E53AD4526}.AppStore|iPhoneSimulator.Build.0 = Debug|Any CPU
		{7FEF0A8D-EB36-489B-BD39-004E53AD4526}.Debug|Any CPU.ActiveCfg = Debug|Any CPU
		{7FEF0A8D-EB36-489B-BD39-004E53AD4526}.Debug|Any CPU.Build.0 = Debug|Any CPU
		{7FEF0A8D-EB36-489B-BD39-004E53AD4526}.Debug|iPhone.ActiveCfg = Debug|Any CPU
		{7FEF0A8D-EB36-489B-BD39-004E53AD4526}.Debug|iPhone.Build.0 = Debug|Any CPU
		{7FEF0A8D-EB36-489B-BD39-004E53AD4526}.Debug|iPhoneSimulator.ActiveCfg = Debug|Any CPU
		{7FEF0A8D-EB36-489B-BD39-004E53AD4526}.Debug|iPhoneSimulator.Build.0 = Debug|Any CPU
		{7FEF0A8D-EB36-489B-BD39-004E53AD4526}.Release|Any CPU.ActiveCfg = Release|Any CPU
		{7FEF0A8D-EB36-489B-BD39-004E53AD4526}.Release|Any CPU.Build.0 = Release|Any CPU
		{7FEF0A8D-EB36-489B-BD39-004E53AD4526}.Release|iPhone.ActiveCfg = Release|Any CPU
		{7FEF0A8D-EB36-489B-BD39-004E53AD4526}.Release|iPhone.Build.0 = Release|Any CPU
		{7FEF0A8D-EB36-489B-BD39-004E53AD4526}.Release|iPhoneSimulator.ActiveCfg = Release|Any CPU
		{7FEF0A8D-EB36-489B-BD39-004E53AD4526}.Release|iPhoneSimulator.Build.0 = Release|Any CPU
		{B28AF77D-37AD-407D-BDF7-A732BD405548}.Ad-Hoc|Any CPU.ActiveCfg = Debug|Any CPU
		{B28AF77D-37AD-407D-BDF7-A732BD405548}.Ad-Hoc|Any CPU.Build.0 = Debug|Any CPU
		{B28AF77D-37AD-407D-BDF7-A732BD405548}.Ad-Hoc|iPhone.ActiveCfg = Debug|Any CPU
		{B28AF77D-37AD-407D-BDF7-A732BD405548}.Ad-Hoc|iPhone.Build.0 = Debug|Any CPU
		{B28AF77D-37AD-407D-BDF7-A732BD405548}.Ad-Hoc|iPhoneSimulator.ActiveCfg = Debug|Any CPU
		{B28AF77D-37AD-407D-BDF7-A732BD405548}.Ad-Hoc|iPhoneSimulator.Build.0 = Debug|Any CPU
		{B28AF77D-37AD-407D-BDF7-A732BD405548}.AppStore|Any CPU.ActiveCfg = Debug|Any CPU
		{B28AF77D-37AD-407D-BDF7-A732BD405548}.AppStore|Any CPU.Build.0 = Debug|Any CPU
		{B28AF77D-37AD-407D-BDF7-A732BD405548}.AppStore|iPhone.ActiveCfg = Debug|Any CPU
		{B28AF77D-37AD-407D-BDF7-A732BD405548}.AppStore|iPhone.Build.0 = Debug|Any CPU
		{B28AF77D-37AD-407D-BDF7-A732BD405548}.AppStore|iPhoneSimulator.ActiveCfg = Debug|Any CPU
		{B28AF77D-37AD-407D-BDF7-A732BD405548}.AppStore|iPhoneSimulator.Build.0 = Debug|Any CPU
		{B28AF77D-37AD-407D-BDF7-A732BD405548}.Debug|Any CPU.ActiveCfg = Debug|Any CPU
		{B28AF77D-37AD-407D-BDF7-A732BD405548}.Debug|Any CPU.Build.0 = Debug|Any CPU
		{B28AF77D-37AD-407D-BDF7-A732BD405548}.Debug|iPhone.ActiveCfg = Debug|Any CPU
		{B28AF77D-37AD-407D-BDF7-A732BD405548}.Debug|iPhone.Build.0 = Debug|Any CPU
		{B28AF77D-37AD-407D-BDF7-A732BD405548}.Debug|iPhoneSimulator.ActiveCfg = Debug|Any CPU
		{B28AF77D-37AD-407D-BDF7-A732BD405548}.Debug|iPhoneSimulator.Build.0 = Debug|Any CPU
		{B28AF77D-37AD-407D-BDF7-A732BD405548}.Release|Any CPU.ActiveCfg = Release|Any CPU
		{B28AF77D-37AD-407D-BDF7-A732BD405548}.Release|Any CPU.Build.0 = Release|Any CPU
		{B28AF77D-37AD-407D-BDF7-A732BD405548}.Release|iPhone.ActiveCfg = Release|Any CPU
		{B28AF77D-37AD-407D-BDF7-A732BD405548}.Release|iPhone.Build.0 = Release|Any CPU
		{B28AF77D-37AD-407D-BDF7-A732BD405548}.Release|iPhoneSimulator.ActiveCfg = Release|Any CPU
		{B28AF77D-37AD-407D-BDF7-A732BD405548}.Release|iPhoneSimulator.Build.0 = Release|Any CPU
		{3C295AD1-23A3-42A1-8BE0-582EFDAE0185}.Ad-Hoc|Any CPU.ActiveCfg = Debug|Any CPU
		{3C295AD1-23A3-42A1-8BE0-582EFDAE0185}.Ad-Hoc|Any CPU.Build.0 = Debug|Any CPU
		{3C295AD1-23A3-42A1-8BE0-582EFDAE0185}.Ad-Hoc|iPhone.ActiveCfg = Debug|Any CPU
		{3C295AD1-23A3-42A1-8BE0-582EFDAE0185}.Ad-Hoc|iPhone.Build.0 = Debug|Any CPU
		{3C295AD1-23A3-42A1-8BE0-582EFDAE0185}.Ad-Hoc|iPhoneSimulator.ActiveCfg = Debug|Any CPU
		{3C295AD1-23A3-42A1-8BE0-582EFDAE0185}.Ad-Hoc|iPhoneSimulator.Build.0 = Debug|Any CPU
		{3C295AD1-23A3-42A1-8BE0-582EFDAE0185}.AppStore|Any CPU.ActiveCfg = Debug|Any CPU
		{3C295AD1-23A3-42A1-8BE0-582EFDAE0185}.AppStore|Any CPU.Build.0 = Debug|Any CPU
		{3C295AD1-23A3-42A1-8BE0-582EFDAE0185}.AppStore|iPhone.ActiveCfg = Debug|Any CPU
		{3C295AD1-23A3-42A1-8BE0-582EFDAE0185}.AppStore|iPhone.Build.0 = Debug|Any CPU
		{3C295AD1-23A3-42A1-8BE0-582EFDAE0185}.AppStore|iPhoneSimulator.ActiveCfg = Debug|Any CPU
		{3C295AD1-23A3-42A1-8BE0-582EFDAE0185}.AppStore|iPhoneSimulator.Build.0 = Debug|Any CPU
		{3C295AD1-23A3-42A1-8BE0-582EFDAE0185}.Debug|Any CPU.ActiveCfg = Debug|Any CPU
		{3C295AD1-23A3-42A1-8BE0-582EFDAE0185}.Debug|Any CPU.Build.0 = Debug|Any CPU
		{3C295AD1-23A3-42A1-8BE0-582EFDAE0185}.Debug|iPhone.ActiveCfg = Debug|Any CPU
		{3C295AD1-23A3-42A1-8BE0-582EFDAE0185}.Debug|iPhone.Build.0 = Debug|Any CPU
		{3C295AD1-23A3-42A1-8BE0-582EFDAE0185}.Debug|iPhoneSimulator.ActiveCfg = Debug|Any CPU
		{3C295AD1-23A3-42A1-8BE0-582EFDAE0185}.Debug|iPhoneSimulator.Build.0 = Debug|Any CPU
		{3C295AD1-23A3-42A1-8BE0-582EFDAE0185}.Release|Any CPU.ActiveCfg = Release|Any CPU
		{3C295AD1-23A3-42A1-8BE0-582EFDAE0185}.Release|Any CPU.Build.0 = Release|Any CPU
		{3C295AD1-23A3-42A1-8BE0-582EFDAE0185}.Release|iPhone.ActiveCfg = Release|Any CPU
		{3C295AD1-23A3-42A1-8BE0-582EFDAE0185}.Release|iPhone.Build.0 = Release|Any CPU
		{3C295AD1-23A3-42A1-8BE0-582EFDAE0185}.Release|iPhoneSimulator.ActiveCfg = Release|Any CPU
		{3C295AD1-23A3-42A1-8BE0-582EFDAE0185}.Release|iPhoneSimulator.Build.0 = Release|Any CPU
		{FD4EDEDD-ABA3-4316-B67B-0C604AEC3D24}.Ad-Hoc|Any CPU.ActiveCfg = Debug|Any CPU
		{FD4EDEDD-ABA3-4316-B67B-0C604AEC3D24}.Ad-Hoc|Any CPU.Build.0 = Debug|Any CPU
		{FD4EDEDD-ABA3-4316-B67B-0C604AEC3D24}.Ad-Hoc|iPhone.ActiveCfg = Debug|Any CPU
		{FD4EDEDD-ABA3-4316-B67B-0C604AEC3D24}.Ad-Hoc|iPhone.Build.0 = Debug|Any CPU
		{FD4EDEDD-ABA3-4316-B67B-0C604AEC3D24}.Ad-Hoc|iPhoneSimulator.ActiveCfg = Debug|Any CPU
		{FD4EDEDD-ABA3-4316-B67B-0C604AEC3D24}.Ad-Hoc|iPhoneSimulator.Build.0 = Debug|Any CPU
		{FD4EDEDD-ABA3-4316-B67B-0C604AEC3D24}.AppStore|Any CPU.ActiveCfg = Debug|Any CPU
		{FD4EDEDD-ABA3-4316-B67B-0C604AEC3D24}.AppStore|Any CPU.Build.0 = Debug|Any CPU
		{FD4EDEDD-ABA3-4316-B67B-0C604AEC3D24}.AppStore|iPhone.ActiveCfg = Debug|Any CPU
		{FD4EDEDD-ABA3-4316-B67B-0C604AEC3D24}.AppStore|iPhone.Build.0 = Debug|Any CPU
		{FD4EDEDD-ABA3-4316-B67B-0C604AEC3D24}.AppStore|iPhoneSimulator.ActiveCfg = Debug|Any CPU
		{FD4EDEDD-ABA3-4316-B67B-0C604AEC3D24}.AppStore|iPhoneSimulator.Build.0 = Debug|Any CPU
		{FD4EDEDD-ABA3-4316-B67B-0C604AEC3D24}.Debug|Any CPU.ActiveCfg = Debug|Any CPU
		{FD4EDEDD-ABA3-4316-B67B-0C604AEC3D24}.Debug|Any CPU.Build.0 = Debug|Any CPU
		{FD4EDEDD-ABA3-4316-B67B-0C604AEC3D24}.Debug|iPhone.ActiveCfg = Debug|Any CPU
		{FD4EDEDD-ABA3-4316-B67B-0C604AEC3D24}.Debug|iPhone.Build.0 = Debug|Any CPU
		{FD4EDEDD-ABA3-4316-B67B-0C604AEC3D24}.Debug|iPhoneSimulator.ActiveCfg = Debug|Any CPU
		{FD4EDEDD-ABA3-4316-B67B-0C604AEC3D24}.Debug|iPhoneSimulator.Build.0 = Debug|Any CPU
		{FD4EDEDD-ABA3-4316-B67B-0C604AEC3D24}.Release|Any CPU.ActiveCfg = Release|Any CPU
		{FD4EDEDD-ABA3-4316-B67B-0C604AEC3D24}.Release|Any CPU.Build.0 = Release|Any CPU
		{FD4EDEDD-ABA3-4316-B67B-0C604AEC3D24}.Release|iPhone.ActiveCfg = Release|Any CPU
		{FD4EDEDD-ABA3-4316-B67B-0C604AEC3D24}.Release|iPhone.Build.0 = Release|Any CPU
		{FD4EDEDD-ABA3-4316-B67B-0C604AEC3D24}.Release|iPhoneSimulator.ActiveCfg = Release|Any CPU
		{FD4EDEDD-ABA3-4316-B67B-0C604AEC3D24}.Release|iPhoneSimulator.Build.0 = Release|Any CPU
		{74F6044E-DFCE-49F3-A802-A35D1A80BDF7}.Ad-Hoc|Any CPU.ActiveCfg = Debug|Any CPU
		{74F6044E-DFCE-49F3-A802-A35D1A80BDF7}.Ad-Hoc|Any CPU.Build.0 = Debug|Any CPU
		{74F6044E-DFCE-49F3-A802-A35D1A80BDF7}.Ad-Hoc|Any CPU.Deploy.0 = Debug|Any CPU
		{74F6044E-DFCE-49F3-A802-A35D1A80BDF7}.Ad-Hoc|iPhone.ActiveCfg = Debug|Any CPU
		{74F6044E-DFCE-49F3-A802-A35D1A80BDF7}.Ad-Hoc|iPhone.Build.0 = Debug|Any CPU
		{74F6044E-DFCE-49F3-A802-A35D1A80BDF7}.Ad-Hoc|iPhone.Deploy.0 = Debug|Any CPU
		{74F6044E-DFCE-49F3-A802-A35D1A80BDF7}.Ad-Hoc|iPhoneSimulator.ActiveCfg = Debug|Any CPU
		{74F6044E-DFCE-49F3-A802-A35D1A80BDF7}.Ad-Hoc|iPhoneSimulator.Build.0 = Debug|Any CPU
		{74F6044E-DFCE-49F3-A802-A35D1A80BDF7}.Ad-Hoc|iPhoneSimulator.Deploy.0 = Debug|Any CPU
		{74F6044E-DFCE-49F3-A802-A35D1A80BDF7}.AppStore|Any CPU.ActiveCfg = Debug|Any CPU
		{74F6044E-DFCE-49F3-A802-A35D1A80BDF7}.AppStore|Any CPU.Build.0 = Debug|Any CPU
		{74F6044E-DFCE-49F3-A802-A35D1A80BDF7}.AppStore|Any CPU.Deploy.0 = Debug|Any CPU
		{74F6044E-DFCE-49F3-A802-A35D1A80BDF7}.AppStore|iPhone.ActiveCfg = Debug|Any CPU
		{74F6044E-DFCE-49F3-A802-A35D1A80BDF7}.AppStore|iPhone.Build.0 = Debug|Any CPU
		{74F6044E-DFCE-49F3-A802-A35D1A80BDF7}.AppStore|iPhone.Deploy.0 = Debug|Any CPU
		{74F6044E-DFCE-49F3-A802-A35D1A80BDF7}.AppStore|iPhoneSimulator.ActiveCfg = Debug|Any CPU
		{74F6044E-DFCE-49F3-A802-A35D1A80BDF7}.AppStore|iPhoneSimulator.Build.0 = Debug|Any CPU
		{74F6044E-DFCE-49F3-A802-A35D1A80BDF7}.AppStore|iPhoneSimulator.Deploy.0 = Debug|Any CPU
		{74F6044E-DFCE-49F3-A802-A35D1A80BDF7}.Debug|Any CPU.ActiveCfg = Debug|Any CPU
		{74F6044E-DFCE-49F3-A802-A35D1A80BDF7}.Debug|Any CPU.Build.0 = Debug|Any CPU
		{74F6044E-DFCE-49F3-A802-A35D1A80BDF7}.Debug|Any CPU.Deploy.0 = Debug|Any CPU
		{74F6044E-DFCE-49F3-A802-A35D1A80BDF7}.Debug|iPhone.ActiveCfg = Debug|Any CPU
		{74F6044E-DFCE-49F3-A802-A35D1A80BDF7}.Debug|iPhone.Build.0 = Debug|Any CPU
		{74F6044E-DFCE-49F3-A802-A35D1A80BDF7}.Debug|iPhone.Deploy.0 = Debug|Any CPU
		{74F6044E-DFCE-49F3-A802-A35D1A80BDF7}.Debug|iPhoneSimulator.ActiveCfg = Debug|Any CPU
		{74F6044E-DFCE-49F3-A802-A35D1A80BDF7}.Debug|iPhoneSimulator.Build.0 = Debug|Any CPU
		{74F6044E-DFCE-49F3-A802-A35D1A80BDF7}.Debug|iPhoneSimulator.Deploy.0 = Debug|Any CPU
		{74F6044E-DFCE-49F3-A802-A35D1A80BDF7}.Release|Any CPU.ActiveCfg = Release|Any CPU
		{74F6044E-DFCE-49F3-A802-A35D1A80BDF7}.Release|Any CPU.Build.0 = Release|Any CPU
		{74F6044E-DFCE-49F3-A802-A35D1A80BDF7}.Release|Any CPU.Deploy.0 = Release|Any CPU
		{74F6044E-DFCE-49F3-A802-A35D1A80BDF7}.Release|iPhone.ActiveCfg = Release|Any CPU
		{74F6044E-DFCE-49F3-A802-A35D1A80BDF7}.Release|iPhone.Build.0 = Release|Any CPU
		{74F6044E-DFCE-49F3-A802-A35D1A80BDF7}.Release|iPhone.Deploy.0 = Release|Any CPU
		{74F6044E-DFCE-49F3-A802-A35D1A80BDF7}.Release|iPhoneSimulator.ActiveCfg = Release|Any CPU
		{74F6044E-DFCE-49F3-A802-A35D1A80BDF7}.Release|iPhoneSimulator.Build.0 = Release|Any CPU
		{74F6044E-DFCE-49F3-A802-A35D1A80BDF7}.Release|iPhoneSimulator.Deploy.0 = Release|Any CPU
		{CB0EEBEA-1789-4EA5-9B1C-75BF391F7AAA}.Ad-Hoc|Any CPU.ActiveCfg = Ad-Hoc|iPhoneSimulator
		{CB0EEBEA-1789-4EA5-9B1C-75BF391F7AAA}.Ad-Hoc|iPhone.ActiveCfg = Ad-Hoc|iPhone
		{CB0EEBEA-1789-4EA5-9B1C-75BF391F7AAA}.Ad-Hoc|iPhone.Build.0 = Ad-Hoc|iPhone
		{CB0EEBEA-1789-4EA5-9B1C-75BF391F7AAA}.Ad-Hoc|iPhoneSimulator.ActiveCfg = Ad-Hoc|iPhoneSimulator
		{CB0EEBEA-1789-4EA5-9B1C-75BF391F7AAA}.Ad-Hoc|iPhoneSimulator.Build.0 = Ad-Hoc|iPhoneSimulator
		{CB0EEBEA-1789-4EA5-9B1C-75BF391F7AAA}.AppStore|Any CPU.ActiveCfg = AppStore|iPhoneSimulator
		{CB0EEBEA-1789-4EA5-9B1C-75BF391F7AAA}.AppStore|iPhone.ActiveCfg = AppStore|iPhone
		{CB0EEBEA-1789-4EA5-9B1C-75BF391F7AAA}.AppStore|iPhone.Build.0 = AppStore|iPhone
		{CB0EEBEA-1789-4EA5-9B1C-75BF391F7AAA}.AppStore|iPhoneSimulator.ActiveCfg = AppStore|iPhoneSimulator
		{CB0EEBEA-1789-4EA5-9B1C-75BF391F7AAA}.AppStore|iPhoneSimulator.Build.0 = AppStore|iPhoneSimulator
		{CB0EEBEA-1789-4EA5-9B1C-75BF391F7AAA}.Debug|Any CPU.ActiveCfg = Debug|iPhoneSimulator
		{CB0EEBEA-1789-4EA5-9B1C-75BF391F7AAA}.Debug|iPhone.ActiveCfg = Debug|iPhone
		{CB0EEBEA-1789-4EA5-9B1C-75BF391F7AAA}.Debug|iPhone.Build.0 = Debug|iPhone
		{CB0EEBEA-1789-4EA5-9B1C-75BF391F7AAA}.Debug|iPhoneSimulator.ActiveCfg = Debug|iPhoneSimulator
		{CB0EEBEA-1789-4EA5-9B1C-75BF391F7AAA}.Debug|iPhoneSimulator.Build.0 = Debug|iPhoneSimulator
		{CB0EEBEA-1789-4EA5-9B1C-75BF391F7AAA}.Release|Any CPU.ActiveCfg = Release|iPhoneSimulator
		{CB0EEBEA-1789-4EA5-9B1C-75BF391F7AAA}.Release|iPhone.ActiveCfg = Release|iPhone
		{CB0EEBEA-1789-4EA5-9B1C-75BF391F7AAA}.Release|iPhone.Build.0 = Release|iPhone
		{CB0EEBEA-1789-4EA5-9B1C-75BF391F7AAA}.Release|iPhoneSimulator.ActiveCfg = Release|iPhoneSimulator
		{CB0EEBEA-1789-4EA5-9B1C-75BF391F7AAA}.Release|iPhoneSimulator.Build.0 = Release|iPhoneSimulator
		{D6743203-2DC5-4C71-BC40-7F2994691D66}.Ad-Hoc|Any CPU.ActiveCfg = Debug|Any CPU
		{D6743203-2DC5-4C71-BC40-7F2994691D66}.Ad-Hoc|Any CPU.Build.0 = Debug|Any CPU
		{D6743203-2DC5-4C71-BC40-7F2994691D66}.Ad-Hoc|iPhone.ActiveCfg = Debug|Any CPU
		{D6743203-2DC5-4C71-BC40-7F2994691D66}.Ad-Hoc|iPhone.Build.0 = Debug|Any CPU
		{D6743203-2DC5-4C71-BC40-7F2994691D66}.Ad-Hoc|iPhoneSimulator.ActiveCfg = Debug|Any CPU
		{D6743203-2DC5-4C71-BC40-7F2994691D66}.Ad-Hoc|iPhoneSimulator.Build.0 = Debug|Any CPU
		{D6743203-2DC5-4C71-BC40-7F2994691D66}.AppStore|Any CPU.ActiveCfg = Debug|Any CPU
		{D6743203-2DC5-4C71-BC40-7F2994691D66}.AppStore|Any CPU.Build.0 = Debug|Any CPU
		{D6743203-2DC5-4C71-BC40-7F2994691D66}.AppStore|iPhone.ActiveCfg = Debug|Any CPU
		{D6743203-2DC5-4C71-BC40-7F2994691D66}.AppStore|iPhone.Build.0 = Debug|Any CPU
		{D6743203-2DC5-4C71-BC40-7F2994691D66}.AppStore|iPhoneSimulator.ActiveCfg = Debug|Any CPU
		{D6743203-2DC5-4C71-BC40-7F2994691D66}.AppStore|iPhoneSimulator.Build.0 = Debug|Any CPU
		{D6743203-2DC5-4C71-BC40-7F2994691D66}.Debug|Any CPU.ActiveCfg = Debug|Any CPU
		{D6743203-2DC5-4C71-BC40-7F2994691D66}.Debug|Any CPU.Build.0 = Debug|Any CPU
		{D6743203-2DC5-4C71-BC40-7F2994691D66}.Debug|iPhone.ActiveCfg = Debug|Any CPU
		{D6743203-2DC5-4C71-BC40-7F2994691D66}.Debug|iPhone.Build.0 = Debug|Any CPU
		{D6743203-2DC5-4C71-BC40-7F2994691D66}.Debug|iPhoneSimulator.ActiveCfg = Debug|Any CPU
		{D6743203-2DC5-4C71-BC40-7F2994691D66}.Debug|iPhoneSimulator.Build.0 = Debug|Any CPU
		{D6743203-2DC5-4C71-BC40-7F2994691D66}.Release|Any CPU.ActiveCfg = Release|Any CPU
		{D6743203-2DC5-4C71-BC40-7F2994691D66}.Release|Any CPU.Build.0 = Release|Any CPU
		{D6743203-2DC5-4C71-BC40-7F2994691D66}.Release|iPhone.ActiveCfg = Release|Any CPU
		{D6743203-2DC5-4C71-BC40-7F2994691D66}.Release|iPhone.Build.0 = Release|Any CPU
		{D6743203-2DC5-4C71-BC40-7F2994691D66}.Release|iPhoneSimulator.ActiveCfg = Release|Any CPU
		{D6743203-2DC5-4C71-BC40-7F2994691D66}.Release|iPhoneSimulator.Build.0 = Release|Any CPU
		{38D1600A-0E96-4F8E-9482-0349BA80CC5D}.Ad-Hoc|Any CPU.ActiveCfg = Debug|Any CPU
		{38D1600A-0E96-4F8E-9482-0349BA80CC5D}.Ad-Hoc|Any CPU.Build.0 = Debug|Any CPU
		{38D1600A-0E96-4F8E-9482-0349BA80CC5D}.Ad-Hoc|Any CPU.Deploy.0 = Debug|Any CPU
		{38D1600A-0E96-4F8E-9482-0349BA80CC5D}.Ad-Hoc|iPhone.ActiveCfg = Debug|Any CPU
		{38D1600A-0E96-4F8E-9482-0349BA80CC5D}.Ad-Hoc|iPhone.Build.0 = Debug|Any CPU
		{38D1600A-0E96-4F8E-9482-0349BA80CC5D}.Ad-Hoc|iPhone.Deploy.0 = Debug|Any CPU
		{38D1600A-0E96-4F8E-9482-0349BA80CC5D}.Ad-Hoc|iPhoneSimulator.ActiveCfg = Debug|Any CPU
		{38D1600A-0E96-4F8E-9482-0349BA80CC5D}.Ad-Hoc|iPhoneSimulator.Build.0 = Debug|Any CPU
		{38D1600A-0E96-4F8E-9482-0349BA80CC5D}.Ad-Hoc|iPhoneSimulator.Deploy.0 = Debug|Any CPU
		{38D1600A-0E96-4F8E-9482-0349BA80CC5D}.AppStore|Any CPU.ActiveCfg = Debug|Any CPU
		{38D1600A-0E96-4F8E-9482-0349BA80CC5D}.AppStore|Any CPU.Build.0 = Debug|Any CPU
		{38D1600A-0E96-4F8E-9482-0349BA80CC5D}.AppStore|Any CPU.Deploy.0 = Debug|Any CPU
		{38D1600A-0E96-4F8E-9482-0349BA80CC5D}.AppStore|iPhone.ActiveCfg = Debug|Any CPU
		{38D1600A-0E96-4F8E-9482-0349BA80CC5D}.AppStore|iPhone.Build.0 = Debug|Any CPU
		{38D1600A-0E96-4F8E-9482-0349BA80CC5D}.AppStore|iPhone.Deploy.0 = Debug|Any CPU
		{38D1600A-0E96-4F8E-9482-0349BA80CC5D}.AppStore|iPhoneSimulator.ActiveCfg = Debug|Any CPU
		{38D1600A-0E96-4F8E-9482-0349BA80CC5D}.AppStore|iPhoneSimulator.Build.0 = Debug|Any CPU
		{38D1600A-0E96-4F8E-9482-0349BA80CC5D}.AppStore|iPhoneSimulator.Deploy.0 = Debug|Any CPU
		{38D1600A-0E96-4F8E-9482-0349BA80CC5D}.Debug|Any CPU.ActiveCfg = Debug|Any CPU
		{38D1600A-0E96-4F8E-9482-0349BA80CC5D}.Debug|Any CPU.Build.0 = Debug|Any CPU
		{38D1600A-0E96-4F8E-9482-0349BA80CC5D}.Debug|Any CPU.Deploy.0 = Debug|Any CPU
		{38D1600A-0E96-4F8E-9482-0349BA80CC5D}.Debug|iPhone.ActiveCfg = Debug|Any CPU
		{38D1600A-0E96-4F8E-9482-0349BA80CC5D}.Debug|iPhone.Build.0 = Debug|Any CPU
		{38D1600A-0E96-4F8E-9482-0349BA80CC5D}.Debug|iPhone.Deploy.0 = Debug|Any CPU
		{38D1600A-0E96-4F8E-9482-0349BA80CC5D}.Debug|iPhoneSimulator.ActiveCfg = Debug|Any CPU
		{38D1600A-0E96-4F8E-9482-0349BA80CC5D}.Debug|iPhoneSimulator.Build.0 = Debug|Any CPU
		{38D1600A-0E96-4F8E-9482-0349BA80CC5D}.Debug|iPhoneSimulator.Deploy.0 = Debug|Any CPU
		{38D1600A-0E96-4F8E-9482-0349BA80CC5D}.Release|Any CPU.ActiveCfg = Release|Any CPU
		{38D1600A-0E96-4F8E-9482-0349BA80CC5D}.Release|Any CPU.Build.0 = Release|Any CPU
		{38D1600A-0E96-4F8E-9482-0349BA80CC5D}.Release|Any CPU.Deploy.0 = Release|Any CPU
		{38D1600A-0E96-4F8E-9482-0349BA80CC5D}.Release|iPhone.ActiveCfg = Release|Any CPU
		{38D1600A-0E96-4F8E-9482-0349BA80CC5D}.Release|iPhone.Build.0 = Release|Any CPU
		{38D1600A-0E96-4F8E-9482-0349BA80CC5D}.Release|iPhone.Deploy.0 = Release|Any CPU
		{38D1600A-0E96-4F8E-9482-0349BA80CC5D}.Release|iPhoneSimulator.ActiveCfg = Release|Any CPU
		{38D1600A-0E96-4F8E-9482-0349BA80CC5D}.Release|iPhoneSimulator.Build.0 = Release|Any CPU
		{38D1600A-0E96-4F8E-9482-0349BA80CC5D}.Release|iPhoneSimulator.Deploy.0 = Release|Any CPU
		{413BC1FA-174E-4750-819A-EFE58DD15FDF}.Ad-Hoc|Any CPU.ActiveCfg = Ad-Hoc|iPhoneSimulator
		{413BC1FA-174E-4750-819A-EFE58DD15FDF}.Ad-Hoc|iPhone.ActiveCfg = Ad-Hoc|iPhone
		{413BC1FA-174E-4750-819A-EFE58DD15FDF}.Ad-Hoc|iPhone.Build.0 = Ad-Hoc|iPhone
		{413BC1FA-174E-4750-819A-EFE58DD15FDF}.Ad-Hoc|iPhoneSimulator.ActiveCfg = Ad-Hoc|iPhoneSimulator
		{413BC1FA-174E-4750-819A-EFE58DD15FDF}.Ad-Hoc|iPhoneSimulator.Build.0 = Ad-Hoc|iPhoneSimulator
		{413BC1FA-174E-4750-819A-EFE58DD15FDF}.AppStore|Any CPU.ActiveCfg = AppStore|iPhoneSimulator
		{413BC1FA-174E-4750-819A-EFE58DD15FDF}.AppStore|iPhone.ActiveCfg = AppStore|iPhone
		{413BC1FA-174E-4750-819A-EFE58DD15FDF}.AppStore|iPhone.Build.0 = AppStore|iPhone
		{413BC1FA-174E-4750-819A-EFE58DD15FDF}.AppStore|iPhoneSimulator.ActiveCfg = AppStore|iPhoneSimulator
		{413BC1FA-174E-4750-819A-EFE58DD15FDF}.AppStore|iPhoneSimulator.Build.0 = AppStore|iPhoneSimulator
		{413BC1FA-174E-4750-819A-EFE58DD15FDF}.Debug|Any CPU.ActiveCfg = Debug|iPhoneSimulator
		{413BC1FA-174E-4750-819A-EFE58DD15FDF}.Debug|iPhone.ActiveCfg = Debug|iPhone
		{413BC1FA-174E-4750-819A-EFE58DD15FDF}.Debug|iPhone.Build.0 = Debug|iPhone
		{413BC1FA-174E-4750-819A-EFE58DD15FDF}.Debug|iPhoneSimulator.ActiveCfg = Debug|iPhoneSimulator
		{413BC1FA-174E-4750-819A-EFE58DD15FDF}.Debug|iPhoneSimulator.Build.0 = Debug|iPhoneSimulator
		{413BC1FA-174E-4750-819A-EFE58DD15FDF}.Release|Any CPU.ActiveCfg = Release|iPhoneSimulator
		{413BC1FA-174E-4750-819A-EFE58DD15FDF}.Release|iPhone.ActiveCfg = Release|iPhone
		{413BC1FA-174E-4750-819A-EFE58DD15FDF}.Release|iPhone.Build.0 = Release|iPhone
		{413BC1FA-174E-4750-819A-EFE58DD15FDF}.Release|iPhoneSimulator.ActiveCfg = Release|iPhoneSimulator
		{413BC1FA-174E-4750-819A-EFE58DD15FDF}.Release|iPhoneSimulator.Build.0 = Release|iPhoneSimulator
		{70805DFE-26C5-4E8F-A1A2-6D9C87450A23}.Ad-Hoc|Any CPU.ActiveCfg = Debug|Any CPU
		{70805DFE-26C5-4E8F-A1A2-6D9C87450A23}.Ad-Hoc|Any CPU.Build.0 = Debug|Any CPU
		{70805DFE-26C5-4E8F-A1A2-6D9C87450A23}.Ad-Hoc|Any CPU.Deploy.0 = Debug|Any CPU
		{70805DFE-26C5-4E8F-A1A2-6D9C87450A23}.Ad-Hoc|iPhone.ActiveCfg = Debug|Any CPU
		{70805DFE-26C5-4E8F-A1A2-6D9C87450A23}.Ad-Hoc|iPhone.Build.0 = Debug|Any CPU
		{70805DFE-26C5-4E8F-A1A2-6D9C87450A23}.Ad-Hoc|iPhone.Deploy.0 = Debug|Any CPU
		{70805DFE-26C5-4E8F-A1A2-6D9C87450A23}.Ad-Hoc|iPhoneSimulator.ActiveCfg = Debug|Any CPU
		{70805DFE-26C5-4E8F-A1A2-6D9C87450A23}.Ad-Hoc|iPhoneSimulator.Build.0 = Debug|Any CPU
		{70805DFE-26C5-4E8F-A1A2-6D9C87450A23}.Ad-Hoc|iPhoneSimulator.Deploy.0 = Debug|Any CPU
		{70805DFE-26C5-4E8F-A1A2-6D9C87450A23}.AppStore|Any CPU.ActiveCfg = Debug|Any CPU
		{70805DFE-26C5-4E8F-A1A2-6D9C87450A23}.AppStore|Any CPU.Build.0 = Debug|Any CPU
		{70805DFE-26C5-4E8F-A1A2-6D9C87450A23}.AppStore|Any CPU.Deploy.0 = Debug|Any CPU
		{70805DFE-26C5-4E8F-A1A2-6D9C87450A23}.AppStore|iPhone.ActiveCfg = Debug|Any CPU
		{70805DFE-26C5-4E8F-A1A2-6D9C87450A23}.AppStore|iPhone.Build.0 = Debug|Any CPU
		{70805DFE-26C5-4E8F-A1A2-6D9C87450A23}.AppStore|iPhone.Deploy.0 = Debug|Any CPU
		{70805DFE-26C5-4E8F-A1A2-6D9C87450A23}.AppStore|iPhoneSimulator.ActiveCfg = Debug|Any CPU
		{70805DFE-26C5-4E8F-A1A2-6D9C87450A23}.AppStore|iPhoneSimulator.Build.0 = Debug|Any CPU
		{70805DFE-26C5-4E8F-A1A2-6D9C87450A23}.AppStore|iPhoneSimulator.Deploy.0 = Debug|Any CPU
		{70805DFE-26C5-4E8F-A1A2-6D9C87450A23}.Debug|Any CPU.ActiveCfg = Debug|Any CPU
		{70805DFE-26C5-4E8F-A1A2-6D9C87450A23}.Debug|Any CPU.Build.0 = Debug|Any CPU
		{70805DFE-26C5-4E8F-A1A2-6D9C87450A23}.Debug|Any CPU.Deploy.0 = Debug|Any CPU
		{70805DFE-26C5-4E8F-A1A2-6D9C87450A23}.Debug|iPhone.ActiveCfg = Debug|Any CPU
		{70805DFE-26C5-4E8F-A1A2-6D9C87450A23}.Debug|iPhone.Build.0 = Debug|Any CPU
		{70805DFE-26C5-4E8F-A1A2-6D9C87450A23}.Debug|iPhone.Deploy.0 = Debug|Any CPU
		{70805DFE-26C5-4E8F-A1A2-6D9C87450A23}.Debug|iPhoneSimulator.ActiveCfg = Debug|Any CPU
		{70805DFE-26C5-4E8F-A1A2-6D9C87450A23}.Debug|iPhoneSimulator.Build.0 = Debug|Any CPU
		{70805DFE-26C5-4E8F-A1A2-6D9C87450A23}.Debug|iPhoneSimulator.Deploy.0 = Debug|Any CPU
		{70805DFE-26C5-4E8F-A1A2-6D9C87450A23}.Release|Any CPU.ActiveCfg = Release|Any CPU
		{70805DFE-26C5-4E8F-A1A2-6D9C87450A23}.Release|Any CPU.Build.0 = Release|Any CPU
		{70805DFE-26C5-4E8F-A1A2-6D9C87450A23}.Release|Any CPU.Deploy.0 = Release|Any CPU
		{70805DFE-26C5-4E8F-A1A2-6D9C87450A23}.Release|iPhone.ActiveCfg = Release|Any CPU
		{70805DFE-26C5-4E8F-A1A2-6D9C87450A23}.Release|iPhone.Build.0 = Release|Any CPU
		{70805DFE-26C5-4E8F-A1A2-6D9C87450A23}.Release|iPhone.Deploy.0 = Release|Any CPU
		{70805DFE-26C5-4E8F-A1A2-6D9C87450A23}.Release|iPhoneSimulator.ActiveCfg = Release|Any CPU
		{70805DFE-26C5-4E8F-A1A2-6D9C87450A23}.Release|iPhoneSimulator.Build.0 = Release|Any CPU
		{70805DFE-26C5-4E8F-A1A2-6D9C87450A23}.Release|iPhoneSimulator.Deploy.0 = Release|Any CPU
		{FCFBF9E8-3BDD-4B35-92F8-1B1CE10BD0B5}.Ad-Hoc|Any CPU.ActiveCfg = Debug|Any CPU
		{FCFBF9E8-3BDD-4B35-92F8-1B1CE10BD0B5}.Ad-Hoc|Any CPU.Build.0 = Debug|Any CPU
		{FCFBF9E8-3BDD-4B35-92F8-1B1CE10BD0B5}.Ad-Hoc|Any CPU.Deploy.0 = Debug|Any CPU
		{FCFBF9E8-3BDD-4B35-92F8-1B1CE10BD0B5}.Ad-Hoc|iPhone.ActiveCfg = Debug|Any CPU
		{FCFBF9E8-3BDD-4B35-92F8-1B1CE10BD0B5}.Ad-Hoc|iPhone.Build.0 = Debug|Any CPU
		{FCFBF9E8-3BDD-4B35-92F8-1B1CE10BD0B5}.Ad-Hoc|iPhone.Deploy.0 = Debug|Any CPU
		{FCFBF9E8-3BDD-4B35-92F8-1B1CE10BD0B5}.Ad-Hoc|iPhoneSimulator.ActiveCfg = Debug|Any CPU
		{FCFBF9E8-3BDD-4B35-92F8-1B1CE10BD0B5}.Ad-Hoc|iPhoneSimulator.Build.0 = Debug|Any CPU
		{FCFBF9E8-3BDD-4B35-92F8-1B1CE10BD0B5}.Ad-Hoc|iPhoneSimulator.Deploy.0 = Debug|Any CPU
		{FCFBF9E8-3BDD-4B35-92F8-1B1CE10BD0B5}.AppStore|Any CPU.ActiveCfg = Debug|Any CPU
		{FCFBF9E8-3BDD-4B35-92F8-1B1CE10BD0B5}.AppStore|Any CPU.Build.0 = Debug|Any CPU
		{FCFBF9E8-3BDD-4B35-92F8-1B1CE10BD0B5}.AppStore|Any CPU.Deploy.0 = Debug|Any CPU
		{FCFBF9E8-3BDD-4B35-92F8-1B1CE10BD0B5}.AppStore|iPhone.ActiveCfg = Debug|Any CPU
		{FCFBF9E8-3BDD-4B35-92F8-1B1CE10BD0B5}.AppStore|iPhone.Build.0 = Debug|Any CPU
		{FCFBF9E8-3BDD-4B35-92F8-1B1CE10BD0B5}.AppStore|iPhone.Deploy.0 = Debug|Any CPU
		{FCFBF9E8-3BDD-4B35-92F8-1B1CE10BD0B5}.AppStore|iPhoneSimulator.ActiveCfg = Debug|Any CPU
		{FCFBF9E8-3BDD-4B35-92F8-1B1CE10BD0B5}.AppStore|iPhoneSimulator.Build.0 = Debug|Any CPU
		{FCFBF9E8-3BDD-4B35-92F8-1B1CE10BD0B5}.AppStore|iPhoneSimulator.Deploy.0 = Debug|Any CPU
		{FCFBF9E8-3BDD-4B35-92F8-1B1CE10BD0B5}.Debug|Any CPU.ActiveCfg = Debug|Any CPU
		{FCFBF9E8-3BDD-4B35-92F8-1B1CE10BD0B5}.Debug|Any CPU.Build.0 = Debug|Any CPU
		{FCFBF9E8-3BDD-4B35-92F8-1B1CE10BD0B5}.Debug|Any CPU.Deploy.0 = Debug|Any CPU
		{FCFBF9E8-3BDD-4B35-92F8-1B1CE10BD0B5}.Debug|iPhone.ActiveCfg = Debug|Any CPU
		{FCFBF9E8-3BDD-4B35-92F8-1B1CE10BD0B5}.Debug|iPhone.Build.0 = Debug|Any CPU
		{FCFBF9E8-3BDD-4B35-92F8-1B1CE10BD0B5}.Debug|iPhone.Deploy.0 = Debug|Any CPU
		{FCFBF9E8-3BDD-4B35-92F8-1B1CE10BD0B5}.Debug|iPhoneSimulator.ActiveCfg = Debug|Any CPU
		{FCFBF9E8-3BDD-4B35-92F8-1B1CE10BD0B5}.Debug|iPhoneSimulator.Build.0 = Debug|Any CPU
		{FCFBF9E8-3BDD-4B35-92F8-1B1CE10BD0B5}.Debug|iPhoneSimulator.Deploy.0 = Debug|Any CPU
		{FCFBF9E8-3BDD-4B35-92F8-1B1CE10BD0B5}.Release|Any CPU.ActiveCfg = Release|Any CPU
		{FCFBF9E8-3BDD-4B35-92F8-1B1CE10BD0B5}.Release|Any CPU.Build.0 = Release|Any CPU
		{FCFBF9E8-3BDD-4B35-92F8-1B1CE10BD0B5}.Release|Any CPU.Deploy.0 = Release|Any CPU
		{FCFBF9E8-3BDD-4B35-92F8-1B1CE10BD0B5}.Release|iPhone.ActiveCfg = Release|Any CPU
		{FCFBF9E8-3BDD-4B35-92F8-1B1CE10BD0B5}.Release|iPhone.Build.0 = Release|Any CPU
		{FCFBF9E8-3BDD-4B35-92F8-1B1CE10BD0B5}.Release|iPhone.Deploy.0 = Release|Any CPU
		{FCFBF9E8-3BDD-4B35-92F8-1B1CE10BD0B5}.Release|iPhoneSimulator.ActiveCfg = Release|Any CPU
		{FCFBF9E8-3BDD-4B35-92F8-1B1CE10BD0B5}.Release|iPhoneSimulator.Build.0 = Release|Any CPU
		{FCFBF9E8-3BDD-4B35-92F8-1B1CE10BD0B5}.Release|iPhoneSimulator.Deploy.0 = Release|Any CPU
	EndGlobalSection
	GlobalSection(SolutionProperties) = preSolution
		HideSolutionNode = FALSE
	EndGlobalSection
	GlobalSection(NestedProjects) = preSolution
		{0A1FF3ED-2286-4ED0-8A73-684D62B4777F} = {8F309E1B-72A9-407D-870B-2775FD361149}
		{9005D477-9D69-4C0C-B3C8-05B670C615E8} = {8F309E1B-72A9-407D-870B-2775FD361149}
		{B27FA1AD-BDDC-46C3-84C5-4F18CD4B0217} = {8F309E1B-72A9-407D-870B-2775FD361149}
		{433556D4-7C8A-4A73-A2BE-45980F53C933} = {BBE4A1BF-5CDE-4658-A39E-892D4227A33D}
		{AAB0B1C6-54C5-4FC1-9192-93CF5077E0A1} = {BBE4A1BF-5CDE-4658-A39E-892D4227A33D}
		{C099B30D-2408-49D1-9532-05D55AE3F04B} = {BBE4A1BF-5CDE-4658-A39E-892D4227A33D}
		{DDB884A2-438A-47CA-9F10-A6007A1BDFD0} = {E27D6435-B673-4AB8-94C2-1C4BA89ABAB4}
		{45F748EA-0BDB-42C8-9F56-287B98801822} = {E27D6435-B673-4AB8-94C2-1C4BA89ABAB4}
		{2FFDB152-9B48-4906-9422-CB0F8E6FB13E} = {E27D6435-B673-4AB8-94C2-1C4BA89ABAB4}
		{7FEF0A8D-EB36-489B-BD39-004E53AD4526} = {6A902298-FA64-4AD2-BDEB-8ECFE42E9AC2}
		{6A902298-FA64-4AD2-BDEB-8ECFE42E9AC2} = {6CCEFC5A-BD76-47B3-8E8F-FF67AFAE7605}
		{B28AF77D-37AD-407D-BDF7-A732BD405548} = {6A902298-FA64-4AD2-BDEB-8ECFE42E9AC2}
		{3C295AD1-23A3-42A1-8BE0-582EFDAE0185} = {6A902298-FA64-4AD2-BDEB-8ECFE42E9AC2}
		{FD4EDEDD-ABA3-4316-B67B-0C604AEC3D24} = {810BCEE7-3065-4F84-BA71-83BA451275F4}
		{74F6044E-DFCE-49F3-A802-A35D1A80BDF7} = {810BCEE7-3065-4F84-BA71-83BA451275F4}
		{CB0EEBEA-1789-4EA5-9B1C-75BF391F7AAA} = {810BCEE7-3065-4F84-BA71-83BA451275F4}
		{D6743203-2DC5-4C71-BC40-7F2994691D66} = {F7DB0568-AA7C-42AD-AADB-E786510035E6}
		{38D1600A-0E96-4F8E-9482-0349BA80CC5D} = {F7DB0568-AA7C-42AD-AADB-E786510035E6}
		{413BC1FA-174E-4750-819A-EFE58DD15FDF} = {F7DB0568-AA7C-42AD-AADB-E786510035E6}
		{70805DFE-26C5-4E8F-A1A2-6D9C87450A23} = {70E384DF-452F-4135-8D1D-572D91F0029A}
		{FCFBF9E8-3BDD-4B35-92F8-1B1CE10BD0B5} = {70E384DF-452F-4135-8D1D-572D91F0029A}
	EndGlobalSection
	GlobalSection(ExtensibilityGlobals) = postSolution
		SolutionGuid = {AB68F9F4-25F9-49DC-B407-4CC0B9A89170}
	EndGlobalSection
EndGlobal
