
Microsoft Visual Studio Solution File, Format Version 12.00
# Visual Studio Version 16
VisualStudioVersion = 16.0.31205.134
MinimumVisualStudioVersion = 10.0.40219.1
Project("{FAE04EC0-301F-11D3-BF4B-00C04F79EFBC}") = "App1.Android", "App1\App1.Android\App1.Android.csproj", "{C63BCD1A-B813-4BB0-97B7-AC27EFE1C835}"
EndProject
Project("{FAE04EC0-301F-11D3-BF4B-00C04F79EFBC}") = "App1.iOS", "App1\App1.iOS\App1.iOS.csproj", "{1D131D00-D781-4B80-AB5E-0E1360EA1276}"
EndProject
Project("{FAE04EC0-301F-11D3-BF4B-00C04F79EFBC}") = "App1", "App1\App1\App1.csproj", "{18B706A6-6BBD-4F95-88D8-3D2ADF87D4ED}"
EndProject
Global
	GlobalSection(SolutionConfigurationPlatforms) = preSolution
		Debug|Any CPU = Debug|Any CPU
		Debug|iPhone = Debug|iPhone
		Debug|iPhoneSimulator = Debug|iPhoneSimulator
		Release|Any CPU = Release|Any CPU
		Release|iPhone = Release|iPhone
		Release|iPhoneSimulator = Release|iPhoneSimulator
	EndGlobalSection
	GlobalSection(ProjectConfigurationPlatforms) = postSolution
		{C63BCD1A-B813-4BB0-97B7-AC27EFE1C835}.Debug|Any CPU.ActiveCfg = Debug|Any CPU
		{C63BCD1A-B813-4BB0-97B7-AC27EFE1C835}.Debug|Any CPU.Build.0 = Debug|Any CPU
		{C63BCD1A-B813-4BB0-97B7-AC27EFE1C835}.Debug|Any CPU.Deploy.0 = Debug|Any CPU
		{C63BCD1A-B813-4BB0-97B7-AC27EFE1C835}.Debug|iPhone.ActiveCfg = Debug|Any CPU
		{C63BCD1A-B813-4BB0-97B7-AC27EFE1C835}.Debug|iPhone.Build.0 = Debug|Any CPU
		{C63BCD1A-B813-4BB0-97B7-AC27EFE1C835}.Debug|iPhone.Deploy.0 = Debug|Any CPU
		{C63BCD1A-B813-4BB0-97B7-AC27EFE1C835}.Debug|iPhoneSimulator.ActiveCfg = Debug|Any CPU
		{C63BCD1A-B813-4BB0-97B7-AC27EFE1C835}.Debug|iPhoneSimulator.Build.0 = Debug|Any CPU
		{C63BCD1A-B813-4BB0-97B7-AC27EFE1C835}.Debug|iPhoneSimulator.Deploy.0 = Debug|Any CPU
		{C63BCD1A-B813-4BB0-97B7-AC27EFE1C835}.Release|Any CPU.ActiveCfg = Release|Any CPU
		{C63BCD1A-B813-4BB0-97B7-AC27EFE1C835}.Release|Any CPU.Build.0 = Release|Any CPU
		{C63BCD1A-B813-4BB0-97B7-AC27EFE1C835}.Release|Any CPU.Deploy.0 = Release|Any CPU
		{C63BCD1A-B813-4BB0-97B7-AC27EFE1C835}.Release|iPhone.ActiveCfg = Release|Any CPU
		{C63BCD1A-B813-4BB0-97B7-AC27EFE1C835}.Release|iPhone.Build.0 = Release|Any CPU
		{C63BCD1A-B813-4BB0-97B7-AC27EFE1C835}.Release|iPhone.Deploy.0 = Release|Any CPU
		{C63BCD1A-B813-4BB0-97B7-AC27EFE1C835}.Release|iPhoneSimulator.ActiveCfg = Release|Any CPU
		{C63BCD1A-B813-4BB0-97B7-AC27EFE1C835}.Release|iPhoneSimulator.Build.0 = Release|Any CPU
		{C63BCD1A-B813-4BB0-97B7-AC27EFE1C835}.Release|iPhoneSimulator.Deploy.0 = Release|Any CPU
		{1D131D00-D781-4B80-AB5E-0E1360EA1276}.Debug|Any CPU.ActiveCfg = Debug|iPhone
		{1D131D00-D781-4B80-AB5E-0E1360EA1276}.Debug|Any CPU.Build.0 = Debug|iPhone
		{1D131D00-D781-4B80-AB5E-0E1360EA1276}.Debug|Any CPU.Deploy.0 = Debug|iPhone
		{1D131D00-D781-4B80-AB5E-0E1360EA1276}.Debug|iPhone.ActiveCfg = Debug|iPhone
		{1D131D00-D781-4B80-AB5E-0E1360EA1276}.Debug|iPhone.Build.0 = Debug|iPhone
		{1D131D00-D781-4B80-AB5E-0E1360EA1276}.Debug|iPhone.Deploy.0 = Debug|iPhone
		{1D131D00-D781-4B80-AB5E-0E1360EA1276}.Debug|iPhoneSimulator.ActiveCfg = Debug|iPhoneSimulator
		{1D131D00-D781-4B80-AB5E-0E1360EA1276}.Debug|iPhoneSimulator.Build.0 = Debug|iPhoneSimulator
		{1D131D00-D781-4B80-AB5E-0E1360EA1276}.Debug|iPhoneSimulator.Deploy.0 = Debug|iPhoneSimulator
		{1D131D00-D781-4B80-AB5E-0E1360EA1276}.Release|Any CPU.ActiveCfg = Release|iPhoneSimulator
		{1D131D00-D781-4B80-AB5E-0E1360EA1276}.Release|Any CPU.Build.0 = Release|iPhoneSimulator
		{1D131D00-D781-4B80-AB5E-0E1360EA1276}.Release|Any CPU.Deploy.0 = Release|iPhoneSimulator
		{1D131D00-D781-4B80-AB5E-0E1360EA1276}.Release|iPhone.ActiveCfg = Release|iPhone
		{1D131D00-D781-4B80-AB5E-0E1360EA1276}.Release|iPhone.Build.0 = Release|iPhone
		{1D131D00-D781-4B80-AB5E-0E1360EA1276}.Release|iPhone.Deploy.0 = Release|iPhone
		{1D131D00-D781-4B80-AB5E-0E1360EA1276}.Release|iPhoneSimulator.ActiveCfg = Release|iPhoneSimulator
		{1D131D00-D781-4B80-AB5E-0E1360EA1276}.Release|iPhoneSimulator.Build.0 = Release|iPhoneSimulator
		{1D131D00-D781-4B80-AB5E-0E1360EA1276}.Release|iPhoneSimulator.Deploy.0 = Release|iPhoneSimulator
		{18B706A6-6BBD-4F95-88D8-3D2ADF87D4ED}.Debug|Any CPU.ActiveCfg = Debug|Any CPU
		{18B706A6-6BBD-4F95-88D8-3D2ADF87D4ED}.Debug|Any CPU.Build.0 = Debug|Any CPU
		{18B706A6-6BBD-4F95-88D8-3D2ADF87D4ED}.Debug|Any CPU.Deploy.0 = Debug|Any CPU
		{18B706A6-6BBD-4F95-88D8-3D2ADF87D4ED}.Debug|iPhone.ActiveCfg = Debug|Any CPU
		{18B706A6-6BBD-4F95-88D8-3D2ADF87D4ED}.Debug|iPhone.Build.0 = Debug|Any CPU
		{18B706A6-6BBD-4F95-88D8-3D2ADF87D4ED}.Debug|iPhone.Deploy.0 = Debug|Any CPU
		{18B706A6-6BBD-4F95-88D8-3D2ADF87D4ED}.Debug|iPhoneSimulator.ActiveCfg = Debug|Any CPU
		{18B706A6-6BBD-4F95-88D8-3D2ADF87D4ED}.Debug|iPhoneSimulator.Build.0 = Debug|Any CPU
		{18B706A6-6BBD-4F95-88D8-3D2ADF87D4ED}.Debug|iPhoneSimulator.Deploy.0 = Debug|Any CPU
		{18B706A6-6BBD-4F95-88D8-3D2ADF87D4ED}.Release|Any CPU.ActiveCfg = Release|Any CPU
		{18B706A6-6BBD-4F95-88D8-3D2ADF87D4ED}.Release|Any CPU.Build.0 = Release|Any CPU
		{18B706A6-6BBD-4F95-88D8-3D2ADF87D4ED}.Release|Any CPU.Deploy.0 = Release|Any CPU
		{18B706A6-6BBD-4F95-88D8-3D2ADF87D4ED}.Release|iPhone.ActiveCfg = Release|Any CPU
		{18B706A6-6BBD-4F95-88D8-3D2ADF87D4ED}.Release|iPhone.Build.0 = Release|Any CPU
		{18B706A6-6BBD-4F95-88D8-3D2ADF87D4ED}.Release|iPhone.Deploy.0 = Release|Any CPU
		{18B706A6-6BBD-4F95-88D8-3D2ADF87D4ED}.Release|iPhoneSimulator.ActiveCfg = Release|Any CPU
		{18B706A6-6BBD-4F95-88D8-3D2ADF87D4ED}.Release|iPhoneSimulator.Build.0 = Release|Any CPU
		{18B706A6-6BBD-4F95-88D8-3D2ADF87D4ED}.Release|iPhoneSimulator.Deploy.0 = Release|Any CPU
	EndGlobalSection
	GlobalSection(SolutionProperties) = preSolution
		HideSolutionNode = FALSE
	EndGlobalSection
	GlobalSection(ExtensibilityGlobals) = postSolution
		SolutionGuid = {20D7F747-CA2F-4323-A46A-FB197E1105C2}
	EndGlobalSection
EndGlobal
