
Microsoft Visual Studio Solution File, Format Version 12.00
# Visual Studio Version 16
VisualStudioVersion = 16.0.31205.134
MinimumVisualStudioVersion = 10.0.40219.1
Project("{FAE04EC0-301F-11D3-BF4B-00C04F79EFBC}") = "TestRestAPiApp", "TestRestAPiApp\TestRestAPiApp.csproj", "{B8AC886E-EC20-4E09-A8C4-A1E050A85825}"
EndProject
Project("{FAE04EC0-301F-11D3-BF4B-00C04F79EFBC}") = "TestRestAPiApp.Android", "TestRestAPiApp.Android\TestRestAPiApp.Android.csproj", "{EA840D1F-4278-4FAE-B667-18AB38EBE269}"
EndProject
Project("{FAE04EC0-301F-11D3-BF4B-00C04F79EFBC}") = "TestRestAPiApp.iOS", "TestRestAPiApp.iOS\TestRestAPiApp.iOS.csproj", "{3CBB4212-EAA5-40B7-BC80-4351A4FF3B89}"
EndProject
Global
	GlobalSection(SolutionConfigurationPlatforms) = preSolution
		Ad-Hoc|Any CPU = Ad-Hoc|Any CPU
		Ad-Hoc|iPhone = Ad-Hoc|iPhone
		Ad-Hoc|iPhoneSimulator = Ad-Hoc|iPhoneSimulator
		AppStore|Any CPU = AppStore|Any CPU
		AppStore|iPhone = AppStore|iPhone
		AppStore|iPhoneSimulator = AppStore|iPhoneSimulator
		Debug|Any CPU = Debug|Any CPU
		Debug|iPhone = Debug|iPhone
		Debug|iPhoneSimulator = Debug|iPhoneSimulator
		Release|Any CPU = Release|Any CPU
		Release|iPhone = Release|iPhone
		Release|iPhoneSimulator = Release|iPhoneSimulator
	EndGlobalSection
	GlobalSection(ProjectConfigurationPlatforms) = postSolution
		{B8AC886E-EC20-4E09-A8C4-A1E050A85825}.Ad-Hoc|Any CPU.ActiveCfg = Debug|Any CPU
		{B8AC886E-EC20-4E09-A8C4-A1E050A85825}.Ad-Hoc|Any CPU.Build.0 = Debug|Any CPU
		{B8AC886E-EC20-4E09-A8C4-A1E050A85825}.Ad-Hoc|iPhone.ActiveCfg = Debug|Any CPU
		{B8AC886E-EC20-4E09-A8C4-A1E050A85825}.Ad-Hoc|iPhone.Build.0 = Debug|Any CPU
		{B8AC886E-EC20-4E09-A8C4-A1E050A85825}.Ad-Hoc|iPhoneSimulator.ActiveCfg = Debug|Any CPU
		{B8AC886E-EC20-4E09-A8C4-A1E050A85825}.Ad-Hoc|iPhoneSimulator.Build.0 = Debug|Any CPU
		{B8AC886E-EC20-4E09-A8C4-A1E050A85825}.AppStore|Any CPU.ActiveCfg = Debug|Any CPU
		{B8AC886E-EC20-4E09-A8C4-A1E050A85825}.AppStore|Any CPU.Build.0 = Debug|Any CPU
		{B8AC886E-EC20-4E09-A8C4-A1E050A85825}.AppStore|iPhone.ActiveCfg = Debug|Any CPU
		{B8AC886E-EC20-4E09-A8C4-A1E050A85825}.AppStore|iPhone.Build.0 = Debug|Any CPU
		{B8AC886E-EC20-4E09-A8C4-A1E050A85825}.AppStore|iPhoneSimulator.ActiveCfg = Debug|Any CPU
		{B8AC886E-EC20-4E09-A8C4-A1E050A85825}.AppStore|iPhoneSimulator.Build.0 = Debug|Any CPU
		{B8AC886E-EC20-4E09-A8C4-A1E050A85825}.Debug|Any CPU.ActiveCfg = Debug|Any CPU
		{B8AC886E-EC20-4E09-A8C4-A1E050A85825}.Debug|Any CPU.Build.0 = Debug|Any CPU
		{B8AC886E-EC20-4E09-A8C4-A1E050A85825}.Debug|iPhone.ActiveCfg = Debug|Any CPU
		{B8AC886E-EC20-4E09-A8C4-A1E050A85825}.Debug|iPhone.Build.0 = Debug|Any CPU
		{B8AC886E-EC20-4E09-A8C4-A1E050A85825}.Debug|iPhoneSimulator.ActiveCfg = Debug|Any CPU
		{B8AC886E-EC20-4E09-A8C4-A1E050A85825}.Debug|iPhoneSimulator.Build.0 = Debug|Any CPU
		{B8AC886E-EC20-4E09-A8C4-A1E050A85825}.Release|Any CPU.ActiveCfg = Release|Any CPU
		{B8AC886E-EC20-4E09-A8C4-A1E050A85825}.Release|Any CPU.Build.0 = Release|Any CPU
		{B8AC886E-EC20-4E09-A8C4-A1E050A85825}.Release|iPhone.ActiveCfg = Release|Any CPU
		{B8AC886E-EC20-4E09-A8C4-A1E050A85825}.Release|iPhone.Build.0 = Release|Any CPU
		{B8AC886E-EC20-4E09-A8C4-A1E050A85825}.Release|iPhoneSimulator.ActiveCfg = Release|Any CPU
		{B8AC886E-EC20-4E09-A8C4-A1E050A85825}.Release|iPhoneSimulator.Build.0 = Release|Any CPU
		{EA840D1F-4278-4FAE-B667-18AB38EBE269}.Ad-Hoc|Any CPU.ActiveCfg = Debug|Any CPU
		{EA840D1F-4278-4FAE-B667-18AB38EBE269}.Ad-Hoc|Any CPU.Build.0 = Debug|Any CPU
		{EA840D1F-4278-4FAE-B667-18AB38EBE269}.Ad-Hoc|Any CPU.Deploy.0 = Debug|Any CPU
		{EA840D1F-4278-4FAE-B667-18AB38EBE269}.Ad-Hoc|iPhone.ActiveCfg = Debug|Any CPU
		{EA840D1F-4278-4FAE-B667-18AB38EBE269}.Ad-Hoc|iPhone.Build.0 = Debug|Any CPU
		{EA840D1F-4278-4FAE-B667-18AB38EBE269}.Ad-Hoc|iPhone.Deploy.0 = Debug|Any CPU
		{EA840D1F-4278-4FAE-B667-18AB38EBE269}.Ad-Hoc|iPhoneSimulator.ActiveCfg = Debug|Any CPU
		{EA840D1F-4278-4FAE-B667-18AB38EBE269}.Ad-Hoc|iPhoneSimulator.Build.0 = Debug|Any CPU
		{EA840D1F-4278-4FAE-B667-18AB38EBE269}.Ad-Hoc|iPhoneSimulator.Deploy.0 = Debug|Any CPU
		{EA840D1F-4278-4FAE-B667-18AB38EBE269}.AppStore|Any CPU.ActiveCfg = Debug|Any CPU
		{EA840D1F-4278-4FAE-B667-18AB38EBE269}.AppStore|Any CPU.Build.0 = Debug|Any CPU
		{EA840D1F-4278-4FAE-B667-18AB38EBE269}.AppStore|Any CPU.Deploy.0 = Debug|Any CPU
		{EA840D1F-4278-4FAE-B667-18AB38EBE269}.AppStore|iPhone.ActiveCfg = Debug|Any CPU
		{EA840D1F-4278-4FAE-B667-18AB38EBE269}.AppStore|iPhone.Build.0 = Debug|Any CPU
		{EA840D1F-4278-4FAE-B667-18AB38EBE269}.AppStore|iPhone.Deploy.0 = Debug|Any CPU
		{EA840D1F-4278-4FAE-B667-18AB38EBE269}.AppStore|iPhoneSimulator.ActiveCfg = Debug|Any CPU
		{EA840D1F-4278-4FAE-B667-18AB38EBE269}.AppStore|iPhoneSimulator.Build.0 = Debug|Any CPU
		{EA840D1F-4278-4FAE-B667-18AB38EBE269}.AppStore|iPhoneSimulator.Deploy.0 = Debug|Any CPU
		{EA840D1F-4278-4FAE-B667-18AB38EBE269}.Debug|Any CPU.ActiveCfg = Debug|Any CPU
		{EA840D1F-4278-4FAE-B667-18AB38EBE269}.Debug|Any CPU.Build.0 = Debug|Any CPU
		{EA840D1F-4278-4FAE-B667-18AB38EBE269}.Debug|Any CPU.Deploy.0 = Debug|Any CPU
		{EA840D1F-4278-4FAE-B667-18AB38EBE269}.Debug|iPhone.ActiveCfg = Debug|Any CPU
		{EA840D1F-4278-4FAE-B667-18AB38EBE269}.Debug|iPhone.Build.0 = Debug|Any CPU
		{EA840D1F-4278-4FAE-B667-18AB38EBE269}.Debug|iPhone.Deploy.0 = Debug|Any CPU
		{EA840D1F-4278-4FAE-B667-18AB38EBE269}.Debug|iPhoneSimulator.ActiveCfg = Debug|Any CPU
		{EA840D1F-4278-4FAE-B667-18AB38EBE269}.Debug|iPhoneSimulator.Build.0 = Debug|Any CPU
		{EA840D1F-4278-4FAE-B667-18AB38EBE269}.Debug|iPhoneSimulator.Deploy.0 = Debug|Any CPU
		{EA840D1F-4278-4FAE-B667-18AB38EBE269}.Release|Any CPU.ActiveCfg = Release|Any CPU
		{EA840D1F-4278-4FAE-B667-18AB38EBE269}.Release|Any CPU.Build.0 = Release|Any CPU
		{EA840D1F-4278-4FAE-B667-18AB38EBE269}.Release|Any CPU.Deploy.0 = Release|Any CPU
		{EA840D1F-4278-4FAE-B667-18AB38EBE269}.Release|iPhone.ActiveCfg = Release|Any CPU
		{EA840D1F-4278-4FAE-B667-18AB38EBE269}.Release|iPhone.Build.0 = Release|Any CPU
		{EA840D1F-4278-4FAE-B667-18AB38EBE269}.Release|iPhone.Deploy.0 = Release|Any CPU
		{EA840D1F-4278-4FAE-B667-18AB38EBE269}.Release|iPhoneSimulator.ActiveCfg = Release|Any CPU
		{EA840D1F-4278-4FAE-B667-18AB38EBE269}.Release|iPhoneSimulator.Build.0 = Release|Any CPU
		{EA840D1F-4278-4FAE-B667-18AB38EBE269}.Release|iPhoneSimulator.Deploy.0 = Release|Any CPU
		{3CBB4212-EAA5-40B7-BC80-4351A4FF3B89}.Ad-Hoc|Any CPU.ActiveCfg = Ad-Hoc|iPhoneSimulator
		{3CBB4212-EAA5-40B7-BC80-4351A4FF3B89}.Ad-Hoc|iPhone.ActiveCfg = Ad-Hoc|iPhone
		{3CBB4212-EAA5-40B7-BC80-4351A4FF3B89}.Ad-Hoc|iPhone.Build.0 = Ad-Hoc|iPhone
		{3CBB4212-EAA5-40B7-BC80-4351A4FF3B89}.Ad-Hoc|iPhoneSimulator.ActiveCfg = Ad-Hoc|iPhoneSimulator
		{3CBB4212-EAA5-40B7-BC80-4351A4FF3B89}.Ad-Hoc|iPhoneSimulator.Build.0 = Ad-Hoc|iPhoneSimulator
		{3CBB4212-EAA5-40B7-BC80-4351A4FF3B89}.AppStore|Any CPU.ActiveCfg = AppStore|iPhoneSimulator
		{3CBB4212-EAA5-40B7-BC80-4351A4FF3B89}.AppStore|iPhone.ActiveCfg = AppStore|iPhone
		{3CBB4212-EAA5-40B7-BC80-4351A4FF3B89}.AppStore|iPhone.Build.0 = AppStore|iPhone
		{3CBB4212-EAA5-40B7-BC80-4351A4FF3B89}.AppStore|iPhoneSimulator.ActiveCfg = AppStore|iPhoneSimulator
		{3CBB4212-EAA5-40B7-BC80-4351A4FF3B89}.AppStore|iPhoneSimulator.Build.0 = AppStore|iPhoneSimulator
		{3CBB4212-EAA5-40B7-BC80-4351A4FF3B89}.Debug|Any CPU.ActiveCfg = Debug|iPhoneSimulator
		{3CBB4212-EAA5-40B7-BC80-4351A4FF3B89}.Debug|iPhone.ActiveCfg = Debug|iPhone
		{3CBB4212-EAA5-40B7-BC80-4351A4FF3B89}.Debug|iPhone.Build.0 = Debug|iPhone
		{3CBB4212-EAA5-40B7-BC80-4351A4FF3B89}.Debug|iPhoneSimulator.ActiveCfg = Debug|iPhoneSimulator
		{3CBB4212-EAA5-40B7-BC80-4351A4FF3B89}.Debug|iPhoneSimulator.Build.0 = Debug|iPhoneSimulator
		{3CBB4212-EAA5-40B7-BC80-4351A4FF3B89}.Release|Any CPU.ActiveCfg = Release|iPhoneSimulator
		{3CBB4212-EAA5-40B7-BC80-4351A4FF3B89}.Release|iPhone.ActiveCfg = Release|iPhone
		{3CBB4212-EAA5-40B7-BC80-4351A4FF3B89}.Release|iPhone.Build.0 = Release|iPhone
		{3CBB4212-EAA5-40B7-BC80-4351A4FF3B89}.Release|iPhoneSimulator.ActiveCfg = Release|iPhoneSimulator
		{3CBB4212-EAA5-40B7-BC80-4351A4FF3B89}.Release|iPhoneSimulator.Build.0 = Release|iPhoneSimulator
	EndGlobalSection
	GlobalSection(SolutionProperties) = preSolution
		HideSolutionNode = FALSE
	EndGlobalSection
	GlobalSection(ExtensibilityGlobals) = postSolution
		SolutionGuid = {22834656-EAD9-4106-BBE2-EEB5C1911260}
	EndGlobalSection
EndGlobal
