
Microsoft Visual Studio Solution File, Format Version 12.00
# Visual Studio Version 16
VisualStudioVersion = 16.0.31205.134
MinimumVisualStudioVersion = 10.0.40219.1
Project("{FAE04EC0-301F-11D3-BF4B-00C04F79EFBC}") = "MyReadBooksPrismApp.Android", "MyReadBooksPrismApp.Android\MyReadBooksPrismApp.Android.csproj", "{B3825DE6-1C58-4CB0-A572-90C82E5FC162}"
EndProject
Project("{FAE04EC0-301F-11D3-BF4B-00C04F79EFBC}") = "MyReadBooksPrismApp.iOS", "MyReadBooksPrismApp.iOS\MyReadBooksPrismApp.iOS.csproj", "{8475A480-3258-42F4-9B02-FDD4F787D14D}"
EndProject
Project("{FAE04EC0-301F-11D3-BF4B-00C04F79EFBC}") = "MyReadBooksPrismApp", "MyReadBooksPrismApp\MyReadBooksPrismApp.csproj", "{AD753878-F6D6-45C1-8685-B78D5ADFF31A}"
EndProject
Global
	GlobalSection(SolutionConfigurationPlatforms) = preSolution
		Debug|Any CPU = Debug|Any CPU
		Debug|iPhone = Debug|iPhone
		Debug|iPhoneSimulator = Debug|iPhoneSimulator
		Release|Any CPU = Release|Any CPU
		Release|iPhone = Release|iPhone
		Release|iPhoneSimulator = Release|iPhoneSimulator
	EndGlobalSection
	GlobalSection(ProjectConfigurationPlatforms) = postSolution
		{B3825DE6-1C58-4CB0-A572-90C82E5FC162}.Debug|Any CPU.ActiveCfg = Debug|Any CPU
		{B3825DE6-1C58-4CB0-A572-90C82E5FC162}.Debug|Any CPU.Build.0 = Debug|Any CPU
		{B3825DE6-1C58-4CB0-A572-90C82E5FC162}.Debug|Any CPU.Deploy.0 = Debug|Any CPU
		{B3825DE6-1C58-4CB0-A572-90C82E5FC162}.Debug|iPhone.ActiveCfg = Debug|Any CPU
		{B3825DE6-1C58-4CB0-A572-90C82E5FC162}.Debug|iPhone.Build.0 = Debug|Any CPU
		{B3825DE6-1C58-4CB0-A572-90C82E5FC162}.Debug|iPhone.Deploy.0 = Debug|Any CPU
		{B3825DE6-1C58-4CB0-A572-90C82E5FC162}.Debug|iPhoneSimulator.ActiveCfg = Debug|Any CPU
		{B3825DE6-1C58-4CB0-A572-90C82E5FC162}.Debug|iPhoneSimulator.Build.0 = Debug|Any CPU
		{B3825DE6-1C58-4CB0-A572-90C82E5FC162}.Debug|iPhoneSimulator.Deploy.0 = Debug|Any CPU
		{B3825DE6-1C58-4CB0-A572-90C82E5FC162}.Release|Any CPU.ActiveCfg = Release|Any CPU
		{B3825DE6-1C58-4CB0-A572-90C82E5FC162}.Release|Any CPU.Build.0 = Release|Any CPU
		{B3825DE6-1C58-4CB0-A572-90C82E5FC162}.Release|Any CPU.Deploy.0 = Release|Any CPU
		{B3825DE6-1C58-4CB0-A572-90C82E5FC162}.Release|iPhone.ActiveCfg = Release|Any CPU
		{B3825DE6-1C58-4CB0-A572-90C82E5FC162}.Release|iPhone.Build.0 = Release|Any CPU
		{B3825DE6-1C58-4CB0-A572-90C82E5FC162}.Release|iPhone.Deploy.0 = Release|Any CPU
		{B3825DE6-1C58-4CB0-A572-90C82E5FC162}.Release|iPhoneSimulator.ActiveCfg = Release|Any CPU
		{B3825DE6-1C58-4CB0-A572-90C82E5FC162}.Release|iPhoneSimulator.Build.0 = Release|Any CPU
		{B3825DE6-1C58-4CB0-A572-90C82E5FC162}.Release|iPhoneSimulator.Deploy.0 = Release|Any CPU
		{8475A480-3258-42F4-9B02-FDD4F787D14D}.Debug|Any CPU.ActiveCfg = Debug|iPhone
		{8475A480-3258-42F4-9B02-FDD4F787D14D}.Debug|Any CPU.Build.0 = Debug|iPhone
		{8475A480-3258-42F4-9B02-FDD4F787D14D}.Debug|Any CPU.Deploy.0 = Debug|iPhone
		{8475A480-3258-42F4-9B02-FDD4F787D14D}.Debug|iPhone.ActiveCfg = Debug|iPhone
		{8475A480-3258-42F4-9B02-FDD4F787D14D}.Debug|iPhone.Build.0 = Debug|iPhone
		{8475A480-3258-42F4-9B02-FDD4F787D14D}.Debug|iPhone.Deploy.0 = Debug|iPhone
		{8475A480-3258-42F4-9B02-FDD4F787D14D}.Debug|iPhoneSimulator.ActiveCfg = Debug|iPhoneSimulator
		{8475A480-3258-42F4-9B02-FDD4F787D14D}.Debug|iPhoneSimulator.Build.0 = Debug|iPhoneSimulator
		{8475A480-3258-42F4-9B02-FDD4F787D14D}.Debug|iPhoneSimulator.Deploy.0 = Debug|iPhoneSimulator
		{8475A480-3258-42F4-9B02-FDD4F787D14D}.Release|Any CPU.ActiveCfg = Release|iPhoneSimulator
		{8475A480-3258-42F4-9B02-FDD4F787D14D}.Release|Any CPU.Build.0 = Release|iPhoneSimulator
		{8475A480-3258-42F4-9B02-FDD4F787D14D}.Release|Any CPU.Deploy.0 = Release|iPhoneSimulator
		{8475A480-3258-42F4-9B02-FDD4F787D14D}.Release|iPhone.ActiveCfg = Release|iPhone
		{8475A480-3258-42F4-9B02-FDD4F787D14D}.Release|iPhone.Build.0 = Release|iPhone
		{8475A480-3258-42F4-9B02-FDD4F787D14D}.Release|iPhone.Deploy.0 = Release|iPhone
		{8475A480-3258-42F4-9B02-FDD4F787D14D}.Release|iPhoneSimulator.ActiveCfg = Release|iPhoneSimulator
		{8475A480-3258-42F4-9B02-FDD4F787D14D}.Release|iPhoneSimulator.Build.0 = Release|iPhoneSimulator
		{8475A480-3258-42F4-9B02-FDD4F787D14D}.Release|iPhoneSimulator.Deploy.0 = Release|iPhoneSimulator
		{AD753878-F6D6-45C1-8685-B78D5ADFF31A}.Debug|Any CPU.ActiveCfg = Debug|Any CPU
		{AD753878-F6D6-45C1-8685-B78D5ADFF31A}.Debug|Any CPU.Build.0 = Debug|Any CPU
		{AD753878-F6D6-45C1-8685-B78D5ADFF31A}.Debug|Any CPU.Deploy.0 = Debug|Any CPU
		{AD753878-F6D6-45C1-8685-B78D5ADFF31A}.Debug|iPhone.ActiveCfg = Debug|Any CPU
		{AD753878-F6D6-45C1-8685-B78D5ADFF31A}.Debug|iPhone.Build.0 = Debug|Any CPU
		{AD753878-F6D6-45C1-8685-B78D5ADFF31A}.Debug|iPhone.Deploy.0 = Debug|Any CPU
		{AD753878-F6D6-45C1-8685-B78D5ADFF31A}.Debug|iPhoneSimulator.ActiveCfg = Debug|Any CPU
		{AD753878-F6D6-45C1-8685-B78D5ADFF31A}.Debug|iPhoneSimulator.Build.0 = Debug|Any CPU
		{AD753878-F6D6-45C1-8685-B78D5ADFF31A}.Debug|iPhoneSimulator.Deploy.0 = Debug|Any CPU
		{AD753878-F6D6-45C1-8685-B78D5ADFF31A}.Release|Any CPU.ActiveCfg = Release|Any CPU
		{AD753878-F6D6-45C1-8685-B78D5ADFF31A}.Release|Any CPU.Build.0 = Release|Any CPU
		{AD753878-F6D6-45C1-8685-B78D5ADFF31A}.Release|Any CPU.Deploy.0 = Release|Any CPU
		{AD753878-F6D6-45C1-8685-B78D5ADFF31A}.Release|iPhone.ActiveCfg = Release|Any CPU
		{AD753878-F6D6-45C1-8685-B78D5ADFF31A}.Release|iPhone.Build.0 = Release|Any CPU
		{AD753878-F6D6-45C1-8685-B78D5ADFF31A}.Release|iPhone.Deploy.0 = Release|Any CPU
		{AD753878-F6D6-45C1-8685-B78D5ADFF31A}.Release|iPhoneSimulator.ActiveCfg = Release|Any CPU
		{AD753878-F6D6-45C1-8685-B78D5ADFF31A}.Release|iPhoneSimulator.Build.0 = Release|Any CPU
		{AD753878-F6D6-45C1-8685-B78D5ADFF31A}.Release|iPhoneSimulator.Deploy.0 = Release|Any CPU
	EndGlobalSection
	GlobalSection(SolutionProperties) = preSolution
		HideSolutionNode = FALSE
	EndGlobalSection
	GlobalSection(ExtensibilityGlobals) = postSolution
		SolutionGuid = {ED8C5591-440F-4766-B9BF-A566E448377D}
	EndGlobalSection
EndGlobal
