
Microsoft Visual Studio Solution File, Format Version 12.00
# Visual Studio Version 16
VisualStudioVersion = 16.0.31205.134
MinimumVisualStudioVersion = 10.0.40219.1
Project("{FAE04EC0-301F-11D3-BF4B-00C04F79EFBC}") = "WPF_ZooManager", "WPF_ZooManager\WPF_ZooManager.csproj", "{A263EBD1-2712-438F-92B5-7E19CF676B21}"
EndProject
Global
	GlobalSection(SolutionConfigurationPlatforms) = preSolution
		Debug|Any CPU = Debug|Any CPU
		Release|Any CPU = Release|Any CPU
	EndGlobalSection
	GlobalSection(ProjectConfigurationPlatforms) = postSolution
		{A263EBD1-2712-438F-92B5-7E19CF676B21}.Debug|Any CPU.ActiveCfg = Debug|Any CPU
		{A263EBD1-2712-438F-92B5-7E19CF676B21}.Debug|Any CPU.Build.0 = Debug|Any CPU
		{A263EBD1-2712-438F-92B5-7E19CF676B21}.Release|Any CPU.ActiveCfg = Release|Any CPU
		{A263EBD1-2712-438F-92B5-7E19CF676B21}.Release|Any CPU.Build.0 = Release|Any CPU
	EndGlobalSection
	GlobalSection(SolutionProperties) = preSolution
		HideSolutionNode = FALSE
	EndGlobalSection
	GlobalSection(ExtensibilityGlobals) = postSolution
		SolutionGuid = {361BB9CE-F841-43DE-9B4B-64E09B3D9712}
	EndGlobalSection
EndGlobal
