
Microsoft Visual Studio Solution File, Format Version 12.00
# Visual Studio Version 16
VisualStudioVersion = 16.0.31205.134
MinimumVisualStudioVersion = 10.0.40219.1
Project("{FAE04EC0-301F-11D3-BF4B-00C04F79EFBC}") = "XamlEssential.Android", "XamlEssential\XamlEssential.Android\XamlEssential.Android.csproj", "{042C82DF-5E04-49AB-8B32-A9B080F8B482}"
EndProject
Project("{FAE04EC0-301F-11D3-BF4B-00C04F79EFBC}") = "XamlEssential.iOS", "XamlEssential\XamlEssential.iOS\XamlEssential.iOS.csproj", "{DF1AD407-FFBB-4E1E-A8CE-829B5FBE4616}"
EndProject
Project("{9A19103F-16F7-4668-BE54-9A1E7A4F7556}") = "XamlEssential", "XamlEssential\XamlEssential\XamlEssential.csproj", "{96261334-F0F2-424B-B18C-681C319FBAD1}"
EndProject
Project("{FAE04EC0-301F-11D3-BF4B-00C04F79EFBC}") = "layout.Android", "layout\layout.Android\layout.Android.csproj", "{0A34BF94-22D5-4920-9861-200EB7DDBFE9}"
EndProject
Project("{FAE04EC0-301F-11D3-BF4B-00C04F79EFBC}") = "layout.iOS", "layout\layout.iOS\layout.iOS.csproj", "{6E199461-9294-4130-BF95-A3BFB3C891E3}"
EndProject
Project("{FAE04EC0-301F-11D3-BF4B-00C04F79EFBC}") = "layout", "layout\layout\layout.csproj", "{45B41102-A058-4492-AC07-32BE676F6E94}"
EndProject
Project("{FAE04EC0-301F-11D3-BF4B-00C04F79EFBC}") = "images.Android", "images\images.Android\images.Android.csproj", "{7FC24E46-EDB7-4F20-8949-965E5489A1B6}"
EndProject
Project("{FAE04EC0-301F-11D3-BF4B-00C04F79EFBC}") = "images.iOS", "images\images.iOS\images.iOS.csproj", "{05EC447B-CC23-4FB5-97A8-63AD6B61857F}"
EndProject
Project("{9A19103F-16F7-4668-BE54-9A1E7A4F7556}") = "images", "images\images\images.csproj", "{ABD6545C-86F8-490C-84DB-59F5CFEE357E}"
EndProject
Project("{FAE04EC0-301F-11D3-BF4B-00C04F79EFBC}") = "list.Android", "list\list.Android\list.Android.csproj", "{FC8BAE25-F0BE-4C78-93C6-F06F6E4B24B8}"
EndProject
Project("{FAE04EC0-301F-11D3-BF4B-00C04F79EFBC}") = "list.iOS", "list\list.iOS\list.iOS.csproj", "{264535DF-3F95-4751-8021-9E3C0F6F5948}"
EndProject
Project("{9A19103F-16F7-4668-BE54-9A1E7A4F7556}") = "list", "list\list\list.csproj", "{BDC6ABE7-AD68-4E3B-9626-9B405887B56D}"
EndProject
Project("{FAE04EC0-301F-11D3-BF4B-00C04F79EFBC}") = "navigation.Android", "navigation\navigation.Android\navigation.Android.csproj", "{9254DD22-C554-4D44-803C-11E4605462CE}"
EndProject
Project("{FAE04EC0-301F-11D3-BF4B-00C04F79EFBC}") = "navigation.iOS", "navigation\navigation.iOS\navigation.iOS.csproj", "{CC292112-0C34-4461-8120-4ACD30939C74}"
EndProject
Project("{9A19103F-16F7-4668-BE54-9A1E7A4F7556}") = "navigation", "navigation\navigation\navigation.csproj", "{DC2EA835-4E70-4D5F-B712-9B1D0CD786C2}"
EndProject
Project("{FAE04EC0-301F-11D3-BF4B-00C04F79EFBC}") = "Forms.Android", "Forms\Forms.Android\Forms.Android.csproj", "{0C4E3018-413D-472C-ABD2-6445991711EE}"
EndProject
Project("{FAE04EC0-301F-11D3-BF4B-00C04F79EFBC}") = "Forms.iOS", "Forms\Forms.iOS\Forms.iOS.csproj", "{40E37CE4-817F-4B78-A6B8-D466B22A91B0}"
EndProject
Project("{9A19103F-16F7-4668-BE54-9A1E7A4F7556}") = "Forms", "Forms\Forms\Forms.csproj", "{873FB41B-F1FB-4A86-865D-C025FE4C43E5}"
EndProject
Project("{FAE04EC0-301F-11D3-BF4B-00C04F79EFBC}") = "dataAccess.Android", "dataAccess\dataAccess.Android\dataAccess.Android.csproj", "{3BC692CB-38CF-43EE-9560-8F8837A1F70A}"
EndProject
Project("{FAE04EC0-301F-11D3-BF4B-00C04F79EFBC}") = "dataAccess.iOS", "dataAccess\dataAccess.iOS\dataAccess.iOS.csproj", "{57C0110F-49C5-4D84-A471-A4AAF466D67E}"
EndProject
Project("{9A19103F-16F7-4668-BE54-9A1E7A4F7556}") = "dataAccess", "dataAccess\dataAccess\dataAccess.csproj", "{DD0196BA-7080-429C-BC07-9C322B616B38}"
EndProject
Project("{FAE04EC0-301F-11D3-BF4B-00C04F79EFBC}") = "MVVM.Android", "MVVM\MVVM.Android\MVVM.Android.csproj", "{2BB70078-A966-4AC9-90F0-0A3039E252B1}"
EndProject
Project("{FAE04EC0-301F-11D3-BF4B-00C04F79EFBC}") = "MVVM.iOS", "MVVM\MVVM.iOS\MVVM.iOS.csproj", "{F4521AFB-8314-4CB3-BEED-38DB5F31A0C3}"
EndProject
Project("{FAE04EC0-301F-11D3-BF4B-00C04F79EFBC}") = "MVVM", "MVVM\MVVM\MVVM.csproj", "{94DCD616-6F3F-42F0-900A-3F2F6D69DB9A}"
EndProject
Project("{FAE04EC0-301F-11D3-BF4B-00C04F79EFBC}") = "ContactApp.Android", "ContactApp\ContactApp.Android\ContactApp.Android.csproj", "{2555B9F0-6C7F-423B-B0C5-B551CBD6600C}"
EndProject
Project("{FAE04EC0-301F-11D3-BF4B-00C04F79EFBC}") = "ContactApp.iOS", "ContactApp\ContactApp.iOS\ContactApp.iOS.csproj", "{4103DD6C-BE70-4BB1-BB16-BB4F693EF02E}"
EndProject
Project("{9A19103F-16F7-4668-BE54-9A1E7A4F7556}") = "ContactApp", "ContactApp\ContactApp\ContactApp.csproj", "{37526854-33A7-4898-AA2F-F2853EC1F459}"
EndProject
Project("{FAE04EC0-301F-11D3-BF4B-00C04F79EFBC}") = "MVVMExercise.Android", "MVVMExercise\MVVMExercise.Android\MVVMExercise.Android.csproj", "{517819C0-C1C3-4D66-8072-EA12CE3ABE4D}"
EndProject
Project("{FAE04EC0-301F-11D3-BF4B-00C04F79EFBC}") = "MVVMExercise.iOS", "MVVMExercise\MVVMExercise.iOS\MVVMExercise.iOS.csproj", "{8A26FD31-F6AF-4FCA-AF04-2676F34A415B}"
EndProject
Project("{FAE04EC0-301F-11D3-BF4B-00C04F79EFBC}") = "MVVMExercise", "MVVMExercise\MVVMExercise\MVVMExercise.csproj", "{6F7EF831-821A-4B01-880E-B740D4D198D4}"
EndProject
Project("{FAE04EC0-301F-11D3-BF4B-00C04F79EFBC}") = "BeyondBasics.Android", "BeyondBasics\BeyondBasics.Android\BeyondBasics.Android.csproj", "{040F002F-3C74-4BCC-A612-0078B42785A8}"
EndProject
Project("{FAE04EC0-301F-11D3-BF4B-00C04F79EFBC}") = "BeyondBasics.iOS", "BeyondBasics\BeyondBasics.iOS\BeyondBasics.iOS.csproj", "{18870D82-6DAB-481F-8CB7-FEE4D5F9167B}"
EndProject
Project("{FAE04EC0-301F-11D3-BF4B-00C04F79EFBC}") = "BeyondBasics", "BeyondBasics\BeyondBasics\BeyondBasics.csproj", "{6FDCDE92-CC91-4A79-87BE-10FCC312361A}"
EndProject
Global
	GlobalSection(SolutionConfigurationPlatforms) = preSolution
		Debug|Any CPU = Debug|Any CPU
		Debug|iPhone = Debug|iPhone
		Debug|iPhoneSimulator = Debug|iPhoneSimulator
		Release|Any CPU = Release|Any CPU
		Release|iPhone = Release|iPhone
		Release|iPhoneSimulator = Release|iPhoneSimulator
	EndGlobalSection
	GlobalSection(ProjectConfigurationPlatforms) = postSolution
		{042C82DF-5E04-49AB-8B32-A9B080F8B482}.Debug|Any CPU.ActiveCfg = Debug|Any CPU
		{042C82DF-5E04-49AB-8B32-A9B080F8B482}.Debug|Any CPU.Build.0 = Debug|Any CPU
		{042C82DF-5E04-49AB-8B32-A9B080F8B482}.Debug|Any CPU.Deploy.0 = Debug|Any CPU
		{042C82DF-5E04-49AB-8B32-A9B080F8B482}.Debug|iPhone.ActiveCfg = Debug|Any CPU
		{042C82DF-5E04-49AB-8B32-A9B080F8B482}.Debug|iPhone.Build.0 = Debug|Any CPU
		{042C82DF-5E04-49AB-8B32-A9B080F8B482}.Debug|iPhone.Deploy.0 = Debug|Any CPU
		{042C82DF-5E04-49AB-8B32-A9B080F8B482}.Debug|iPhoneSimulator.ActiveCfg = Debug|Any CPU
		{042C82DF-5E04-49AB-8B32-A9B080F8B482}.Debug|iPhoneSimulator.Build.0 = Debug|Any CPU
		{042C82DF-5E04-49AB-8B32-A9B080F8B482}.Debug|iPhoneSimulator.Deploy.0 = Debug|Any CPU
		{042C82DF-5E04-49AB-8B32-A9B080F8B482}.Release|Any CPU.ActiveCfg = Release|Any CPU
		{042C82DF-5E04-49AB-8B32-A9B080F8B482}.Release|Any CPU.Build.0 = Release|Any CPU
		{042C82DF-5E04-49AB-8B32-A9B080F8B482}.Release|Any CPU.Deploy.0 = Release|Any CPU
		{042C82DF-5E04-49AB-8B32-A9B080F8B482}.Release|iPhone.ActiveCfg = Release|Any CPU
		{042C82DF-5E04-49AB-8B32-A9B080F8B482}.Release|iPhone.Build.0 = Release|Any CPU
		{042C82DF-5E04-49AB-8B32-A9B080F8B482}.Release|iPhone.Deploy.0 = Release|Any CPU
		{042C82DF-5E04-49AB-8B32-A9B080F8B482}.Release|iPhoneSimulator.ActiveCfg = Release|Any CPU
		{042C82DF-5E04-49AB-8B32-A9B080F8B482}.Release|iPhoneSimulator.Build.0 = Release|Any CPU
		{042C82DF-5E04-49AB-8B32-A9B080F8B482}.Release|iPhoneSimulator.Deploy.0 = Release|Any CPU
		{DF1AD407-FFBB-4E1E-A8CE-829B5FBE4616}.Debug|Any CPU.ActiveCfg = Debug|iPhoneSimulator
		{DF1AD407-FFBB-4E1E-A8CE-829B5FBE4616}.Debug|iPhone.ActiveCfg = Debug|iPhone
		{DF1AD407-FFBB-4E1E-A8CE-829B5FBE4616}.Debug|iPhone.Build.0 = Debug|iPhone
		{DF1AD407-FFBB-4E1E-A8CE-829B5FBE4616}.Debug|iPhoneSimulator.ActiveCfg = Debug|iPhoneSimulator
		{DF1AD407-FFBB-4E1E-A8CE-829B5FBE4616}.Debug|iPhoneSimulator.Build.0 = Debug|iPhoneSimulator
		{DF1AD407-FFBB-4E1E-A8CE-829B5FBE4616}.Release|Any CPU.ActiveCfg = Release|iPhoneSimulator
		{DF1AD407-FFBB-4E1E-A8CE-829B5FBE4616}.Release|iPhone.ActiveCfg = Release|iPhone
		{DF1AD407-FFBB-4E1E-A8CE-829B5FBE4616}.Release|iPhone.Build.0 = Release|iPhone
		{DF1AD407-FFBB-4E1E-A8CE-829B5FBE4616}.Release|iPhoneSimulator.ActiveCfg = Release|iPhoneSimulator
		{DF1AD407-FFBB-4E1E-A8CE-829B5FBE4616}.Release|iPhoneSimulator.Build.0 = Release|iPhoneSimulator
		{96261334-F0F2-424B-B18C-681C319FBAD1}.Debug|Any CPU.ActiveCfg = Debug|Any CPU
		{96261334-F0F2-424B-B18C-681C319FBAD1}.Debug|Any CPU.Build.0 = Debug|Any CPU
		{96261334-F0F2-424B-B18C-681C319FBAD1}.Debug|iPhone.ActiveCfg = Debug|Any CPU
		{96261334-F0F2-424B-B18C-681C319FBAD1}.Debug|iPhone.Build.0 = Debug|Any CPU
		{96261334-F0F2-424B-B18C-681C319FBAD1}.Debug|iPhoneSimulator.ActiveCfg = Debug|Any CPU
		{96261334-F0F2-424B-B18C-681C319FBAD1}.Debug|iPhoneSimulator.Build.0 = Debug|Any CPU
		{96261334-F0F2-424B-B18C-681C319FBAD1}.Release|Any CPU.ActiveCfg = Release|Any CPU
		{96261334-F0F2-424B-B18C-681C319FBAD1}.Release|Any CPU.Build.0 = Release|Any CPU
		{96261334-F0F2-424B-B18C-681C319FBAD1}.Release|iPhone.ActiveCfg = Release|Any CPU
		{96261334-F0F2-424B-B18C-681C319FBAD1}.Release|iPhone.Build.0 = Release|Any CPU
		{96261334-F0F2-424B-B18C-681C319FBAD1}.Release|iPhoneSimulator.ActiveCfg = Release|Any CPU
		{96261334-F0F2-424B-B18C-681C319FBAD1}.Release|iPhoneSimulator.Build.0 = Release|Any CPU
		{0A34BF94-22D5-4920-9861-200EB7DDBFE9}.Debug|Any CPU.ActiveCfg = Debug|Any CPU
		{0A34BF94-22D5-4920-9861-200EB7DDBFE9}.Debug|Any CPU.Build.0 = Debug|Any CPU
		{0A34BF94-22D5-4920-9861-200EB7DDBFE9}.Debug|Any CPU.Deploy.0 = Debug|Any CPU
		{0A34BF94-22D5-4920-9861-200EB7DDBFE9}.Debug|iPhone.ActiveCfg = Debug|Any CPU
		{0A34BF94-22D5-4920-9861-200EB7DDBFE9}.Debug|iPhone.Build.0 = Debug|Any CPU
		{0A34BF94-22D5-4920-9861-200EB7DDBFE9}.Debug|iPhone.Deploy.0 = Debug|Any CPU
		{0A34BF94-22D5-4920-9861-200EB7DDBFE9}.Debug|iPhoneSimulator.ActiveCfg = Debug|Any CPU
		{0A34BF94-22D5-4920-9861-200EB7DDBFE9}.Debug|iPhoneSimulator.Build.0 = Debug|Any CPU
		{0A34BF94-22D5-4920-9861-200EB7DDBFE9}.Debug|iPhoneSimulator.Deploy.0 = Debug|Any CPU
		{0A34BF94-22D5-4920-9861-200EB7DDBFE9}.Release|Any CPU.ActiveCfg = Release|Any CPU
		{0A34BF94-22D5-4920-9861-200EB7DDBFE9}.Release|Any CPU.Build.0 = Release|Any CPU
		{0A34BF94-22D5-4920-9861-200EB7DDBFE9}.Release|Any CPU.Deploy.0 = Release|Any CPU
		{0A34BF94-22D5-4920-9861-200EB7DDBFE9}.Release|iPhone.ActiveCfg = Release|Any CPU
		{0A34BF94-22D5-4920-9861-200EB7DDBFE9}.Release|iPhone.Build.0 = Release|Any CPU
		{0A34BF94-22D5-4920-9861-200EB7DDBFE9}.Release|iPhone.Deploy.0 = Release|Any CPU
		{0A34BF94-22D5-4920-9861-200EB7DDBFE9}.Release|iPhoneSimulator.ActiveCfg = Release|Any CPU
		{0A34BF94-22D5-4920-9861-200EB7DDBFE9}.Release|iPhoneSimulator.Build.0 = Release|Any CPU
		{0A34BF94-22D5-4920-9861-200EB7DDBFE9}.Release|iPhoneSimulator.Deploy.0 = Release|Any CPU
		{6E199461-9294-4130-BF95-A3BFB3C891E3}.Debug|Any CPU.ActiveCfg = Debug|iPhoneSimulator
		{6E199461-9294-4130-BF95-A3BFB3C891E3}.Debug|iPhone.ActiveCfg = Debug|iPhone
		{6E199461-9294-4130-BF95-A3BFB3C891E3}.Debug|iPhone.Build.0 = Debug|iPhone
		{6E199461-9294-4130-BF95-A3BFB3C891E3}.Debug|iPhoneSimulator.ActiveCfg = Debug|iPhoneSimulator
		{6E199461-9294-4130-BF95-A3BFB3C891E3}.Debug|iPhoneSimulator.Build.0 = Debug|iPhoneSimulator
		{6E199461-9294-4130-BF95-A3BFB3C891E3}.Release|Any CPU.ActiveCfg = Release|iPhoneSimulator
		{6E199461-9294-4130-BF95-A3BFB3C891E3}.Release|iPhone.ActiveCfg = Release|iPhone
		{6E199461-9294-4130-BF95-A3BFB3C891E3}.Release|iPhone.Build.0 = Release|iPhone
		{6E199461-9294-4130-BF95-A3BFB3C891E3}.Release|iPhoneSimulator.ActiveCfg = Release|iPhoneSimulator
		{6E199461-9294-4130-BF95-A3BFB3C891E3}.Release|iPhoneSimulator.Build.0 = Release|iPhoneSimulator
		{45B41102-A058-4492-AC07-32BE676F6E94}.Debug|Any CPU.ActiveCfg = Debug|Any CPU
		{45B41102-A058-4492-AC07-32BE676F6E94}.Debug|Any CPU.Build.0 = Debug|Any CPU
		{45B41102-A058-4492-AC07-32BE676F6E94}.Debug|iPhone.ActiveCfg = Debug|Any CPU
		{45B41102-A058-4492-AC07-32BE676F6E94}.Debug|iPhone.Build.0 = Debug|Any CPU
		{45B41102-A058-4492-AC07-32BE676F6E94}.Debug|iPhoneSimulator.ActiveCfg = Debug|Any CPU
		{45B41102-A058-4492-AC07-32BE676F6E94}.Debug|iPhoneSimulator.Build.0 = Debug|Any CPU
		{45B41102-A058-4492-AC07-32BE676F6E94}.Release|Any CPU.ActiveCfg = Release|Any CPU
		{45B41102-A058-4492-AC07-32BE676F6E94}.Release|Any CPU.Build.0 = Release|Any CPU
		{45B41102-A058-4492-AC07-32BE676F6E94}.Release|iPhone.ActiveCfg = Release|Any CPU
		{45B41102-A058-4492-AC07-32BE676F6E94}.Release|iPhone.Build.0 = Release|Any CPU
		{45B41102-A058-4492-AC07-32BE676F6E94}.Release|iPhoneSimulator.ActiveCfg = Release|Any CPU
		{45B41102-A058-4492-AC07-32BE676F6E94}.Release|iPhoneSimulator.Build.0 = Release|Any CPU
		{7FC24E46-EDB7-4F20-8949-965E5489A1B6}.Debug|Any CPU.ActiveCfg = Debug|Any CPU
		{7FC24E46-EDB7-4F20-8949-965E5489A1B6}.Debug|Any CPU.Build.0 = Debug|Any CPU
		{7FC24E46-EDB7-4F20-8949-965E5489A1B6}.Debug|Any CPU.Deploy.0 = Debug|Any CPU
		{7FC24E46-EDB7-4F20-8949-965E5489A1B6}.Debug|iPhone.ActiveCfg = Debug|Any CPU
		{7FC24E46-EDB7-4F20-8949-965E5489A1B6}.Debug|iPhone.Build.0 = Debug|Any CPU
		{7FC24E46-EDB7-4F20-8949-965E5489A1B6}.Debug|iPhone.Deploy.0 = Debug|Any CPU
		{7FC24E46-EDB7-4F20-8949-965E5489A1B6}.Debug|iPhoneSimulator.ActiveCfg = Debug|Any CPU
		{7FC24E46-EDB7-4F20-8949-965E5489A1B6}.Debug|iPhoneSimulator.Build.0 = Debug|Any CPU
		{7FC24E46-EDB7-4F20-8949-965E5489A1B6}.Debug|iPhoneSimulator.Deploy.0 = Debug|Any CPU
		{7FC24E46-EDB7-4F20-8949-965E5489A1B6}.Release|Any CPU.ActiveCfg = Release|Any CPU
		{7FC24E46-EDB7-4F20-8949-965E5489A1B6}.Release|Any CPU.Build.0 = Release|Any CPU
		{7FC24E46-EDB7-4F20-8949-965E5489A1B6}.Release|Any CPU.Deploy.0 = Release|Any CPU
		{7FC24E46-EDB7-4F20-8949-965E5489A1B6}.Release|iPhone.ActiveCfg = Release|Any CPU
		{7FC24E46-EDB7-4F20-8949-965E5489A1B6}.Release|iPhone.Build.0 = Release|Any CPU
		{7FC24E46-EDB7-4F20-8949-965E5489A1B6}.Release|iPhone.Deploy.0 = Release|Any CPU
		{7FC24E46-EDB7-4F20-8949-965E5489A1B6}.Release|iPhoneSimulator.ActiveCfg = Release|Any CPU
		{7FC24E46-EDB7-4F20-8949-965E5489A1B6}.Release|iPhoneSimulator.Build.0 = Release|Any CPU
		{7FC24E46-EDB7-4F20-8949-965E5489A1B6}.Release|iPhoneSimulator.Deploy.0 = Release|Any CPU
		{05EC447B-CC23-4FB5-97A8-63AD6B61857F}.Debug|Any CPU.ActiveCfg = Debug|iPhoneSimulator
		{05EC447B-CC23-4FB5-97A8-63AD6B61857F}.Debug|iPhone.ActiveCfg = Debug|iPhone
		{05EC447B-CC23-4FB5-97A8-63AD6B61857F}.Debug|iPhone.Build.0 = Debug|iPhone
		{05EC447B-CC23-4FB5-97A8-63AD6B61857F}.Debug|iPhoneSimulator.ActiveCfg = Debug|iPhoneSimulator
		{05EC447B-CC23-4FB5-97A8-63AD6B61857F}.Debug|iPhoneSimulator.Build.0 = Debug|iPhoneSimulator
		{05EC447B-CC23-4FB5-97A8-63AD6B61857F}.Release|Any CPU.ActiveCfg = Release|iPhoneSimulator
		{05EC447B-CC23-4FB5-97A8-63AD6B61857F}.Release|iPhone.ActiveCfg = Release|iPhone
		{05EC447B-CC23-4FB5-97A8-63AD6B61857F}.Release|iPhone.Build.0 = Release|iPhone
		{05EC447B-CC23-4FB5-97A8-63AD6B61857F}.Release|iPhoneSimulator.ActiveCfg = Release|iPhoneSimulator
		{05EC447B-CC23-4FB5-97A8-63AD6B61857F}.Release|iPhoneSimulator.Build.0 = Release|iPhoneSimulator
		{ABD6545C-86F8-490C-84DB-59F5CFEE357E}.Debug|Any CPU.ActiveCfg = Debug|Any CPU
		{ABD6545C-86F8-490C-84DB-59F5CFEE357E}.Debug|Any CPU.Build.0 = Debug|Any CPU
		{ABD6545C-86F8-490C-84DB-59F5CFEE357E}.Debug|iPhone.ActiveCfg = Debug|Any CPU
		{ABD6545C-86F8-490C-84DB-59F5CFEE357E}.Debug|iPhone.Build.0 = Debug|Any CPU
		{ABD6545C-86F8-490C-84DB-59F5CFEE357E}.Debug|iPhoneSimulator.ActiveCfg = Debug|Any CPU
		{ABD6545C-86F8-490C-84DB-59F5CFEE357E}.Debug|iPhoneSimulator.Build.0 = Debug|Any CPU
		{ABD6545C-86F8-490C-84DB-59F5CFEE357E}.Release|Any CPU.ActiveCfg = Release|Any CPU
		{ABD6545C-86F8-490C-84DB-59F5CFEE357E}.Release|Any CPU.Build.0 = Release|Any CPU
		{ABD6545C-86F8-490C-84DB-59F5CFEE357E}.Release|iPhone.ActiveCfg = Release|Any CPU
		{ABD6545C-86F8-490C-84DB-59F5CFEE357E}.Release|iPhone.Build.0 = Release|Any CPU
		{ABD6545C-86F8-490C-84DB-59F5CFEE357E}.Release|iPhoneSimulator.ActiveCfg = Release|Any CPU
		{ABD6545C-86F8-490C-84DB-59F5CFEE357E}.Release|iPhoneSimulator.Build.0 = Release|Any CPU
		{FC8BAE25-F0BE-4C78-93C6-F06F6E4B24B8}.Debug|Any CPU.ActiveCfg = Debug|Any CPU
		{FC8BAE25-F0BE-4C78-93C6-F06F6E4B24B8}.Debug|Any CPU.Build.0 = Debug|Any CPU
		{FC8BAE25-F0BE-4C78-93C6-F06F6E4B24B8}.Debug|Any CPU.Deploy.0 = Debug|Any CPU
		{FC8BAE25-F0BE-4C78-93C6-F06F6E4B24B8}.Debug|iPhone.ActiveCfg = Debug|Any CPU
		{FC8BAE25-F0BE-4C78-93C6-F06F6E4B24B8}.Debug|iPhone.Build.0 = Debug|Any CPU
		{FC8BAE25-F0BE-4C78-93C6-F06F6E4B24B8}.Debug|iPhone.Deploy.0 = Debug|Any CPU
		{FC8BAE25-F0BE-4C78-93C6-F06F6E4B24B8}.Debug|iPhoneSimulator.ActiveCfg = Debug|Any CPU
		{FC8BAE25-F0BE-4C78-93C6-F06F6E4B24B8}.Debug|iPhoneSimulator.Build.0 = Debug|Any CPU
		{FC8BAE25-F0BE-4C78-93C6-F06F6E4B24B8}.Debug|iPhoneSimulator.Deploy.0 = Debug|Any CPU
		{FC8BAE25-F0BE-4C78-93C6-F06F6E4B24B8}.Release|Any CPU.ActiveCfg = Release|Any CPU
		{FC8BAE25-F0BE-4C78-93C6-F06F6E4B24B8}.Release|Any CPU.Build.0 = Release|Any CPU
		{FC8BAE25-F0BE-4C78-93C6-F06F6E4B24B8}.Release|Any CPU.Deploy.0 = Release|Any CPU
		{FC8BAE25-F0BE-4C78-93C6-F06F6E4B24B8}.Release|iPhone.ActiveCfg = Release|Any CPU
		{FC8BAE25-F0BE-4C78-93C6-F06F6E4B24B8}.Release|iPhone.Build.0 = Release|Any CPU
		{FC8BAE25-F0BE-4C78-93C6-F06F6E4B24B8}.Release|iPhone.Deploy.0 = Release|Any CPU
		{FC8BAE25-F0BE-4C78-93C6-F06F6E4B24B8}.Release|iPhoneSimulator.ActiveCfg = Release|Any CPU
		{FC8BAE25-F0BE-4C78-93C6-F06F6E4B24B8}.Release|iPhoneSimulator.Build.0 = Release|Any CPU
		{FC8BAE25-F0BE-4C78-93C6-F06F6E4B24B8}.Release|iPhoneSimulator.Deploy.0 = Release|Any CPU
		{264535DF-3F95-4751-8021-9E3C0F6F5948}.Debug|Any CPU.ActiveCfg = Debug|iPhoneSimulator
		{264535DF-3F95-4751-8021-9E3C0F6F5948}.Debug|iPhone.ActiveCfg = Debug|iPhone
		{264535DF-3F95-4751-8021-9E3C0F6F5948}.Debug|iPhone.Build.0 = Debug|iPhone
		{264535DF-3F95-4751-8021-9E3C0F6F5948}.Debug|iPhoneSimulator.ActiveCfg = Debug|iPhoneSimulator
		{264535DF-3F95-4751-8021-9E3C0F6F5948}.Debug|iPhoneSimulator.Build.0 = Debug|iPhoneSimulator
		{264535DF-3F95-4751-8021-9E3C0F6F5948}.Release|Any CPU.ActiveCfg = Release|iPhoneSimulator
		{264535DF-3F95-4751-8021-9E3C0F6F5948}.Release|iPhone.ActiveCfg = Release|iPhone
		{264535DF-3F95-4751-8021-9E3C0F6F5948}.Release|iPhone.Build.0 = Release|iPhone
		{264535DF-3F95-4751-8021-9E3C0F6F5948}.Release|iPhoneSimulator.ActiveCfg = Release|iPhoneSimulator
		{264535DF-3F95-4751-8021-9E3C0F6F5948}.Release|iPhoneSimulator.Build.0 = Release|iPhoneSimulator
		{BDC6ABE7-AD68-4E3B-9626-9B405887B56D}.Debug|Any CPU.ActiveCfg = Debug|Any CPU
		{BDC6ABE7-AD68-4E3B-9626-9B405887B56D}.Debug|Any CPU.Build.0 = Debug|Any CPU
		{BDC6ABE7-AD68-4E3B-9626-9B405887B56D}.Debug|iPhone.ActiveCfg = Debug|Any CPU
		{BDC6ABE7-AD68-4E3B-9626-9B405887B56D}.Debug|iPhone.Build.0 = Debug|Any CPU
		{BDC6ABE7-AD68-4E3B-9626-9B405887B56D}.Debug|iPhoneSimulator.ActiveCfg = Debug|Any CPU
		{BDC6ABE7-AD68-4E3B-9626-9B405887B56D}.Debug|iPhoneSimulator.Build.0 = Debug|Any CPU
		{BDC6ABE7-AD68-4E3B-9626-9B405887B56D}.Release|Any CPU.ActiveCfg = Release|Any CPU
		{BDC6ABE7-AD68-4E3B-9626-9B405887B56D}.Release|Any CPU.Build.0 = Release|Any CPU
		{BDC6ABE7-AD68-4E3B-9626-9B405887B56D}.Release|iPhone.ActiveCfg = Release|Any CPU
		{BDC6ABE7-AD68-4E3B-9626-9B405887B56D}.Release|iPhone.Build.0 = Release|Any CPU
		{BDC6ABE7-AD68-4E3B-9626-9B405887B56D}.Release|iPhoneSimulator.ActiveCfg = Release|Any CPU
		{BDC6ABE7-AD68-4E3B-9626-9B405887B56D}.Release|iPhoneSimulator.Build.0 = Release|Any CPU
		{9254DD22-C554-4D44-803C-11E4605462CE}.Debug|Any CPU.ActiveCfg = Debug|Any CPU
		{9254DD22-C554-4D44-803C-11E4605462CE}.Debug|Any CPU.Build.0 = Debug|Any CPU
		{9254DD22-C554-4D44-803C-11E4605462CE}.Debug|Any CPU.Deploy.0 = Debug|Any CPU
		{9254DD22-C554-4D44-803C-11E4605462CE}.Debug|iPhone.ActiveCfg = Debug|Any CPU
		{9254DD22-C554-4D44-803C-11E4605462CE}.Debug|iPhone.Build.0 = Debug|Any CPU
		{9254DD22-C554-4D44-803C-11E4605462CE}.Debug|iPhone.Deploy.0 = Debug|Any CPU
		{9254DD22-C554-4D44-803C-11E4605462CE}.Debug|iPhoneSimulator.ActiveCfg = Debug|Any CPU
		{9254DD22-C554-4D44-803C-11E4605462CE}.Debug|iPhoneSimulator.Build.0 = Debug|Any CPU
		{9254DD22-C554-4D44-803C-11E4605462CE}.Debug|iPhoneSimulator.Deploy.0 = Debug|Any CPU
		{9254DD22-C554-4D44-803C-11E4605462CE}.Release|Any CPU.ActiveCfg = Release|Any CPU
		{9254DD22-C554-4D44-803C-11E4605462CE}.Release|Any CPU.Build.0 = Release|Any CPU
		{9254DD22-C554-4D44-803C-11E4605462CE}.Release|Any CPU.Deploy.0 = Release|Any CPU
		{9254DD22-C554-4D44-803C-11E4605462CE}.Release|iPhone.ActiveCfg = Release|Any CPU
		{9254DD22-C554-4D44-803C-11E4605462CE}.Release|iPhone.Build.0 = Release|Any CPU
		{9254DD22-C554-4D44-803C-11E4605462CE}.Release|iPhone.Deploy.0 = Release|Any CPU
		{9254DD22-C554-4D44-803C-11E4605462CE}.Release|iPhoneSimulator.ActiveCfg = Release|Any CPU
		{9254DD22-C554-4D44-803C-11E4605462CE}.Release|iPhoneSimulator.Build.0 = Release|Any CPU
		{9254DD22-C554-4D44-803C-11E4605462CE}.Release|iPhoneSimulator.Deploy.0 = Release|Any CPU
		{CC292112-0C34-4461-8120-4ACD30939C74}.Debug|Any CPU.ActiveCfg = Debug|iPhoneSimulator
		{CC292112-0C34-4461-8120-4ACD30939C74}.Debug|iPhone.ActiveCfg = Debug|iPhone
		{CC292112-0C34-4461-8120-4ACD30939C74}.Debug|iPhone.Build.0 = Debug|iPhone
		{CC292112-0C34-4461-8120-4ACD30939C74}.Debug|iPhoneSimulator.ActiveCfg = Debug|iPhoneSimulator
		{CC292112-0C34-4461-8120-4ACD30939C74}.Debug|iPhoneSimulator.Build.0 = Debug|iPhoneSimulator
		{CC292112-0C34-4461-8120-4ACD30939C74}.Release|Any CPU.ActiveCfg = Release|iPhoneSimulator
		{CC292112-0C34-4461-8120-4ACD30939C74}.Release|iPhone.ActiveCfg = Release|iPhone
		{CC292112-0C34-4461-8120-4ACD30939C74}.Release|iPhone.Build.0 = Release|iPhone
		{CC292112-0C34-4461-8120-4ACD30939C74}.Release|iPhoneSimulator.ActiveCfg = Release|iPhoneSimulator
		{CC292112-0C34-4461-8120-4ACD30939C74}.Release|iPhoneSimulator.Build.0 = Release|iPhoneSimulator
		{DC2EA835-4E70-4D5F-B712-9B1D0CD786C2}.Debug|Any CPU.ActiveCfg = Debug|Any CPU
		{DC2EA835-4E70-4D5F-B712-9B1D0CD786C2}.Debug|Any CPU.Build.0 = Debug|Any CPU
		{DC2EA835-4E70-4D5F-B712-9B1D0CD786C2}.Debug|iPhone.ActiveCfg = Debug|Any CPU
		{DC2EA835-4E70-4D5F-B712-9B1D0CD786C2}.Debug|iPhone.Build.0 = Debug|Any CPU
		{DC2EA835-4E70-4D5F-B712-9B1D0CD786C2}.Debug|iPhoneSimulator.ActiveCfg = Debug|Any CPU
		{DC2EA835-4E70-4D5F-B712-9B1D0CD786C2}.Debug|iPhoneSimulator.Build.0 = Debug|Any CPU
		{DC2EA835-4E70-4D5F-B712-9B1D0CD786C2}.Release|Any CPU.ActiveCfg = Release|Any CPU
		{DC2EA835-4E70-4D5F-B712-9B1D0CD786C2}.Release|Any CPU.Build.0 = Release|Any CPU
		{DC2EA835-4E70-4D5F-B712-9B1D0CD786C2}.Release|iPhone.ActiveCfg = Release|Any CPU
		{DC2EA835-4E70-4D5F-B712-9B1D0CD786C2}.Release|iPhone.Build.0 = Release|Any CPU
		{DC2EA835-4E70-4D5F-B712-9B1D0CD786C2}.Release|iPhoneSimulator.ActiveCfg = Release|Any CPU
		{DC2EA835-4E70-4D5F-B712-9B1D0CD786C2}.Release|iPhoneSimulator.Build.0 = Release|Any CPU
		{0C4E3018-413D-472C-ABD2-6445991711EE}.Debug|Any CPU.ActiveCfg = Debug|Any CPU
		{0C4E3018-413D-472C-ABD2-6445991711EE}.Debug|Any CPU.Build.0 = Debug|Any CPU
		{0C4E3018-413D-472C-ABD2-6445991711EE}.Debug|Any CPU.Deploy.0 = Debug|Any CPU
		{0C4E3018-413D-472C-ABD2-6445991711EE}.Debug|iPhone.ActiveCfg = Debug|Any CPU
		{0C4E3018-413D-472C-ABD2-6445991711EE}.Debug|iPhone.Build.0 = Debug|Any CPU
		{0C4E3018-413D-472C-ABD2-6445991711EE}.Debug|iPhone.Deploy.0 = Debug|Any CPU
		{0C4E3018-413D-472C-ABD2-6445991711EE}.Debug|iPhoneSimulator.ActiveCfg = Debug|Any CPU
		{0C4E3018-413D-472C-ABD2-6445991711EE}.Debug|iPhoneSimulator.Build.0 = Debug|Any CPU
		{0C4E3018-413D-472C-ABD2-6445991711EE}.Debug|iPhoneSimulator.Deploy.0 = Debug|Any CPU
		{0C4E3018-413D-472C-ABD2-6445991711EE}.Release|Any CPU.ActiveCfg = Release|Any CPU
		{0C4E3018-413D-472C-ABD2-6445991711EE}.Release|Any CPU.Build.0 = Release|Any CPU
		{0C4E3018-413D-472C-ABD2-6445991711EE}.Release|Any CPU.Deploy.0 = Release|Any CPU
		{0C4E3018-413D-472C-ABD2-6445991711EE}.Release|iPhone.ActiveCfg = Release|Any CPU
		{0C4E3018-413D-472C-ABD2-6445991711EE}.Release|iPhone.Build.0 = Release|Any CPU
		{0C4E3018-413D-472C-ABD2-6445991711EE}.Release|iPhone.Deploy.0 = Release|Any CPU
		{0C4E3018-413D-472C-ABD2-6445991711EE}.Release|iPhoneSimulator.ActiveCfg = Release|Any CPU
		{0C4E3018-413D-472C-ABD2-6445991711EE}.Release|iPhoneSimulator.Build.0 = Release|Any CPU
		{0C4E3018-413D-472C-ABD2-6445991711EE}.Release|iPhoneSimulator.Deploy.0 = Release|Any CPU
		{40E37CE4-817F-4B78-A6B8-D466B22A91B0}.Debug|Any CPU.ActiveCfg = Debug|iPhoneSimulator
		{40E37CE4-817F-4B78-A6B8-D466B22A91B0}.Debug|iPhone.ActiveCfg = Debug|iPhone
		{40E37CE4-817F-4B78-A6B8-D466B22A91B0}.Debug|iPhone.Build.0 = Debug|iPhone
		{40E37CE4-817F-4B78-A6B8-D466B22A91B0}.Debug|iPhoneSimulator.ActiveCfg = Debug|iPhoneSimulator
		{40E37CE4-817F-4B78-A6B8-D466B22A91B0}.Debug|iPhoneSimulator.Build.0 = Debug|iPhoneSimulator
		{40E37CE4-817F-4B78-A6B8-D466B22A91B0}.Release|Any CPU.ActiveCfg = Release|iPhoneSimulator
		{40E37CE4-817F-4B78-A6B8-D466B22A91B0}.Release|iPhone.ActiveCfg = Release|iPhone
		{40E37CE4-817F-4B78-A6B8-D466B22A91B0}.Release|iPhone.Build.0 = Release|iPhone
		{40E37CE4-817F-4B78-A6B8-D466B22A91B0}.Release|iPhoneSimulator.ActiveCfg = Release|iPhoneSimulator
		{40E37CE4-817F-4B78-A6B8-D466B22A91B0}.Release|iPhoneSimulator.Build.0 = Release|iPhoneSimulator
		{873FB41B-F1FB-4A86-865D-C025FE4C43E5}.Debug|Any CPU.ActiveCfg = Debug|Any CPU
		{873FB41B-F1FB-4A86-865D-C025FE4C43E5}.Debug|Any CPU.Build.0 = Debug|Any CPU
		{873FB41B-F1FB-4A86-865D-C025FE4C43E5}.Debug|iPhone.ActiveCfg = Debug|Any CPU
		{873FB41B-F1FB-4A86-865D-C025FE4C43E5}.Debug|iPhone.Build.0 = Debug|Any CPU
		{873FB41B-F1FB-4A86-865D-C025FE4C43E5}.Debug|iPhoneSimulator.ActiveCfg = Debug|Any CPU
		{873FB41B-F1FB-4A86-865D-C025FE4C43E5}.Debug|iPhoneSimulator.Build.0 = Debug|Any CPU
		{873FB41B-F1FB-4A86-865D-C025FE4C43E5}.Release|Any CPU.ActiveCfg = Release|Any CPU
		{873FB41B-F1FB-4A86-865D-C025FE4C43E5}.Release|Any CPU.Build.0 = Release|Any CPU
		{873FB41B-F1FB-4A86-865D-C025FE4C43E5}.Release|iPhone.ActiveCfg = Release|Any CPU
		{873FB41B-F1FB-4A86-865D-C025FE4C43E5}.Release|iPhone.Build.0 = Release|Any CPU
		{873FB41B-F1FB-4A86-865D-C025FE4C43E5}.Release|iPhoneSimulator.ActiveCfg = Release|Any CPU
		{873FB41B-F1FB-4A86-865D-C025FE4C43E5}.Release|iPhoneSimulator.Build.0 = Release|Any CPU
		{3BC692CB-38CF-43EE-9560-8F8837A1F70A}.Debug|Any CPU.ActiveCfg = Debug|Any CPU
		{3BC692CB-38CF-43EE-9560-8F8837A1F70A}.Debug|Any CPU.Build.0 = Debug|Any CPU
		{3BC692CB-38CF-43EE-9560-8F8837A1F70A}.Debug|Any CPU.Deploy.0 = Debug|Any CPU
		{3BC692CB-38CF-43EE-9560-8F8837A1F70A}.Debug|iPhone.ActiveCfg = Debug|Any CPU
		{3BC692CB-38CF-43EE-9560-8F8837A1F70A}.Debug|iPhone.Build.0 = Debug|Any CPU
		{3BC692CB-38CF-43EE-9560-8F8837A1F70A}.Debug|iPhone.Deploy.0 = Debug|Any CPU
		{3BC692CB-38CF-43EE-9560-8F8837A1F70A}.Debug|iPhoneSimulator.ActiveCfg = Debug|Any CPU
		{3BC692CB-38CF-43EE-9560-8F8837A1F70A}.Debug|iPhoneSimulator.Build.0 = Debug|Any CPU
		{3BC692CB-38CF-43EE-9560-8F8837A1F70A}.Debug|iPhoneSimulator.Deploy.0 = Debug|Any CPU
		{3BC692CB-38CF-43EE-9560-8F8837A1F70A}.Release|Any CPU.ActiveCfg = Release|Any CPU
		{3BC692CB-38CF-43EE-9560-8F8837A1F70A}.Release|Any CPU.Build.0 = Release|Any CPU
		{3BC692CB-38CF-43EE-9560-8F8837A1F70A}.Release|Any CPU.Deploy.0 = Release|Any CPU
		{3BC692CB-38CF-43EE-9560-8F8837A1F70A}.Release|iPhone.ActiveCfg = Release|Any CPU
		{3BC692CB-38CF-43EE-9560-8F8837A1F70A}.Release|iPhone.Build.0 = Release|Any CPU
		{3BC692CB-38CF-43EE-9560-8F8837A1F70A}.Release|iPhone.Deploy.0 = Release|Any CPU
		{3BC692CB-38CF-43EE-9560-8F8837A1F70A}.Release|iPhoneSimulator.ActiveCfg = Release|Any CPU
		{3BC692CB-38CF-43EE-9560-8F8837A1F70A}.Release|iPhoneSimulator.Build.0 = Release|Any CPU
		{3BC692CB-38CF-43EE-9560-8F8837A1F70A}.Release|iPhoneSimulator.Deploy.0 = Release|Any CPU
		{57C0110F-49C5-4D84-A471-A4AAF466D67E}.Debug|Any CPU.ActiveCfg = Debug|iPhoneSimulator
		{57C0110F-49C5-4D84-A471-A4AAF466D67E}.Debug|iPhone.ActiveCfg = Debug|iPhone
		{57C0110F-49C5-4D84-A471-A4AAF466D67E}.Debug|iPhone.Build.0 = Debug|iPhone
		{57C0110F-49C5-4D84-A471-A4AAF466D67E}.Debug|iPhoneSimulator.ActiveCfg = Debug|iPhoneSimulator
		{57C0110F-49C5-4D84-A471-A4AAF466D67E}.Debug|iPhoneSimulator.Build.0 = Debug|iPhoneSimulator
		{57C0110F-49C5-4D84-A471-A4AAF466D67E}.Release|Any CPU.ActiveCfg = Release|iPhoneSimulator
		{57C0110F-49C5-4D84-A471-A4AAF466D67E}.Release|iPhone.ActiveCfg = Release|iPhone
		{57C0110F-49C5-4D84-A471-A4AAF466D67E}.Release|iPhone.Build.0 = Release|iPhone
		{57C0110F-49C5-4D84-A471-A4AAF466D67E}.Release|iPhoneSimulator.ActiveCfg = Release|iPhoneSimulator
		{57C0110F-49C5-4D84-A471-A4AAF466D67E}.Release|iPhoneSimulator.Build.0 = Release|iPhoneSimulator
		{DD0196BA-7080-429C-BC07-9C322B616B38}.Debug|Any CPU.ActiveCfg = Debug|Any CPU
		{DD0196BA-7080-429C-BC07-9C322B616B38}.Debug|Any CPU.Build.0 = Debug|Any CPU
		{DD0196BA-7080-429C-BC07-9C322B616B38}.Debug|iPhone.ActiveCfg = Debug|Any CPU
		{DD0196BA-7080-429C-BC07-9C322B616B38}.Debug|iPhone.Build.0 = Debug|Any CPU
		{DD0196BA-7080-429C-BC07-9C322B616B38}.Debug|iPhoneSimulator.ActiveCfg = Debug|Any CPU
		{DD0196BA-7080-429C-BC07-9C322B616B38}.Debug|iPhoneSimulator.Build.0 = Debug|Any CPU
		{DD0196BA-7080-429C-BC07-9C322B616B38}.Release|Any CPU.ActiveCfg = Release|Any CPU
		{DD0196BA-7080-429C-BC07-9C322B616B38}.Release|Any CPU.Build.0 = Release|Any CPU
		{DD0196BA-7080-429C-BC07-9C322B616B38}.Release|iPhone.ActiveCfg = Release|Any CPU
		{DD0196BA-7080-429C-BC07-9C322B616B38}.Release|iPhone.Build.0 = Release|Any CPU
		{DD0196BA-7080-429C-BC07-9C322B616B38}.Release|iPhoneSimulator.ActiveCfg = Release|Any CPU
		{DD0196BA-7080-429C-BC07-9C322B616B38}.Release|iPhoneSimulator.Build.0 = Release|Any CPU
		{2BB70078-A966-4AC9-90F0-0A3039E252B1}.Debug|Any CPU.ActiveCfg = Debug|Any CPU
		{2BB70078-A966-4AC9-90F0-0A3039E252B1}.Debug|Any CPU.Build.0 = Debug|Any CPU
		{2BB70078-A966-4AC9-90F0-0A3039E252B1}.Debug|Any CPU.Deploy.0 = Debug|Any CPU
		{2BB70078-A966-4AC9-90F0-0A3039E252B1}.Debug|iPhone.ActiveCfg = Debug|Any CPU
		{2BB70078-A966-4AC9-90F0-0A3039E252B1}.Debug|iPhone.Build.0 = Debug|Any CPU
		{2BB70078-A966-4AC9-90F0-0A3039E252B1}.Debug|iPhone.Deploy.0 = Debug|Any CPU
		{2BB70078-A966-4AC9-90F0-0A3039E252B1}.Debug|iPhoneSimulator.ActiveCfg = Debug|Any CPU
		{2BB70078-A966-4AC9-90F0-0A3039E252B1}.Debug|iPhoneSimulator.Build.0 = Debug|Any CPU
		{2BB70078-A966-4AC9-90F0-0A3039E252B1}.Debug|iPhoneSimulator.Deploy.0 = Debug|Any CPU
		{2BB70078-A966-4AC9-90F0-0A3039E252B1}.Release|Any CPU.ActiveCfg = Release|Any CPU
		{2BB70078-A966-4AC9-90F0-0A3039E252B1}.Release|Any CPU.Build.0 = Release|Any CPU
		{2BB70078-A966-4AC9-90F0-0A3039E252B1}.Release|Any CPU.Deploy.0 = Release|Any CPU
		{2BB70078-A966-4AC9-90F0-0A3039E252B1}.Release|iPhone.ActiveCfg = Release|Any CPU
		{2BB70078-A966-4AC9-90F0-0A3039E252B1}.Release|iPhone.Build.0 = Release|Any CPU
		{2BB70078-A966-4AC9-90F0-0A3039E252B1}.Release|iPhone.Deploy.0 = Release|Any CPU
		{2BB70078-A966-4AC9-90F0-0A3039E252B1}.Release|iPhoneSimulator.ActiveCfg = Release|Any CPU
		{2BB70078-A966-4AC9-90F0-0A3039E252B1}.Release|iPhoneSimulator.Build.0 = Release|Any CPU
		{2BB70078-A966-4AC9-90F0-0A3039E252B1}.Release|iPhoneSimulator.Deploy.0 = Release|Any CPU
		{F4521AFB-8314-4CB3-BEED-38DB5F31A0C3}.Debug|Any CPU.ActiveCfg = Debug|iPhoneSimulator
		{F4521AFB-8314-4CB3-BEED-38DB5F31A0C3}.Debug|iPhone.ActiveCfg = Debug|iPhone
		{F4521AFB-8314-4CB3-BEED-38DB5F31A0C3}.Debug|iPhone.Build.0 = Debug|iPhone
		{F4521AFB-8314-4CB3-BEED-38DB5F31A0C3}.Debug|iPhoneSimulator.ActiveCfg = Debug|iPhoneSimulator
		{F4521AFB-8314-4CB3-BEED-38DB5F31A0C3}.Debug|iPhoneSimulator.Build.0 = Debug|iPhoneSimulator
		{F4521AFB-8314-4CB3-BEED-38DB5F31A0C3}.Release|Any CPU.ActiveCfg = Release|iPhoneSimulator
		{F4521AFB-8314-4CB3-BEED-38DB5F31A0C3}.Release|iPhone.ActiveCfg = Release|iPhone
		{F4521AFB-8314-4CB3-BEED-38DB5F31A0C3}.Release|iPhone.Build.0 = Release|iPhone
		{F4521AFB-8314-4CB3-BEED-38DB5F31A0C3}.Release|iPhoneSimulator.ActiveCfg = Release|iPhoneSimulator
		{F4521AFB-8314-4CB3-BEED-38DB5F31A0C3}.Release|iPhoneSimulator.Build.0 = Release|iPhoneSimulator
		{94DCD616-6F3F-42F0-900A-3F2F6D69DB9A}.Debug|Any CPU.ActiveCfg = Debug|Any CPU
		{94DCD616-6F3F-42F0-900A-3F2F6D69DB9A}.Debug|Any CPU.Build.0 = Debug|Any CPU
		{94DCD616-6F3F-42F0-900A-3F2F6D69DB9A}.Debug|iPhone.ActiveCfg = Debug|Any CPU
		{94DCD616-6F3F-42F0-900A-3F2F6D69DB9A}.Debug|iPhone.Build.0 = Debug|Any CPU
		{94DCD616-6F3F-42F0-900A-3F2F6D69DB9A}.Debug|iPhoneSimulator.ActiveCfg = Debug|Any CPU
		{94DCD616-6F3F-42F0-900A-3F2F6D69DB9A}.Debug|iPhoneSimulator.Build.0 = Debug|Any CPU
		{94DCD616-6F3F-42F0-900A-3F2F6D69DB9A}.Release|Any CPU.ActiveCfg = Release|Any CPU
		{94DCD616-6F3F-42F0-900A-3F2F6D69DB9A}.Release|Any CPU.Build.0 = Release|Any CPU
		{94DCD616-6F3F-42F0-900A-3F2F6D69DB9A}.Release|iPhone.ActiveCfg = Release|Any CPU
		{94DCD616-6F3F-42F0-900A-3F2F6D69DB9A}.Release|iPhone.Build.0 = Release|Any CPU
		{94DCD616-6F3F-42F0-900A-3F2F6D69DB9A}.Release|iPhoneSimulator.ActiveCfg = Release|Any CPU
		{94DCD616-6F3F-42F0-900A-3F2F6D69DB9A}.Release|iPhoneSimulator.Build.0 = Release|Any CPU
		{2555B9F0-6C7F-423B-B0C5-B551CBD6600C}.Debug|Any CPU.ActiveCfg = Debug|Any CPU
		{2555B9F0-6C7F-423B-B0C5-B551CBD6600C}.Debug|Any CPU.Build.0 = Debug|Any CPU
		{2555B9F0-6C7F-423B-B0C5-B551CBD6600C}.Debug|Any CPU.Deploy.0 = Debug|Any CPU
		{2555B9F0-6C7F-423B-B0C5-B551CBD6600C}.Debug|iPhone.ActiveCfg = Debug|Any CPU
		{2555B9F0-6C7F-423B-B0C5-B551CBD6600C}.Debug|iPhone.Build.0 = Debug|Any CPU
		{2555B9F0-6C7F-423B-B0C5-B551CBD6600C}.Debug|iPhone.Deploy.0 = Debug|Any CPU
		{2555B9F0-6C7F-423B-B0C5-B551CBD6600C}.Debug|iPhoneSimulator.ActiveCfg = Debug|Any CPU
		{2555B9F0-6C7F-423B-B0C5-B551CBD6600C}.Debug|iPhoneSimulator.Build.0 = Debug|Any CPU
		{2555B9F0-6C7F-423B-B0C5-B551CBD6600C}.Debug|iPhoneSimulator.Deploy.0 = Debug|Any CPU
		{2555B9F0-6C7F-423B-B0C5-B551CBD6600C}.Release|Any CPU.ActiveCfg = Release|Any CPU
		{2555B9F0-6C7F-423B-B0C5-B551CBD6600C}.Release|Any CPU.Build.0 = Release|Any CPU
		{2555B9F0-6C7F-423B-B0C5-B551CBD6600C}.Release|Any CPU.Deploy.0 = Release|Any CPU
		{2555B9F0-6C7F-423B-B0C5-B551CBD6600C}.Release|iPhone.ActiveCfg = Release|Any CPU
		{2555B9F0-6C7F-423B-B0C5-B551CBD6600C}.Release|iPhone.Build.0 = Release|Any CPU
		{2555B9F0-6C7F-423B-B0C5-B551CBD6600C}.Release|iPhone.Deploy.0 = Release|Any CPU
		{2555B9F0-6C7F-423B-B0C5-B551CBD6600C}.Release|iPhoneSimulator.ActiveCfg = Release|Any CPU
		{2555B9F0-6C7F-423B-B0C5-B551CBD6600C}.Release|iPhoneSimulator.Build.0 = Release|Any CPU
		{2555B9F0-6C7F-423B-B0C5-B551CBD6600C}.Release|iPhoneSimulator.Deploy.0 = Release|Any CPU
		{4103DD6C-BE70-4BB1-BB16-BB4F693EF02E}.Debug|Any CPU.ActiveCfg = Debug|iPhoneSimulator
		{4103DD6C-BE70-4BB1-BB16-BB4F693EF02E}.Debug|iPhone.ActiveCfg = Debug|iPhone
		{4103DD6C-BE70-4BB1-BB16-BB4F693EF02E}.Debug|iPhone.Build.0 = Debug|iPhone
		{4103DD6C-BE70-4BB1-BB16-BB4F693EF02E}.Debug|iPhoneSimulator.ActiveCfg = Debug|iPhoneSimulator
		{4103DD6C-BE70-4BB1-BB16-BB4F693EF02E}.Debug|iPhoneSimulator.Build.0 = Debug|iPhoneSimulator
		{4103DD6C-BE70-4BB1-BB16-BB4F693EF02E}.Release|Any CPU.ActiveCfg = Release|iPhoneSimulator
		{4103DD6C-BE70-4BB1-BB16-BB4F693EF02E}.Release|iPhone.ActiveCfg = Release|iPhone
		{4103DD6C-BE70-4BB1-BB16-BB4F693EF02E}.Release|iPhone.Build.0 = Release|iPhone
		{4103DD6C-BE70-4BB1-BB16-BB4F693EF02E}.Release|iPhoneSimulator.ActiveCfg = Release|iPhoneSimulator
		{4103DD6C-BE70-4BB1-BB16-BB4F693EF02E}.Release|iPhoneSimulator.Build.0 = Release|iPhoneSimulator
		{37526854-33A7-4898-AA2F-F2853EC1F459}.Debug|Any CPU.ActiveCfg = Debug|Any CPU
		{37526854-33A7-4898-AA2F-F2853EC1F459}.Debug|Any CPU.Build.0 = Debug|Any CPU
		{37526854-33A7-4898-AA2F-F2853EC1F459}.Debug|iPhone.ActiveCfg = Debug|Any CPU
		{37526854-33A7-4898-AA2F-F2853EC1F459}.Debug|iPhone.Build.0 = Debug|Any CPU
		{37526854-33A7-4898-AA2F-F2853EC1F459}.Debug|iPhoneSimulator.ActiveCfg = Debug|Any CPU
		{37526854-33A7-4898-AA2F-F2853EC1F459}.Debug|iPhoneSimulator.Build.0 = Debug|Any CPU
		{37526854-33A7-4898-AA2F-F2853EC1F459}.Release|Any CPU.ActiveCfg = Release|Any CPU
		{37526854-33A7-4898-AA2F-F2853EC1F459}.Release|Any CPU.Build.0 = Release|Any CPU
		{37526854-33A7-4898-AA2F-F2853EC1F459}.Release|iPhone.ActiveCfg = Release|Any CPU
		{37526854-33A7-4898-AA2F-F2853EC1F459}.Release|iPhone.Build.0 = Release|Any CPU
		{37526854-33A7-4898-AA2F-F2853EC1F459}.Release|iPhoneSimulator.ActiveCfg = Release|Any CPU
		{37526854-33A7-4898-AA2F-F2853EC1F459}.Release|iPhoneSimulator.Build.0 = Release|Any CPU
		{517819C0-C1C3-4D66-8072-EA12CE3ABE4D}.Debug|Any CPU.ActiveCfg = Debug|Any CPU
		{517819C0-C1C3-4D66-8072-EA12CE3ABE4D}.Debug|Any CPU.Build.0 = Debug|Any CPU
		{517819C0-C1C3-4D66-8072-EA12CE3ABE4D}.Debug|Any CPU.Deploy.0 = Debug|Any CPU
		{517819C0-C1C3-4D66-8072-EA12CE3ABE4D}.Debug|iPhone.ActiveCfg = Debug|Any CPU
		{517819C0-C1C3-4D66-8072-EA12CE3ABE4D}.Debug|iPhone.Build.0 = Debug|Any CPU
		{517819C0-C1C3-4D66-8072-EA12CE3ABE4D}.Debug|iPhone.Deploy.0 = Debug|Any CPU
		{517819C0-C1C3-4D66-8072-EA12CE3ABE4D}.Debug|iPhoneSimulator.ActiveCfg = Debug|Any CPU
		{517819C0-C1C3-4D66-8072-EA12CE3ABE4D}.Debug|iPhoneSimulator.Build.0 = Debug|Any CPU
		{517819C0-C1C3-4D66-8072-EA12CE3ABE4D}.Debug|iPhoneSimulator.Deploy.0 = Debug|Any CPU
		{517819C0-C1C3-4D66-8072-EA12CE3ABE4D}.Release|Any CPU.ActiveCfg = Release|Any CPU
		{517819C0-C1C3-4D66-8072-EA12CE3ABE4D}.Release|Any CPU.Build.0 = Release|Any CPU
		{517819C0-C1C3-4D66-8072-EA12CE3ABE4D}.Release|Any CPU.Deploy.0 = Release|Any CPU
		{517819C0-C1C3-4D66-8072-EA12CE3ABE4D}.Release|iPhone.ActiveCfg = Release|Any CPU
		{517819C0-C1C3-4D66-8072-EA12CE3ABE4D}.Release|iPhone.Build.0 = Release|Any CPU
		{517819C0-C1C3-4D66-8072-EA12CE3ABE4D}.Release|iPhone.Deploy.0 = Release|Any CPU
		{517819C0-C1C3-4D66-8072-EA12CE3ABE4D}.Release|iPhoneSimulator.ActiveCfg = Release|Any CPU
		{517819C0-C1C3-4D66-8072-EA12CE3ABE4D}.Release|iPhoneSimulator.Build.0 = Release|Any CPU
		{517819C0-C1C3-4D66-8072-EA12CE3ABE4D}.Release|iPhoneSimulator.Deploy.0 = Release|Any CPU
		{8A26FD31-F6AF-4FCA-AF04-2676F34A415B}.Debug|Any CPU.ActiveCfg = Debug|iPhoneSimulator
		{8A26FD31-F6AF-4FCA-AF04-2676F34A415B}.Debug|iPhone.ActiveCfg = Debug|iPhone
		{8A26FD31-F6AF-4FCA-AF04-2676F34A415B}.Debug|iPhone.Build.0 = Debug|iPhone
		{8A26FD31-F6AF-4FCA-AF04-2676F34A415B}.Debug|iPhoneSimulator.ActiveCfg = Debug|iPhoneSimulator
		{8A26FD31-F6AF-4FCA-AF04-2676F34A415B}.Debug|iPhoneSimulator.Build.0 = Debug|iPhoneSimulator
		{8A26FD31-F6AF-4FCA-AF04-2676F34A415B}.Release|Any CPU.ActiveCfg = Release|iPhoneSimulator
		{8A26FD31-F6AF-4FCA-AF04-2676F34A415B}.Release|iPhone.ActiveCfg = Release|iPhone
		{8A26FD31-F6AF-4FCA-AF04-2676F34A415B}.Release|iPhone.Build.0 = Release|iPhone
		{8A26FD31-F6AF-4FCA-AF04-2676F34A415B}.Release|iPhoneSimulator.ActiveCfg = Release|iPhoneSimulator
		{8A26FD31-F6AF-4FCA-AF04-2676F34A415B}.Release|iPhoneSimulator.Build.0 = Release|iPhoneSimulator
		{6F7EF831-821A-4B01-880E-B740D4D198D4}.Debug|Any CPU.ActiveCfg = Debug|Any CPU
		{6F7EF831-821A-4B01-880E-B740D4D198D4}.Debug|Any CPU.Build.0 = Debug|Any CPU
		{6F7EF831-821A-4B01-880E-B740D4D198D4}.Debug|iPhone.ActiveCfg = Debug|Any CPU
		{6F7EF831-821A-4B01-880E-B740D4D198D4}.Debug|iPhone.Build.0 = Debug|Any CPU
		{6F7EF831-821A-4B01-880E-B740D4D198D4}.Debug|iPhoneSimulator.ActiveCfg = Debug|Any CPU
		{6F7EF831-821A-4B01-880E-B740D4D198D4}.Debug|iPhoneSimulator.Build.0 = Debug|Any CPU
		{6F7EF831-821A-4B01-880E-B740D4D198D4}.Release|Any CPU.ActiveCfg = Release|Any CPU
		{6F7EF831-821A-4B01-880E-B740D4D198D4}.Release|Any CPU.Build.0 = Release|Any CPU
		{6F7EF831-821A-4B01-880E-B740D4D198D4}.Release|iPhone.ActiveCfg = Release|Any CPU
		{6F7EF831-821A-4B01-880E-B740D4D198D4}.Release|iPhone.Build.0 = Release|Any CPU
		{6F7EF831-821A-4B01-880E-B740D4D198D4}.Release|iPhoneSimulator.ActiveCfg = Release|Any CPU
		{6F7EF831-821A-4B01-880E-B740D4D198D4}.Release|iPhoneSimulator.Build.0 = Release|Any CPU
		{040F002F-3C74-4BCC-A612-0078B42785A8}.Debug|Any CPU.ActiveCfg = Debug|Any CPU
		{040F002F-3C74-4BCC-A612-0078B42785A8}.Debug|Any CPU.Build.0 = Debug|Any CPU
		{040F002F-3C74-4BCC-A612-0078B42785A8}.Debug|Any CPU.Deploy.0 = Debug|Any CPU
		{040F002F-3C74-4BCC-A612-0078B42785A8}.Debug|iPhone.ActiveCfg = Debug|Any CPU
		{040F002F-3C74-4BCC-A612-0078B42785A8}.Debug|iPhone.Build.0 = Debug|Any CPU
		{040F002F-3C74-4BCC-A612-0078B42785A8}.Debug|iPhone.Deploy.0 = Debug|Any CPU
		{040F002F-3C74-4BCC-A612-0078B42785A8}.Debug|iPhoneSimulator.ActiveCfg = Debug|Any CPU
		{040F002F-3C74-4BCC-A612-0078B42785A8}.Debug|iPhoneSimulator.Build.0 = Debug|Any CPU
		{040F002F-3C74-4BCC-A612-0078B42785A8}.Debug|iPhoneSimulator.Deploy.0 = Debug|Any CPU
		{040F002F-3C74-4BCC-A612-0078B42785A8}.Release|Any CPU.ActiveCfg = Release|Any CPU
		{040F002F-3C74-4BCC-A612-0078B42785A8}.Release|Any CPU.Build.0 = Release|Any CPU
		{040F002F-3C74-4BCC-A612-0078B42785A8}.Release|Any CPU.Deploy.0 = Release|Any CPU
		{040F002F-3C74-4BCC-A612-0078B42785A8}.Release|iPhone.ActiveCfg = Release|Any CPU
		{040F002F-3C74-4BCC-A612-0078B42785A8}.Release|iPhone.Build.0 = Release|Any CPU
		{040F002F-3C74-4BCC-A612-0078B42785A8}.Release|iPhone.Deploy.0 = Release|Any CPU
		{040F002F-3C74-4BCC-A612-0078B42785A8}.Release|iPhoneSimulator.ActiveCfg = Release|Any CPU
		{040F002F-3C74-4BCC-A612-0078B42785A8}.Release|iPhoneSimulator.Build.0 = Release|Any CPU
		{040F002F-3C74-4BCC-A612-0078B42785A8}.Release|iPhoneSimulator.Deploy.0 = Release|Any CPU
		{18870D82-6DAB-481F-8CB7-FEE4D5F9167B}.Debug|Any CPU.ActiveCfg = Debug|iPhoneSimulator
		{18870D82-6DAB-481F-8CB7-FEE4D5F9167B}.Debug|iPhone.ActiveCfg = Debug|iPhone
		{18870D82-6DAB-481F-8CB7-FEE4D5F9167B}.Debug|iPhone.Build.0 = Debug|iPhone
		{18870D82-6DAB-481F-8CB7-FEE4D5F9167B}.Debug|iPhoneSimulator.ActiveCfg = Debug|iPhoneSimulator
		{18870D82-6DAB-481F-8CB7-FEE4D5F9167B}.Debug|iPhoneSimulator.Build.0 = Debug|iPhoneSimulator
		{18870D82-6DAB-481F-8CB7-FEE4D5F9167B}.Release|Any CPU.ActiveCfg = Release|iPhoneSimulator
		{18870D82-6DAB-481F-8CB7-FEE4D5F9167B}.Release|iPhone.ActiveCfg = Release|iPhone
		{18870D82-6DAB-481F-8CB7-FEE4D5F9167B}.Release|iPhone.Build.0 = Release|iPhone
		{18870D82-6DAB-481F-8CB7-FEE4D5F9167B}.Release|iPhoneSimulator.ActiveCfg = Release|iPhoneSimulator
		{18870D82-6DAB-481F-8CB7-FEE4D5F9167B}.Release|iPhoneSimulator.Build.0 = Release|iPhoneSimulator
		{6FDCDE92-CC91-4A79-87BE-10FCC312361A}.Debug|Any CPU.ActiveCfg = Debug|Any CPU
		{6FDCDE92-CC91-4A79-87BE-10FCC312361A}.Debug|Any CPU.Build.0 = Debug|Any CPU
		{6FDCDE92-CC91-4A79-87BE-10FCC312361A}.Debug|iPhone.ActiveCfg = Debug|Any CPU
		{6FDCDE92-CC91-4A79-87BE-10FCC312361A}.Debug|iPhone.Build.0 = Debug|Any CPU
		{6FDCDE92-CC91-4A79-87BE-10FCC312361A}.Debug|iPhoneSimulator.ActiveCfg = Debug|Any CPU
		{6FDCDE92-CC91-4A79-87BE-10FCC312361A}.Debug|iPhoneSimulator.Build.0 = Debug|Any CPU
		{6FDCDE92-CC91-4A79-87BE-10FCC312361A}.Release|Any CPU.ActiveCfg = Release|Any CPU
		{6FDCDE92-CC91-4A79-87BE-10FCC312361A}.Release|Any CPU.Build.0 = Release|Any CPU
		{6FDCDE92-CC91-4A79-87BE-10FCC312361A}.Release|iPhone.ActiveCfg = Release|Any CPU
		{6FDCDE92-CC91-4A79-87BE-10FCC312361A}.Release|iPhone.Build.0 = Release|Any CPU
		{6FDCDE92-CC91-4A79-87BE-10FCC312361A}.Release|iPhoneSimulator.ActiveCfg = Release|Any CPU
		{6FDCDE92-CC91-4A79-87BE-10FCC312361A}.Release|iPhoneSimulator.Build.0 = Release|Any CPU
	EndGlobalSection
	GlobalSection(SolutionProperties) = preSolution
		HideSolutionNode = FALSE
	EndGlobalSection
	GlobalSection(ExtensibilityGlobals) = postSolution
		SolutionGuid = {D0A66803-1295-4D82-854A-FB8ABDB0CEB0}
	EndGlobalSection
EndGlobal
