
Microsoft Visual Studio Solution File, Format Version 12.00
# Visual Studio Version 16
VisualStudioVersion = 16.0.31205.134
MinimumVisualStudioVersion = 10.0.40219.1
Project("{FAE04EC0-301F-11D3-BF4B-00C04F79EFBC}") = "ThreadsDemo1", "ThreadsDemo1\ThreadsDemo1.csproj", "{0B4E58D7-A54D-4101-9DA6-398FA899D18E}"
EndProject
Project("{FAE04EC0-301F-11D3-BF4B-00C04F79EFBC}") = "WPF_Tasks", "WPF_Tasks\WPF_Tasks.csproj", "{0191B291-48ED-4C42-B0FC-B29E67D8C52E}"
EndProject
Global
	GlobalSection(SolutionConfigurationPlatforms) = preSolution
		Debug|Any CPU = Debug|Any CPU
		Release|Any CPU = Release|Any CPU
	EndGlobalSection
	GlobalSection(ProjectConfigurationPlatforms) = postSolution
		{0B4E58D7-A54D-4101-9DA6-398FA899D18E}.Debug|Any CPU.ActiveCfg = Debug|Any CPU
		{0B4E58D7-A54D-4101-9DA6-398FA899D18E}.Debug|Any CPU.Build.0 = Debug|Any CPU
		{0B4E58D7-A54D-4101-9DA6-398FA899D18E}.Release|Any CPU.ActiveCfg = Release|Any CPU
		{0B4E58D7-A54D-4101-9DA6-398FA899D18E}.Release|Any CPU.Build.0 = Release|Any CPU
		{0191B291-48ED-4C42-B0FC-B29E67D8C52E}.Debug|Any CPU.ActiveCfg = Debug|Any CPU
		{0191B291-48ED-4C42-B0FC-B29E67D8C52E}.Debug|Any CPU.Build.0 = Debug|Any CPU
		{0191B291-48ED-4C42-B0FC-B29E67D8C52E}.Release|Any CPU.ActiveCfg = Release|Any CPU
		{0191B291-48ED-4C42-B0FC-B29E67D8C52E}.Release|Any CPU.Build.0 = Release|Any CPU
	EndGlobalSection
	GlobalSection(SolutionProperties) = preSolution
		HideSolutionNode = FALSE
	EndGlobalSection
	GlobalSection(ExtensibilityGlobals) = postSolution
		SolutionGuid = {8E80FD68-8510-4B9E-B73E-A59A0F65615A}
	EndGlobalSection
EndGlobal
