
Microsoft Visual Studio Solution File, Format Version 12.00
# Visual Studio Version 16
VisualStudioVersion = 16.0.31205.134
MinimumVisualStudioVersion = 10.0.40219.1
Project("{FAE04EC0-301F-11D3-BF4B-00C04F79EFBC}") = "TestSwipeView.Android", "TestSwipeView.Android\TestSwipeView.Android.csproj", "{C13ACEDA-3037-4642-AE5D-5DED561BE89F}"
EndProject
Project("{FAE04EC0-301F-11D3-BF4B-00C04F79EFBC}") = "TestSwipeView.iOS", "TestSwipeView.iOS\TestSwipeView.iOS.csproj", "{7F14000C-78E3-4420-BA1E-F41F17BB3277}"
EndProject
Project("{FAE04EC0-301F-11D3-BF4B-00C04F79EFBC}") = "TestSwipeView", "TestSwipeView\TestSwipeView.csproj", "{046370C5-8DA9-4717-9907-78C20DD8AF75}"
EndProject
Global
	GlobalSection(SolutionConfigurationPlatforms) = preSolution
		Debug|Any CPU = Debug|Any CPU
		Debug|iPhone = Debug|iPhone
		Debug|iPhoneSimulator = Debug|iPhoneSimulator
		Release|Any CPU = Release|Any CPU
		Release|iPhone = Release|iPhone
		Release|iPhoneSimulator = Release|iPhoneSimulator
	EndGlobalSection
	GlobalSection(ProjectConfigurationPlatforms) = postSolution
		{C13ACEDA-3037-4642-AE5D-5DED561BE89F}.Debug|Any CPU.ActiveCfg = Debug|Any CPU
		{C13ACEDA-3037-4642-AE5D-5DED561BE89F}.Debug|Any CPU.Build.0 = Debug|Any CPU
		{C13ACEDA-3037-4642-AE5D-5DED561BE89F}.Debug|Any CPU.Deploy.0 = Debug|Any CPU
		{C13ACEDA-3037-4642-AE5D-5DED561BE89F}.Debug|iPhone.ActiveCfg = Debug|Any CPU
		{C13ACEDA-3037-4642-AE5D-5DED561BE89F}.Debug|iPhone.Build.0 = Debug|Any CPU
		{C13ACEDA-3037-4642-AE5D-5DED561BE89F}.Debug|iPhone.Deploy.0 = Debug|Any CPU
		{C13ACEDA-3037-4642-AE5D-5DED561BE89F}.Debug|iPhoneSimulator.ActiveCfg = Debug|Any CPU
		{C13ACEDA-3037-4642-AE5D-5DED561BE89F}.Debug|iPhoneSimulator.Build.0 = Debug|Any CPU
		{C13ACEDA-3037-4642-AE5D-5DED561BE89F}.Debug|iPhoneSimulator.Deploy.0 = Debug|Any CPU
		{C13ACEDA-3037-4642-AE5D-5DED561BE89F}.Release|Any CPU.ActiveCfg = Release|Any CPU
		{C13ACEDA-3037-4642-AE5D-5DED561BE89F}.Release|Any CPU.Build.0 = Release|Any CPU
		{C13ACEDA-3037-4642-AE5D-5DED561BE89F}.Release|Any CPU.Deploy.0 = Release|Any CPU
		{C13ACEDA-3037-4642-AE5D-5DED561BE89F}.Release|iPhone.ActiveCfg = Release|Any CPU
		{C13ACEDA-3037-4642-AE5D-5DED561BE89F}.Release|iPhone.Build.0 = Release|Any CPU
		{C13ACEDA-3037-4642-AE5D-5DED561BE89F}.Release|iPhone.Deploy.0 = Release|Any CPU
		{C13ACEDA-3037-4642-AE5D-5DED561BE89F}.Release|iPhoneSimulator.ActiveCfg = Release|Any CPU
		{C13ACEDA-3037-4642-AE5D-5DED561BE89F}.Release|iPhoneSimulator.Build.0 = Release|Any CPU
		{C13ACEDA-3037-4642-AE5D-5DED561BE89F}.Release|iPhoneSimulator.Deploy.0 = Release|Any CPU
		{7F14000C-78E3-4420-BA1E-F41F17BB3277}.Debug|Any CPU.ActiveCfg = Debug|iPhone
		{7F14000C-78E3-4420-BA1E-F41F17BB3277}.Debug|Any CPU.Build.0 = Debug|iPhone
		{7F14000C-78E3-4420-BA1E-F41F17BB3277}.Debug|Any CPU.Deploy.0 = Debug|iPhone
		{7F14000C-78E3-4420-BA1E-F41F17BB3277}.Debug|iPhone.ActiveCfg = Debug|iPhone
		{7F14000C-78E3-4420-BA1E-F41F17BB3277}.Debug|iPhone.Build.0 = Debug|iPhone
		{7F14000C-78E3-4420-BA1E-F41F17BB3277}.Debug|iPhone.Deploy.0 = Debug|iPhone
		{7F14000C-78E3-4420-BA1E-F41F17BB3277}.Debug|iPhoneSimulator.ActiveCfg = Debug|iPhoneSimulator
		{7F14000C-78E3-4420-BA1E-F41F17BB3277}.Debug|iPhoneSimulator.Build.0 = Debug|iPhoneSimulator
		{7F14000C-78E3-4420-BA1E-F41F17BB3277}.Debug|iPhoneSimulator.Deploy.0 = Debug|iPhoneSimulator
		{7F14000C-78E3-4420-BA1E-F41F17BB3277}.Release|Any CPU.ActiveCfg = Release|iPhoneSimulator
		{7F14000C-78E3-4420-BA1E-F41F17BB3277}.Release|Any CPU.Build.0 = Release|iPhoneSimulator
		{7F14000C-78E3-4420-BA1E-F41F17BB3277}.Release|Any CPU.Deploy.0 = Release|iPhoneSimulator
		{7F14000C-78E3-4420-BA1E-F41F17BB3277}.Release|iPhone.ActiveCfg = Release|iPhone
		{7F14000C-78E3-4420-BA1E-F41F17BB3277}.Release|iPhone.Build.0 = Release|iPhone
		{7F14000C-78E3-4420-BA1E-F41F17BB3277}.Release|iPhone.Deploy.0 = Release|iPhone
		{7F14000C-78E3-4420-BA1E-F41F17BB3277}.Release|iPhoneSimulator.ActiveCfg = Release|iPhoneSimulator
		{7F14000C-78E3-4420-BA1E-F41F17BB3277}.Release|iPhoneSimulator.Build.0 = Release|iPhoneSimulator
		{7F14000C-78E3-4420-BA1E-F41F17BB3277}.Release|iPhoneSimulator.Deploy.0 = Release|iPhoneSimulator
		{046370C5-8DA9-4717-9907-78C20DD8AF75}.Debug|Any CPU.ActiveCfg = Debug|Any CPU
		{046370C5-8DA9-4717-9907-78C20DD8AF75}.Debug|Any CPU.Build.0 = Debug|Any CPU
		{046370C5-8DA9-4717-9907-78C20DD8AF75}.Debug|Any CPU.Deploy.0 = Debug|Any CPU
		{046370C5-8DA9-4717-9907-78C20DD8AF75}.Debug|iPhone.ActiveCfg = Debug|Any CPU
		{046370C5-8DA9-4717-9907-78C20DD8AF75}.Debug|iPhone.Build.0 = Debug|Any CPU
		{046370C5-8DA9-4717-9907-78C20DD8AF75}.Debug|iPhone.Deploy.0 = Debug|Any CPU
		{046370C5-8DA9-4717-9907-78C20DD8AF75}.Debug|iPhoneSimulator.ActiveCfg = Debug|Any CPU
		{046370C5-8DA9-4717-9907-78C20DD8AF75}.Debug|iPhoneSimulator.Build.0 = Debug|Any CPU
		{046370C5-8DA9-4717-9907-78C20DD8AF75}.Debug|iPhoneSimulator.Deploy.0 = Debug|Any CPU
		{046370C5-8DA9-4717-9907-78C20DD8AF75}.Release|Any CPU.ActiveCfg = Release|Any CPU
		{046370C5-8DA9-4717-9907-78C20DD8AF75}.Release|Any CPU.Build.0 = Release|Any CPU
		{046370C5-8DA9-4717-9907-78C20DD8AF75}.Release|Any CPU.Deploy.0 = Release|Any CPU
		{046370C5-8DA9-4717-9907-78C20DD8AF75}.Release|iPhone.ActiveCfg = Release|Any CPU
		{046370C5-8DA9-4717-9907-78C20DD8AF75}.Release|iPhone.Build.0 = Release|Any CPU
		{046370C5-8DA9-4717-9907-78C20DD8AF75}.Release|iPhone.Deploy.0 = Release|Any CPU
		{046370C5-8DA9-4717-9907-78C20DD8AF75}.Release|iPhoneSimulator.ActiveCfg = Release|Any CPU
		{046370C5-8DA9-4717-9907-78C20DD8AF75}.Release|iPhoneSimulator.Build.0 = Release|Any CPU
		{046370C5-8DA9-4717-9907-78C20DD8AF75}.Release|iPhoneSimulator.Deploy.0 = Release|Any CPU
	EndGlobalSection
	GlobalSection(SolutionProperties) = preSolution
		HideSolutionNode = FALSE
	EndGlobalSection
	GlobalSection(ExtensibilityGlobals) = postSolution
		SolutionGuid = {79BD43F6-60ED-42B6-A2FB-FCB42D8A8946}
	EndGlobalSection
EndGlobal
